<?xml version="1.0" encoding="UTF-8"?>
<Project ToolsVersion="12.0" xmlns="http://schemas.microsoft.com/developer/msbuild/2003">
  <ItemGroup>
    <ClCompile Include="..\..\sources\modules\superres\src\btv_l1.cpp">
      <Filter>Src</Filter>
    </ClCompile>
    <ClCompile Include="..\..\sources\modules\superres\src\btv_l1_cuda.cpp">
      <Filter>Src</Filter>
    </ClCompile>
    <ClCompile Include="..\..\sources\modules\superres\src\frame_source.cpp">
      <Filter>Src</Filter>
    </ClCompile>
    <ClCompile Include="..\..\sources\modules\superres\src\input_array_utility.cpp">
      <Filter>Src</Filter>
    </ClCompile>
    <ClCompile Include="..\..\sources\modules\superres\src\optical_flow.cpp">
      <Filter>Src</Filter>
    </ClCompile>
    <ClCompile Include="..\..\sources\modules\superres\src\super_resolution.cpp">
      <Filter>Src</Filter>
    </ClCompile>
    <ClCompile Include="opencl_kernels_superres.cpp">
      <Filter>Src\opencl\kernels\autogenerated</Filter>
    </ClCompile>
    <ClCompile Include="opencv_superres_pch.cpp">
      <Filter>Source Files</Filter>
    </ClCompile>
  </ItemGroup>
  <ItemGroup>
    <ClInclude Include="..\..\sources\modules\superres\include\opencv2\superres.hpp">
      <Filter>Include\opencv2</Filter>
    </ClInclude>
    <ClInclude Include="..\..\sources\modules\superres\include\opencv2\superres\optical_flow.hpp">
      <Filter>Include\opencv2\superres</Filter>
    </ClInclude>
    <ClInclude Include="opencl_kernels_superres.hpp">
      <Filter>Src\opencl\kernels\autogenerated</Filter>
    </ClInclude>
    <ClInclude Include="..\..\sources\modules\superres\src\input_array_utility.hpp">
      <Filter>Src</Filter>
    </ClInclude>
    <ClInclude Include="..\..\sources\modules\superres\src\precomp.hpp">
      <Filter>Src</Filter>
    </ClInclude>
    <ClInclude Include="..\..\sources\modules\superres\src\ring_buffer.hpp">
      <Filter>Src</Filter>
    </ClInclude>
    <ClInclude Include="..\..\cvconfig.h">
      <Filter>Header Files</Filter>
    </ClInclude>
    <ClInclude Include="..\..\opencv2\opencv_modules.hpp">
      <Filter>Header Files</Filter>
    </ClInclude>
  </ItemGroup>
  <ItemGroup>
    <CustomBuild Include="..\..\sources\modules\superres\CMakeLists.txt" />
    <CustomBuild Include="..\..\CMakeFiles\76e7da0e56ae3a357fa584a8a6e3a019\opencl_kernels_superres.cpp.rule">
      <Filter>CMake Rules</Filter>
    </CustomBuild>
  </ItemGroup>
  <ItemGroup>
    <None Include="..\..\sources\modules\superres\src\opencl\superres_btvl1.cl">
      <Filter>Src\opencl\kernels</Filter>
    </None>
  </ItemGroup>
  <ItemGroup>
    <Filter Include="Include\opencv2\superres">
      <UniqueIdentifier>{231974DF-35CB-41AC-8F29-7D742C92AA2F}</UniqueIdentifier>
    </Filter>
    <Filter Include="Src\opencl\kernels">
      <UniqueIdentifier>{8CAB9651-B782-4E42-9D6F-1771D770D59A}</UniqueIdentifier>
    </Filter>
    <Filter Include="Src\opencl\kernels\autogenerated">
      <UniqueIdentifier>{3BF8A9D6-7A4F-4CEF-A627-2C5911F5193B}</UniqueIdentifier>
    </Filter>
    <Filter Include="Include\opencv2">
      <UniqueIdentifier>{DEB30847-EAE4-4168-8D59-8B8D4E435460}</UniqueIdentifier>
    </Filter>
    <Filter Include="Src\opencl">
      <UniqueIdentifier>{7F8ED8BD-6B98-4779-9A22-6EF6844FB42C}</UniqueIdentifier>
    </Filter>
    <Filter Include="Source Files">
      <UniqueIdentifier>{BA340DBB-835D-449C-A7B2-5CF6D613B5FA}</UniqueIdentifier>
    </Filter>
    <Filter Include="Header Files">
      <UniqueIdentifier>{F72F5855-E98D-43FA-92C0-54779C12B134}</UniqueIdentifier>
    </Filter>
    <Filter Include="CMake Rules">
      <UniqueIdentifier>{3639E6A8-FF08-40B2-A8F1-1B57D1549D44}</UniqueIdentifier>
    </Filter>
    <Filter Include="Src">
      <UniqueIdentifier>{684358A7-E10E-424F-AD6B-3EF8AE7F4512}</UniqueIdentifier>
    </Filter>
    <Filter Include="Include">
      <UniqueIdentifier>{C8A323D2-2B61-4152-BAAB-60386897AF7D}</UniqueIdentifier>
    </Filter>
  </ItemGroup>
</Project>
