<?xml version="1.0" encoding="UTF-8"?>
<Project ToolsVersion="12.0" xmlns="http://schemas.microsoft.com/developer/msbuild/2003">
  <ItemGroup>
    <ClCompile Include="..\..\sources\modules\python\src2\cv2.cpp">
      <Filter>Source Files</Filter>
    </ClCompile>
  </ItemGroup>
  <ItemGroup>
    <ClInclude Include="pyopencv_generated_include.h">
      <Filter>Header Files</Filter>
    </ClInclude>
    <ClInclude Include="pyopencv_generated_funcs.h">
      <Filter>Header Files</Filter>
    </ClInclude>
    <ClInclude Include="pyopencv_generated_types.h">
      <Filter>Header Files</Filter>
    </ClInclude>
    <ClInclude Include="pyopencv_generated_type_reg.h">
      <Filter>Header Files</Filter>
    </ClInclude>
    <ClInclude Include="pyopencv_generated_ns_reg.h">
      <Filter>Header Files</Filter>
    </ClInclude>
  </ItemGroup>
  <ItemGroup>
    <CustomBuild Include="..\..\sources\modules\python\python2\CMakeLists.txt" />
    <CustomBuild Include="..\..\CMakeFiles\fb5cf4fb0f71769eb2041a1b2777e355\pyopencv_generated_include.h.rule">
      <Filter>CMake Rules</Filter>
    </CustomBuild>
  </ItemGroup>
  <ItemGroup>
    <Filter Include="Source Files">
      <UniqueIdentifier>{BA340DBB-835D-449C-A7B2-5CF6D613B5FA}</UniqueIdentifier>
    </Filter>
    <Filter Include="Header Files">
      <UniqueIdentifier>{F72F5855-E98D-43FA-92C0-54779C12B134}</UniqueIdentifier>
    </Filter>
    <Filter Include="CMake Rules">
      <UniqueIdentifier>{3639E6A8-FF08-40B2-A8F1-1B57D1549D44}</UniqueIdentifier>
    </Filter>
  </ItemGroup>
</Project>
