<?xml version="1.0" encoding="utf-8"?>
<Project ToolsVersion="12.0" xmlns="http://schemas.microsoft.com/developer/msbuild/2003">
  <ItemGroup>
    <ClCompile Include="..\..\sources\modules\ts\src\cuda_perf.cpp">
      <Filter>Src</Filter>
    </ClCompile>
    <ClCompile Include="..\..\sources\modules\ts\src\cuda_test.cpp">
      <Filter>Src</Filter>
    </ClCompile>
    <ClCompile Include="..\..\sources\modules\ts\src\ocl_perf.cpp">
      <Filter>Src</Filter>
    </ClCompile>
    <ClCompile Include="..\..\sources\modules\ts\src\ocl_test.cpp">
      <Filter>Src</Filter>
    </ClCompile>
    <ClCompile Include="..\..\sources\modules\ts\src\ts.cpp">
      <Filter>Src</Filter>
    </ClCompile>
    <ClCompile Include="..\..\sources\modules\ts\src\ts_arrtest.cpp">
      <Filter>Src</Filter>
    </ClCompile>
    <ClCompile Include="..\..\sources\modules\ts\src\ts_func.cpp">
      <Filter>Src</Filter>
    </ClCompile>
    <ClCompile Include="..\..\sources\modules\ts\src\ts_gtest.cpp">
      <Filter>Src</Filter>
    </ClCompile>
    <ClCompile Include="..\..\sources\modules\ts\src\ts_perf.cpp">
      <Filter>Src</Filter>
    </ClCompile>
    <ClCompile Include="opencv_ts_pch.cpp">
      <Filter>Source Files</Filter>
    </ClCompile>
  </ItemGroup>
  <ItemGroup>
    <ClInclude Include="..\..\sources\modules\ts\include\opencv2\ts.hpp">
      <Filter>Include\opencv2</Filter>
    </ClInclude>
    <ClInclude Include="..\..\sources\modules\ts\include\opencv2\ts\cuda_perf.hpp">
      <Filter>Include\opencv2\ts</Filter>
    </ClInclude>
    <ClInclude Include="..\..\sources\modules\ts\include\opencv2\ts\cuda_test.hpp">
      <Filter>Include\opencv2\ts</Filter>
    </ClInclude>
    <ClInclude Include="..\..\sources\modules\ts\include\opencv2\ts\ocl_perf.hpp">
      <Filter>Include\opencv2\ts</Filter>
    </ClInclude>
    <ClInclude Include="..\..\sources\modules\ts\include\opencv2\ts\ocl_test.hpp">
      <Filter>Include\opencv2\ts</Filter>
    </ClInclude>
    <ClInclude Include="..\..\sources\modules\ts\include\opencv2\ts\ts_ext.hpp">
      <Filter>Include\opencv2\ts</Filter>
    </ClInclude>
    <ClInclude Include="..\..\sources\modules\ts\include\opencv2\ts\ts_perf.hpp">
      <Filter>Include\opencv2\ts</Filter>
    </ClInclude>
    <ClInclude Include="..\..\sources\modules\ts\include\opencv2\ts\ts_gtest.h">
      <Filter>Include\opencv2\ts</Filter>
    </ClInclude>
    <ClInclude Include="..\..\sources\modules\ts\src\precomp.hpp">
      <Filter>Src</Filter>
    </ClInclude>
    <ClInclude Include="..\..\cvconfig.h">
      <Filter>Header Files</Filter>
    </ClInclude>
    <ClInclude Include="..\..\opencv2\opencv_modules.hpp">
      <Filter>Header Files</Filter>
    </ClInclude>
  </ItemGroup>
  <ItemGroup>
    <Filter Include="Include\opencv2\ts">
      <UniqueIdentifier>{D5589624-CD9B-46DA-A53C-56E1A439A701}</UniqueIdentifier>
    </Filter>
    <Filter Include="Include\opencv2">
      <UniqueIdentifier>{DEB30847-EAE4-4168-8D59-8B8D4E435460}</UniqueIdentifier>
    </Filter>
    <Filter Include="Source Files">
      <UniqueIdentifier>{BA340DBB-835D-449C-A7B2-5CF6D613B5FA}</UniqueIdentifier>
    </Filter>
    <Filter Include="Header Files">
      <UniqueIdentifier>{F72F5855-E98D-43FA-92C0-54779C12B134}</UniqueIdentifier>
    </Filter>
    <Filter Include="Src">
      <UniqueIdentifier>{684358A7-E10E-424F-AD6B-3EF8AE7F4512}</UniqueIdentifier>
    </Filter>
    <Filter Include="Include">
      <UniqueIdentifier>{C8A323D2-2B61-4152-BAAB-60386897AF7D}</UniqueIdentifier>
    </Filter>
  </ItemGroup>
</Project>