<?xml version="1.0" encoding="UTF-8"?>
<Project ToolsVersion="12.0" xmlns="http://schemas.microsoft.com/developer/msbuild/2003">
  <ItemGroup>
    <ClCompile Include="..\..\sources\modules\core\perf\cuda\perf_gpumat.cpp">
      <Filter>Src\cuda</Filter>
    </ClCompile>
    <ClCompile Include="..\..\sources\modules\core\perf\opencl\perf_arithm.cpp">
      <Filter>Src\opencl</Filter>
    </ClCompile>
    <ClCompile Include="..\..\sources\modules\core\perf\opencl\perf_bufferpool.cpp">
      <Filter>Src\opencl</Filter>
    </ClCompile>
    <ClCompile Include="..\..\sources\modules\core\perf\opencl\perf_channels.cpp">
      <Filter>Src\opencl</Filter>
    </ClCompile>
    <ClCompile Include="..\..\sources\modules\core\perf\opencl\perf_dxt.cpp">
      <Filter>Src\opencl</Filter>
    </ClCompile>
    <ClCompile Include="..\..\sources\modules\core\perf\opencl\perf_gemm.cpp">
      <Filter>Src\opencl</Filter>
    </ClCompile>
    <ClCompile Include="..\..\sources\modules\core\perf\opencl\perf_matop.cpp">
      <Filter>Src\opencl</Filter>
    </ClCompile>
    <ClCompile Include="..\..\sources\modules\core\perf\opencl\perf_usage_flags.cpp">
      <Filter>Src\opencl</Filter>
    </ClCompile>
    <ClCompile Include="..\..\sources\modules\core\perf\perf_abs.cpp">
      <Filter>Src</Filter>
    </ClCompile>
    <ClCompile Include="..\..\sources\modules\core\perf\perf_addWeighted.cpp">
      <Filter>Src</Filter>
    </ClCompile>
    <ClCompile Include="..\..\sources\modules\core\perf\perf_arithm.cpp">
      <Filter>Src</Filter>
    </ClCompile>
    <ClCompile Include="..\..\sources\modules\core\perf\perf_bitwise.cpp">
      <Filter>Src</Filter>
    </ClCompile>
    <ClCompile Include="..\..\sources\modules\core\perf\perf_compare.cpp">
      <Filter>Src</Filter>
    </ClCompile>
    <ClCompile Include="..\..\sources\modules\core\perf\perf_convertTo.cpp">
      <Filter>Src</Filter>
    </ClCompile>
    <ClCompile Include="..\..\sources\modules\core\perf\perf_cvround.cpp">
      <Filter>Src</Filter>
    </ClCompile>
    <ClCompile Include="..\..\sources\modules\core\perf\perf_dft.cpp">
      <Filter>Src</Filter>
    </ClCompile>
    <ClCompile Include="..\..\sources\modules\core\perf\perf_dot.cpp">
      <Filter>Src</Filter>
    </ClCompile>
    <ClCompile Include="..\..\sources\modules\core\perf\perf_inRange.cpp">
      <Filter>Src</Filter>
    </ClCompile>
    <ClCompile Include="..\..\sources\modules\core\perf\perf_main.cpp">
      <Filter>Src</Filter>
    </ClCompile>
    <ClCompile Include="..\..\sources\modules\core\perf\perf_mat.cpp">
      <Filter>Src</Filter>
    </ClCompile>
    <ClCompile Include="..\..\sources\modules\core\perf\perf_math.cpp">
      <Filter>Src</Filter>
    </ClCompile>
    <ClCompile Include="..\..\sources\modules\core\perf\perf_merge.cpp">
      <Filter>Src</Filter>
    </ClCompile>
    <ClCompile Include="..\..\sources\modules\core\perf\perf_minmaxloc.cpp">
      <Filter>Src</Filter>
    </ClCompile>
    <ClCompile Include="..\..\sources\modules\core\perf\perf_norm.cpp">
      <Filter>Src</Filter>
    </ClCompile>
    <ClCompile Include="..\..\sources\modules\core\perf\perf_reduce.cpp">
      <Filter>Src</Filter>
    </ClCompile>
    <ClCompile Include="..\..\sources\modules\core\perf\perf_sort.cpp">
      <Filter>Src</Filter>
    </ClCompile>
    <ClCompile Include="..\..\sources\modules\core\perf\perf_split.cpp">
      <Filter>Src</Filter>
    </ClCompile>
    <ClCompile Include="..\..\sources\modules\core\perf\perf_stat.cpp">
      <Filter>Src</Filter>
    </ClCompile>
    <ClCompile Include="opencv_perf_core_pch.cpp">
      <Filter>Source Files</Filter>
    </ClCompile>
  </ItemGroup>
  <ItemGroup>
    <ClInclude Include="..\..\sources\modules\core\perf\perf_precomp.hpp">
      <Filter>Include</Filter>
    </ClInclude>
  </ItemGroup>
  <ItemGroup>
    <CustomBuild Include="..\..\sources\modules\core\CMakeLists.txt" />
  </ItemGroup>
  <ItemGroup>
    <Filter Include="Src\opencl">
      <UniqueIdentifier>{7F8ED8BD-6B98-4779-9A22-6EF6844FB42C}</UniqueIdentifier>
    </Filter>
    <Filter Include="Src\cuda">
      <UniqueIdentifier>{9CDCE114-1599-4675-AEA3-C5AA14004F87}</UniqueIdentifier>
    </Filter>
    <Filter Include="Source Files">
      <UniqueIdentifier>{BA340DBB-835D-449C-A7B2-5CF6D613B5FA}</UniqueIdentifier>
    </Filter>
    <Filter Include="Src">
      <UniqueIdentifier>{684358A7-E10E-424F-AD6B-3EF8AE7F4512}</UniqueIdentifier>
    </Filter>
    <Filter Include="Include">
      <UniqueIdentifier>{C8A323D2-2B61-4152-BAAB-60386897AF7D}</UniqueIdentifier>
    </Filter>
  </ItemGroup>
</Project>
