Microsoft Visual Studio Solution File, Format Version 12.00
# Visual Studio 2013
Project("{8BC9CEB8-8B4A-11D0-8D11-00A0C91BC942}") = "ALL_BUILD", "ALL_BUILD.vcxproj", "{BD70B3BA-7149-46C0-ACAB-04DCC3610A1A}"
	ProjectSection(ProjectDependencies) = postProject
		{30F3F901-90FB-4575-B557-908639508EB8} = {30F3F901-90FB-4575-B557-908639508EB8}
		{ADC3491A-646D-4389-B4ED-CF57629CB948} = {ADC3491A-646D-4389-B4ED-CF57629CB948}
		{944C09CF-ACA1-4FC2-BACA-1C613F66BC6B} = {944C09CF-ACA1-4FC2-BACA-1C613F66BC6B}
		{5D6F4653-3856-4DF1-80BB-C83864D9D721} = {5D6F4653-3856-4DF1-80BB-C83864D9D721}
		{F8A0C608-209B-44E9-BAA9-89DA3C4689E8} = {F8A0C608-209B-44E9-BAA9-89DA3C4689E8}
		{C4556761-E3A7-4AB8-9538-7D708F6DFD05} = {C4556761-E3A7-4AB8-9538-7D708F6DFD05}
		{7D634450-AAF0-4F15-98E9-FF094C81A834} = {7D634450-AAF0-4F15-98E9-FF094C81A834}
		{6531C246-3122-4D6C-BF24-57E47D2BE407} = {6531C246-3122-4D6C-BF24-57E47D2BE407}
		{F1FBC620-E971-4D15-A2E0-04AAB94CD432} = {F1FBC620-E971-4D15-A2E0-04AAB94CD432}
		{AE884E84-CE09-4AB0-AA5F-06F152BF50F5} = {AE884E84-CE09-4AB0-AA5F-06F152BF50F5}
		{EEBF7B30-48BA-4325-97E3-39C0232A56E3} = {EEBF7B30-48BA-4325-97E3-39C0232A56E3}
		{B8C26B5B-0806-4D09-87F4-FA75D616CD4D} = {B8C26B5B-0806-4D09-87F4-FA75D616CD4D}
		{0D65D456-4190-478E-8ADC-1A846928883E} = {0D65D456-4190-478E-8ADC-1A846928883E}
		{982A551E-C956-4D4A-82E6-1E03FA93EDEC} = {982A551E-C956-4D4A-82E6-1E03FA93EDEC}
		{E7778EE4-D3F5-4EB5-A918-4446615AD72D} = {E7778EE4-D3F5-4EB5-A918-4446615AD72D}
		{6750C61B-2842-470D-83D1-9A4843F7F6A6} = {6750C61B-2842-470D-83D1-9A4843F7F6A6}
		{EA4D857B-4AD4-47D1-A124-864A6D976BEB} = {EA4D857B-4AD4-47D1-A124-864A6D976BEB}
		{70AB8C07-A375-4365-BF33-F82F31E6A0C9} = {70AB8C07-A375-4365-BF33-F82F31E6A0C9}
		{EAAA8CF4-63CD-4D39-AE84-985536FD7111} = {EAAA8CF4-63CD-4D39-AE84-985536FD7111}
		{EF677814-2AF5-45B1-A58E-135D611EDF42} = {EF677814-2AF5-45B1-A58E-135D611EDF42}
		{AC977D9C-7CAD-47A5-AB4D-D38AA4BB7672} = {AC977D9C-7CAD-47A5-AB4D-D38AA4BB7672}
		{FFD05AB6-08B0-40BD-A1B4-7D4C7C801465} = {FFD05AB6-08B0-40BD-A1B4-7D4C7C801465}
		{0A75985D-740A-4550-A0DD-29B865E79BE9} = {0A75985D-740A-4550-A0DD-29B865E79BE9}
		{521D7F66-4757-4DB6-9CCD-2B3E27DADCCA} = {521D7F66-4757-4DB6-9CCD-2B3E27DADCCA}
		{5AB6CFE1-4319-44DF-9DE9-C16A64C3D04B} = {5AB6CFE1-4319-44DF-9DE9-C16A64C3D04B}
		{9B94E1FB-233D-4337-803E-ADD104561149} = {9B94E1FB-233D-4337-803E-ADD104561149}
		{B3222C16-ACE6-4E7D-8B39-EBF87A9EA5DD} = {B3222C16-ACE6-4E7D-8B39-EBF87A9EA5DD}
		{6E7C927E-9E44-4F48-A0A7-DF795B65931B} = {6E7C927E-9E44-4F48-A0A7-DF795B65931B}
		{2C862030-8002-4F7C-99DA-0B948AAB7675} = {2C862030-8002-4F7C-99DA-0B948AAB7675}
		{5EDBC3BB-91A6-4FD0-B2EB-93E921ACDD16} = {5EDBC3BB-91A6-4FD0-B2EB-93E921ACDD16}
		{659C96F9-1860-408D-B22E-806BB4E4335D} = {659C96F9-1860-408D-B22E-806BB4E4335D}
		{1228673A-C487-486B-9BC1-91DE93D984F5} = {1228673A-C487-486B-9BC1-91DE93D984F5}
		{7FC7F465-BF33-491C-8CB5-05283CEBE25A} = {7FC7F465-BF33-491C-8CB5-05283CEBE25A}
		{2963AF15-65ED-4CF1-8726-17145841D7A9} = {2963AF15-65ED-4CF1-8726-17145841D7A9}
		{0444D026-9491-4420-B72C-CFC54A3DE91A} = {0444D026-9491-4420-B72C-CFC54A3DE91A}
		{0B75DD3D-9F33-4548-92AB-A99160E387E5} = {0B75DD3D-9F33-4548-92AB-A99160E387E5}
		{8DBE5C8F-28BB-48D2-8E0C-1B136B26EADD} = {8DBE5C8F-28BB-48D2-8E0C-1B136B26EADD}
		{F41E5E8F-EA63-48C4-B96B-056B3BF630C3} = {F41E5E8F-EA63-48C4-B96B-056B3BF630C3}
		{4A68F573-D272-450A-9CD6-29CEF6070148} = {4A68F573-D272-450A-9CD6-29CEF6070148}
		{C59438C7-1FF3-4C52-A980-E69C9E76FC0C} = {C59438C7-1FF3-4C52-A980-E69C9E76FC0C}
		{A371B9CD-D1D2-42B6-BEEA-AE0B47987696} = {A371B9CD-D1D2-42B6-BEEA-AE0B47987696}
		{6096B76C-6714-4DB1-9D32-99AA6FA06A05} = {6096B76C-6714-4DB1-9D32-99AA6FA06A05}
		{824BDEA6-6AF2-4491-B3A4-AB035F48841C} = {824BDEA6-6AF2-4491-B3A4-AB035F48841C}
		{878D79FB-355F-4333-AED6-815C7AAA209D} = {878D79FB-355F-4333-AED6-815C7AAA209D}
		{F6F7528B-F973-41F6-AE8D-6007EAB0BC87} = {F6F7528B-F973-41F6-AE8D-6007EAB0BC87}
		{195EA69E-12BA-49C4-A4ED-BD251982DB76} = {195EA69E-12BA-49C4-A4ED-BD251982DB76}
		{A743C9A7-2F07-49C0-8388-342AB7C11DE0} = {A743C9A7-2F07-49C0-8388-342AB7C11DE0}
		{21881FA7-BEF2-466E-B6C3-0A055C2D9ECD} = {21881FA7-BEF2-466E-B6C3-0A055C2D9ECD}
		{33B3CE20-F528-4D65-BF74-F36EE38AB2A8} = {33B3CE20-F528-4D65-BF74-F36EE38AB2A8}
		{3ECBC6F6-E972-4DA7-A66A-3704EF96387D} = {3ECBC6F6-E972-4DA7-A66A-3704EF96387D}
		{3128BD2B-10A3-4A49-B676-E5A48CC8C54B} = {3128BD2B-10A3-4A49-B676-E5A48CC8C54B}
		{7040510D-6614-4FE8-9812-4B668D1F3710} = {7040510D-6614-4FE8-9812-4B668D1F3710}
		{991E01F4-126B-4640-B9BF-3DEE9466207F} = {991E01F4-126B-4640-B9BF-3DEE9466207F}
		{D394A291-BEDE-4059-8725-44DCD72F5946} = {D394A291-BEDE-4059-8725-44DCD72F5946}
		{8119B77A-BD93-4609-91C8-0BD1F5483888} = {8119B77A-BD93-4609-91C8-0BD1F5483888}
		{B5C17CFE-CB4A-4E36-9864-15C481E7FCCC} = {B5C17CFE-CB4A-4E36-9864-15C481E7FCCC}
		{3D5B6686-7344-43F6-8598-2E84506D42A4} = {3D5B6686-7344-43F6-8598-2E84506D42A4}
	EndProjectSection
EndProject
Project("{8BC9CEB8-8B4A-11D0-8D11-00A0C91BC942}") = "INSTALL", "INSTALL.vcxproj", "{84503B44-D712-42AC-A49C-80CE47F93DAF}"
	ProjectSection(ProjectDependencies) = postProject
		{BD70B3BA-7149-46C0-ACAB-04DCC3610A1A} = {BD70B3BA-7149-46C0-ACAB-04DCC3610A1A}
	EndProjectSection
EndProject
Project("{8BC9CEB8-8B4A-11D0-8D11-00A0C91BC942}") = "IlmImf", "3rdparty\openexr\IlmImf.vcxproj", "{30F3F901-90FB-4575-B557-908639508EB8}"
	ProjectSection(ProjectDependencies) = postProject
		{ADC3491A-646D-4389-B4ED-CF57629CB948} = {ADC3491A-646D-4389-B4ED-CF57629CB948}
		{3D5B6686-7344-43F6-8598-2E84506D42A4} = {3D5B6686-7344-43F6-8598-2E84506D42A4}
	EndProjectSection
EndProject
Project("{8BC9CEB8-8B4A-11D0-8D11-00A0C91BC942}") = "PACKAGE", "PACKAGE.vcxproj", "{747A420D-45ED-4E0B-A61C-671199306320}"
	ProjectSection(ProjectDependencies) = postProject
		{BD70B3BA-7149-46C0-ACAB-04DCC3610A1A} = {BD70B3BA-7149-46C0-ACAB-04DCC3610A1A}
	EndProjectSection
EndProject
Project("{8BC9CEB8-8B4A-11D0-8D11-00A0C91BC942}") = "ZERO_CHECK", "ZERO_CHECK.vcxproj", "{ADC3491A-646D-4389-B4ED-CF57629CB948}"
	ProjectSection(ProjectDependencies) = postProject
	EndProjectSection
EndProject
Project("{8BC9CEB8-8B4A-11D0-8D11-00A0C91BC942}") = "libjasper", "3rdparty\libjasper\libjasper.vcxproj", "{944C09CF-ACA1-4FC2-BACA-1C613F66BC6B}"
	ProjectSection(ProjectDependencies) = postProject
		{ADC3491A-646D-4389-B4ED-CF57629CB948} = {ADC3491A-646D-4389-B4ED-CF57629CB948}
	EndProjectSection
EndProject
Project("{8BC9CEB8-8B4A-11D0-8D11-00A0C91BC942}") = "libjpeg", "3rdparty\libjpeg\libjpeg.vcxproj", "{5D6F4653-3856-4DF1-80BB-C83864D9D721}"
	ProjectSection(ProjectDependencies) = postProject
		{ADC3491A-646D-4389-B4ED-CF57629CB948} = {ADC3491A-646D-4389-B4ED-CF57629CB948}
	EndProjectSection
EndProject
Project("{8BC9CEB8-8B4A-11D0-8D11-00A0C91BC942}") = "libpng", "3rdparty\libpng\libpng.vcxproj", "{F8A0C608-209B-44E9-BAA9-89DA3C4689E8}"
	ProjectSection(ProjectDependencies) = postProject
		{ADC3491A-646D-4389-B4ED-CF57629CB948} = {ADC3491A-646D-4389-B4ED-CF57629CB948}
		{3D5B6686-7344-43F6-8598-2E84506D42A4} = {3D5B6686-7344-43F6-8598-2E84506D42A4}
	EndProjectSection
EndProject
Project("{8BC9CEB8-8B4A-11D0-8D11-00A0C91BC942}") = "libtiff", "3rdparty\libtiff\libtiff.vcxproj", "{C4556761-E3A7-4AB8-9538-7D708F6DFD05}"
	ProjectSection(ProjectDependencies) = postProject
		{ADC3491A-646D-4389-B4ED-CF57629CB948} = {ADC3491A-646D-4389-B4ED-CF57629CB948}
		{3D5B6686-7344-43F6-8598-2E84506D42A4} = {3D5B6686-7344-43F6-8598-2E84506D42A4}
	EndProjectSection
EndProject
Project("{8BC9CEB8-8B4A-11D0-8D11-00A0C91BC942}") = "libwebp", "3rdparty\libwebp\libwebp.vcxproj", "{7D634450-AAF0-4F15-98E9-FF094C81A834}"
	ProjectSection(ProjectDependencies) = postProject
		{ADC3491A-646D-4389-B4ED-CF57629CB948} = {ADC3491A-646D-4389-B4ED-CF57629CB948}
	EndProjectSection
EndProject
Project("{8BC9CEB8-8B4A-11D0-8D11-00A0C91BC942}") = "opencv_annotation", "apps\annotation\opencv_annotation.vcxproj", "{6531C246-3122-4D6C-BF24-57E47D2BE407}"
	ProjectSection(ProjectDependencies) = postProject
		{ADC3491A-646D-4389-B4ED-CF57629CB948} = {ADC3491A-646D-4389-B4ED-CF57629CB948}
		{AE884E84-CE09-4AB0-AA5F-06F152BF50F5} = {AE884E84-CE09-4AB0-AA5F-06F152BF50F5}
		{982A551E-C956-4D4A-82E6-1E03FA93EDEC} = {982A551E-C956-4D4A-82E6-1E03FA93EDEC}
		{E7778EE4-D3F5-4EB5-A918-4446615AD72D} = {E7778EE4-D3F5-4EB5-A918-4446615AD72D}
		{6750C61B-2842-470D-83D1-9A4843F7F6A6} = {6750C61B-2842-470D-83D1-9A4843F7F6A6}
		{EA4D857B-4AD4-47D1-A124-864A6D976BEB} = {EA4D857B-4AD4-47D1-A124-864A6D976BEB}
		{8119B77A-BD93-4609-91C8-0BD1F5483888} = {8119B77A-BD93-4609-91C8-0BD1F5483888}
	EndProjectSection
EndProject
Project("{8BC9CEB8-8B4A-11D0-8D11-00A0C91BC942}") = "opencv_calib3d", "modules\calib3d\opencv_calib3d.vcxproj", "{F1FBC620-E971-4D15-A2E0-04AAB94CD432}"
	ProjectSection(ProjectDependencies) = postProject
		{ADC3491A-646D-4389-B4ED-CF57629CB948} = {ADC3491A-646D-4389-B4ED-CF57629CB948}
		{AE884E84-CE09-4AB0-AA5F-06F152BF50F5} = {AE884E84-CE09-4AB0-AA5F-06F152BF50F5}
		{B8C26B5B-0806-4D09-87F4-FA75D616CD4D} = {B8C26B5B-0806-4D09-87F4-FA75D616CD4D}
		{0D65D456-4190-478E-8ADC-1A846928883E} = {0D65D456-4190-478E-8ADC-1A846928883E}
		{982A551E-C956-4D4A-82E6-1E03FA93EDEC} = {982A551E-C956-4D4A-82E6-1E03FA93EDEC}
		{E7778EE4-D3F5-4EB5-A918-4446615AD72D} = {E7778EE4-D3F5-4EB5-A918-4446615AD72D}
		{6750C61B-2842-470D-83D1-9A4843F7F6A6} = {6750C61B-2842-470D-83D1-9A4843F7F6A6}
		{EA4D857B-4AD4-47D1-A124-864A6D976BEB} = {EA4D857B-4AD4-47D1-A124-864A6D976BEB}
		{70AB8C07-A375-4365-BF33-F82F31E6A0C9} = {70AB8C07-A375-4365-BF33-F82F31E6A0C9}
		{8119B77A-BD93-4609-91C8-0BD1F5483888} = {8119B77A-BD93-4609-91C8-0BD1F5483888}
	EndProjectSection
EndProject
Project("{8BC9CEB8-8B4A-11D0-8D11-00A0C91BC942}") = "opencv_calib3d_object", "modules\calib3d\opencv_calib3d_object.vcxproj", "{D0FF8179-636F-4A2C-B491-0A618C911930}"
	ProjectSection(ProjectDependencies) = postProject
		{ADC3491A-646D-4389-B4ED-CF57629CB948} = {ADC3491A-646D-4389-B4ED-CF57629CB948}
	EndProjectSection
EndProject
Project("{8BC9CEB8-8B4A-11D0-8D11-00A0C91BC942}") = "opencv_core", "modules\core\opencv_core.vcxproj", "{AE884E84-CE09-4AB0-AA5F-06F152BF50F5}"
	ProjectSection(ProjectDependencies) = postProject
		{ADC3491A-646D-4389-B4ED-CF57629CB948} = {ADC3491A-646D-4389-B4ED-CF57629CB948}
		{982A551E-C956-4D4A-82E6-1E03FA93EDEC} = {982A551E-C956-4D4A-82E6-1E03FA93EDEC}
		{3D5B6686-7344-43F6-8598-2E84506D42A4} = {3D5B6686-7344-43F6-8598-2E84506D42A4}
	EndProjectSection
EndProject
Project("{8BC9CEB8-8B4A-11D0-8D11-00A0C91BC942}") = "opencv_core_object", "modules\core\opencv_core_object.vcxproj", "{2B346D01-00AF-4ABF-BFD6-89EF1C0D2A09}"
	ProjectSection(ProjectDependencies) = postProject
		{ADC3491A-646D-4389-B4ED-CF57629CB948} = {ADC3491A-646D-4389-B4ED-CF57629CB948}
	EndProjectSection
EndProject
Project("{8BC9CEB8-8B4A-11D0-8D11-00A0C91BC942}") = "opencv_createsamples", "apps\createsamples\opencv_createsamples.vcxproj", "{EEBF7B30-48BA-4325-97E3-39C0232A56E3}"
	ProjectSection(ProjectDependencies) = postProject
		{ADC3491A-646D-4389-B4ED-CF57629CB948} = {ADC3491A-646D-4389-B4ED-CF57629CB948}
		{F1FBC620-E971-4D15-A2E0-04AAB94CD432} = {F1FBC620-E971-4D15-A2E0-04AAB94CD432}
		{AE884E84-CE09-4AB0-AA5F-06F152BF50F5} = {AE884E84-CE09-4AB0-AA5F-06F152BF50F5}
		{B8C26B5B-0806-4D09-87F4-FA75D616CD4D} = {B8C26B5B-0806-4D09-87F4-FA75D616CD4D}
		{0D65D456-4190-478E-8ADC-1A846928883E} = {0D65D456-4190-478E-8ADC-1A846928883E}
		{982A551E-C956-4D4A-82E6-1E03FA93EDEC} = {982A551E-C956-4D4A-82E6-1E03FA93EDEC}
		{E7778EE4-D3F5-4EB5-A918-4446615AD72D} = {E7778EE4-D3F5-4EB5-A918-4446615AD72D}
		{6750C61B-2842-470D-83D1-9A4843F7F6A6} = {6750C61B-2842-470D-83D1-9A4843F7F6A6}
		{EA4D857B-4AD4-47D1-A124-864A6D976BEB} = {EA4D857B-4AD4-47D1-A124-864A6D976BEB}
		{70AB8C07-A375-4365-BF33-F82F31E6A0C9} = {70AB8C07-A375-4365-BF33-F82F31E6A0C9}
		{EAAA8CF4-63CD-4D39-AE84-985536FD7111} = {EAAA8CF4-63CD-4D39-AE84-985536FD7111}
		{8119B77A-BD93-4609-91C8-0BD1F5483888} = {8119B77A-BD93-4609-91C8-0BD1F5483888}
	EndProjectSection
EndProject
Project("{8BC9CEB8-8B4A-11D0-8D11-00A0C91BC942}") = "opencv_features2d", "modules\features2d\opencv_features2d.vcxproj", "{B8C26B5B-0806-4D09-87F4-FA75D616CD4D}"
	ProjectSection(ProjectDependencies) = postProject
		{ADC3491A-646D-4389-B4ED-CF57629CB948} = {ADC3491A-646D-4389-B4ED-CF57629CB948}
		{AE884E84-CE09-4AB0-AA5F-06F152BF50F5} = {AE884E84-CE09-4AB0-AA5F-06F152BF50F5}
		{0D65D456-4190-478E-8ADC-1A846928883E} = {0D65D456-4190-478E-8ADC-1A846928883E}
		{982A551E-C956-4D4A-82E6-1E03FA93EDEC} = {982A551E-C956-4D4A-82E6-1E03FA93EDEC}
		{E7778EE4-D3F5-4EB5-A918-4446615AD72D} = {E7778EE4-D3F5-4EB5-A918-4446615AD72D}
		{6750C61B-2842-470D-83D1-9A4843F7F6A6} = {6750C61B-2842-470D-83D1-9A4843F7F6A6}
		{EA4D857B-4AD4-47D1-A124-864A6D976BEB} = {EA4D857B-4AD4-47D1-A124-864A6D976BEB}
		{70AB8C07-A375-4365-BF33-F82F31E6A0C9} = {70AB8C07-A375-4365-BF33-F82F31E6A0C9}
		{8119B77A-BD93-4609-91C8-0BD1F5483888} = {8119B77A-BD93-4609-91C8-0BD1F5483888}
	EndProjectSection
EndProject
Project("{8BC9CEB8-8B4A-11D0-8D11-00A0C91BC942}") = "opencv_features2d_object", "modules\features2d\opencv_features2d_object.vcxproj", "{FC6855F4-7A1E-488B-A254-37E788A9D722}"
	ProjectSection(ProjectDependencies) = postProject
		{ADC3491A-646D-4389-B4ED-CF57629CB948} = {ADC3491A-646D-4389-B4ED-CF57629CB948}
	EndProjectSection
EndProject
Project("{8BC9CEB8-8B4A-11D0-8D11-00A0C91BC942}") = "opencv_flann", "modules\flann\opencv_flann.vcxproj", "{0D65D456-4190-478E-8ADC-1A846928883E}"
	ProjectSection(ProjectDependencies) = postProject
		{ADC3491A-646D-4389-B4ED-CF57629CB948} = {ADC3491A-646D-4389-B4ED-CF57629CB948}
		{AE884E84-CE09-4AB0-AA5F-06F152BF50F5} = {AE884E84-CE09-4AB0-AA5F-06F152BF50F5}
		{982A551E-C956-4D4A-82E6-1E03FA93EDEC} = {982A551E-C956-4D4A-82E6-1E03FA93EDEC}
	EndProjectSection
EndProject
Project("{8BC9CEB8-8B4A-11D0-8D11-00A0C91BC942}") = "opencv_flann_object", "modules\flann\opencv_flann_object.vcxproj", "{782D8A8B-DF55-4E21-B07C-DAC9A3724DED}"
	ProjectSection(ProjectDependencies) = postProject
		{ADC3491A-646D-4389-B4ED-CF57629CB948} = {ADC3491A-646D-4389-B4ED-CF57629CB948}
	EndProjectSection
EndProject
Project("{8BC9CEB8-8B4A-11D0-8D11-00A0C91BC942}") = "opencv_hal", "modules\hal\opencv_hal.vcxproj", "{982A551E-C956-4D4A-82E6-1E03FA93EDEC}"
	ProjectSection(ProjectDependencies) = postProject
		{ADC3491A-646D-4389-B4ED-CF57629CB948} = {ADC3491A-646D-4389-B4ED-CF57629CB948}
	EndProjectSection
EndProject
Project("{8BC9CEB8-8B4A-11D0-8D11-00A0C91BC942}") = "opencv_hal_object", "modules\hal\opencv_hal_object.vcxproj", "{DB048B26-F404-4F71-8D16-6DA3C527D7D3}"
	ProjectSection(ProjectDependencies) = postProject
		{ADC3491A-646D-4389-B4ED-CF57629CB948} = {ADC3491A-646D-4389-B4ED-CF57629CB948}
	EndProjectSection
EndProject
Project("{8BC9CEB8-8B4A-11D0-8D11-00A0C91BC942}") = "opencv_highgui", "modules\highgui\opencv_highgui.vcxproj", "{E7778EE4-D3F5-4EB5-A918-4446615AD72D}"
	ProjectSection(ProjectDependencies) = postProject
		{ADC3491A-646D-4389-B4ED-CF57629CB948} = {ADC3491A-646D-4389-B4ED-CF57629CB948}
		{AE884E84-CE09-4AB0-AA5F-06F152BF50F5} = {AE884E84-CE09-4AB0-AA5F-06F152BF50F5}
		{982A551E-C956-4D4A-82E6-1E03FA93EDEC} = {982A551E-C956-4D4A-82E6-1E03FA93EDEC}
		{6750C61B-2842-470D-83D1-9A4843F7F6A6} = {6750C61B-2842-470D-83D1-9A4843F7F6A6}
		{EA4D857B-4AD4-47D1-A124-864A6D976BEB} = {EA4D857B-4AD4-47D1-A124-864A6D976BEB}
		{8119B77A-BD93-4609-91C8-0BD1F5483888} = {8119B77A-BD93-4609-91C8-0BD1F5483888}
	EndProjectSection
EndProject
Project("{8BC9CEB8-8B4A-11D0-8D11-00A0C91BC942}") = "opencv_highgui_object", "modules\highgui\opencv_highgui_object.vcxproj", "{C6AE8A44-3515-4E6D-9BE0-FD2050D4CF0B}"
	ProjectSection(ProjectDependencies) = postProject
		{ADC3491A-646D-4389-B4ED-CF57629CB948} = {ADC3491A-646D-4389-B4ED-CF57629CB948}
	EndProjectSection
EndProject
Project("{8BC9CEB8-8B4A-11D0-8D11-00A0C91BC942}") = "opencv_imgcodecs", "modules\imgcodecs\opencv_imgcodecs.vcxproj", "{6750C61B-2842-470D-83D1-9A4843F7F6A6}"
	ProjectSection(ProjectDependencies) = postProject
		{30F3F901-90FB-4575-B557-908639508EB8} = {30F3F901-90FB-4575-B557-908639508EB8}
		{ADC3491A-646D-4389-B4ED-CF57629CB948} = {ADC3491A-646D-4389-B4ED-CF57629CB948}
		{944C09CF-ACA1-4FC2-BACA-1C613F66BC6B} = {944C09CF-ACA1-4FC2-BACA-1C613F66BC6B}
		{5D6F4653-3856-4DF1-80BB-C83864D9D721} = {5D6F4653-3856-4DF1-80BB-C83864D9D721}
		{F8A0C608-209B-44E9-BAA9-89DA3C4689E8} = {F8A0C608-209B-44E9-BAA9-89DA3C4689E8}
		{C4556761-E3A7-4AB8-9538-7D708F6DFD05} = {C4556761-E3A7-4AB8-9538-7D708F6DFD05}
		{7D634450-AAF0-4F15-98E9-FF094C81A834} = {7D634450-AAF0-4F15-98E9-FF094C81A834}
		{AE884E84-CE09-4AB0-AA5F-06F152BF50F5} = {AE884E84-CE09-4AB0-AA5F-06F152BF50F5}
		{982A551E-C956-4D4A-82E6-1E03FA93EDEC} = {982A551E-C956-4D4A-82E6-1E03FA93EDEC}
		{EA4D857B-4AD4-47D1-A124-864A6D976BEB} = {EA4D857B-4AD4-47D1-A124-864A6D976BEB}
		{3D5B6686-7344-43F6-8598-2E84506D42A4} = {3D5B6686-7344-43F6-8598-2E84506D42A4}
	EndProjectSection
EndProject
Project("{8BC9CEB8-8B4A-11D0-8D11-00A0C91BC942}") = "opencv_imgcodecs_object", "modules\imgcodecs\opencv_imgcodecs_object.vcxproj", "{62776324-8BF7-4F26-8D67-8BE8B1A99D1A}"
	ProjectSection(ProjectDependencies) = postProject
		{ADC3491A-646D-4389-B4ED-CF57629CB948} = {ADC3491A-646D-4389-B4ED-CF57629CB948}
	EndProjectSection
EndProject
Project("{8BC9CEB8-8B4A-11D0-8D11-00A0C91BC942}") = "opencv_imgproc", "modules\imgproc\opencv_imgproc.vcxproj", "{EA4D857B-4AD4-47D1-A124-864A6D976BEB}"
	ProjectSection(ProjectDependencies) = postProject
		{ADC3491A-646D-4389-B4ED-CF57629CB948} = {ADC3491A-646D-4389-B4ED-CF57629CB948}
		{AE884E84-CE09-4AB0-AA5F-06F152BF50F5} = {AE884E84-CE09-4AB0-AA5F-06F152BF50F5}
		{982A551E-C956-4D4A-82E6-1E03FA93EDEC} = {982A551E-C956-4D4A-82E6-1E03FA93EDEC}
	EndProjectSection
EndProject
Project("{8BC9CEB8-8B4A-11D0-8D11-00A0C91BC942}") = "opencv_imgproc_object", "modules\imgproc\opencv_imgproc_object.vcxproj", "{F681B9C9-14B3-4EBD-93ED-F28728DC3AA2}"
	ProjectSection(ProjectDependencies) = postProject
		{ADC3491A-646D-4389-B4ED-CF57629CB948} = {ADC3491A-646D-4389-B4ED-CF57629CB948}
	EndProjectSection
EndProject
Project("{8BC9CEB8-8B4A-11D0-8D11-00A0C91BC942}") = "opencv_ml", "modules\ml\opencv_ml.vcxproj", "{70AB8C07-A375-4365-BF33-F82F31E6A0C9}"
	ProjectSection(ProjectDependencies) = postProject
		{ADC3491A-646D-4389-B4ED-CF57629CB948} = {ADC3491A-646D-4389-B4ED-CF57629CB948}
		{AE884E84-CE09-4AB0-AA5F-06F152BF50F5} = {AE884E84-CE09-4AB0-AA5F-06F152BF50F5}
		{982A551E-C956-4D4A-82E6-1E03FA93EDEC} = {982A551E-C956-4D4A-82E6-1E03FA93EDEC}
	EndProjectSection
EndProject
Project("{8BC9CEB8-8B4A-11D0-8D11-00A0C91BC942}") = "opencv_ml_object", "modules\ml\opencv_ml_object.vcxproj", "{3F6D2547-83AD-4D1A-A968-A6DCBA1A982F}"
	ProjectSection(ProjectDependencies) = postProject
		{ADC3491A-646D-4389-B4ED-CF57629CB948} = {ADC3491A-646D-4389-B4ED-CF57629CB948}
	EndProjectSection
EndProject
Project("{8BC9CEB8-8B4A-11D0-8D11-00A0C91BC942}") = "opencv_modules", "opencv_modules.vcxproj", "{3E2E2B7B-A775-4F34-83CB-7E744A9E38F9}"
	ProjectSection(ProjectDependencies) = postProject
		{ADC3491A-646D-4389-B4ED-CF57629CB948} = {ADC3491A-646D-4389-B4ED-CF57629CB948}
		{F1FBC620-E971-4D15-A2E0-04AAB94CD432} = {F1FBC620-E971-4D15-A2E0-04AAB94CD432}
		{AE884E84-CE09-4AB0-AA5F-06F152BF50F5} = {AE884E84-CE09-4AB0-AA5F-06F152BF50F5}
		{B8C26B5B-0806-4D09-87F4-FA75D616CD4D} = {B8C26B5B-0806-4D09-87F4-FA75D616CD4D}
		{0D65D456-4190-478E-8ADC-1A846928883E} = {0D65D456-4190-478E-8ADC-1A846928883E}
		{982A551E-C956-4D4A-82E6-1E03FA93EDEC} = {982A551E-C956-4D4A-82E6-1E03FA93EDEC}
		{E7778EE4-D3F5-4EB5-A918-4446615AD72D} = {E7778EE4-D3F5-4EB5-A918-4446615AD72D}
		{6750C61B-2842-470D-83D1-9A4843F7F6A6} = {6750C61B-2842-470D-83D1-9A4843F7F6A6}
		{EA4D857B-4AD4-47D1-A124-864A6D976BEB} = {EA4D857B-4AD4-47D1-A124-864A6D976BEB}
		{70AB8C07-A375-4365-BF33-F82F31E6A0C9} = {70AB8C07-A375-4365-BF33-F82F31E6A0C9}
		{EAAA8CF4-63CD-4D39-AE84-985536FD7111} = {EAAA8CF4-63CD-4D39-AE84-985536FD7111}
		{659C96F9-1860-408D-B22E-806BB4E4335D} = {659C96F9-1860-408D-B22E-806BB4E4335D}
		{2963AF15-65ED-4CF1-8726-17145841D7A9} = {2963AF15-65ED-4CF1-8726-17145841D7A9}
		{0444D026-9491-4420-B72C-CFC54A3DE91A} = {0444D026-9491-4420-B72C-CFC54A3DE91A}
		{0B75DD3D-9F33-4548-92AB-A99160E387E5} = {0B75DD3D-9F33-4548-92AB-A99160E387E5}
		{991E01F4-126B-4640-B9BF-3DEE9466207F} = {991E01F4-126B-4640-B9BF-3DEE9466207F}
		{D394A291-BEDE-4059-8725-44DCD72F5946} = {D394A291-BEDE-4059-8725-44DCD72F5946}
		{8119B77A-BD93-4609-91C8-0BD1F5483888} = {8119B77A-BD93-4609-91C8-0BD1F5483888}
		{B5C17CFE-CB4A-4E36-9864-15C481E7FCCC} = {B5C17CFE-CB4A-4E36-9864-15C481E7FCCC}
	EndProjectSection
EndProject
Project("{8BC9CEB8-8B4A-11D0-8D11-00A0C91BC942}") = "opencv_objdetect", "modules\objdetect\opencv_objdetect.vcxproj", "{EAAA8CF4-63CD-4D39-AE84-985536FD7111}"
	ProjectSection(ProjectDependencies) = postProject
		{ADC3491A-646D-4389-B4ED-CF57629CB948} = {ADC3491A-646D-4389-B4ED-CF57629CB948}
		{AE884E84-CE09-4AB0-AA5F-06F152BF50F5} = {AE884E84-CE09-4AB0-AA5F-06F152BF50F5}
		{982A551E-C956-4D4A-82E6-1E03FA93EDEC} = {982A551E-C956-4D4A-82E6-1E03FA93EDEC}
		{E7778EE4-D3F5-4EB5-A918-4446615AD72D} = {E7778EE4-D3F5-4EB5-A918-4446615AD72D}
		{6750C61B-2842-470D-83D1-9A4843F7F6A6} = {6750C61B-2842-470D-83D1-9A4843F7F6A6}
		{EA4D857B-4AD4-47D1-A124-864A6D976BEB} = {EA4D857B-4AD4-47D1-A124-864A6D976BEB}
		{70AB8C07-A375-4365-BF33-F82F31E6A0C9} = {70AB8C07-A375-4365-BF33-F82F31E6A0C9}
		{8119B77A-BD93-4609-91C8-0BD1F5483888} = {8119B77A-BD93-4609-91C8-0BD1F5483888}
	EndProjectSection
EndProject
Project("{8BC9CEB8-8B4A-11D0-8D11-00A0C91BC942}") = "opencv_objdetect_object", "modules\objdetect\opencv_objdetect_object.vcxproj", "{6A55C228-8DCB-48DF-8AAE-D26FBEAEA506}"
	ProjectSection(ProjectDependencies) = postProject
		{ADC3491A-646D-4389-B4ED-CF57629CB948} = {ADC3491A-646D-4389-B4ED-CF57629CB948}
	EndProjectSection
EndProject
Project("{8BC9CEB8-8B4A-11D0-8D11-00A0C91BC942}") = "opencv_perf_calib3d", "modules\calib3d\opencv_perf_calib3d.vcxproj", "{EF677814-2AF5-45B1-A58E-135D611EDF42}"
	ProjectSection(ProjectDependencies) = postProject
		{ADC3491A-646D-4389-B4ED-CF57629CB948} = {ADC3491A-646D-4389-B4ED-CF57629CB948}
		{F1FBC620-E971-4D15-A2E0-04AAB94CD432} = {F1FBC620-E971-4D15-A2E0-04AAB94CD432}
		{AE884E84-CE09-4AB0-AA5F-06F152BF50F5} = {AE884E84-CE09-4AB0-AA5F-06F152BF50F5}
		{B8C26B5B-0806-4D09-87F4-FA75D616CD4D} = {B8C26B5B-0806-4D09-87F4-FA75D616CD4D}
		{0D65D456-4190-478E-8ADC-1A846928883E} = {0D65D456-4190-478E-8ADC-1A846928883E}
		{982A551E-C956-4D4A-82E6-1E03FA93EDEC} = {982A551E-C956-4D4A-82E6-1E03FA93EDEC}
		{E7778EE4-D3F5-4EB5-A918-4446615AD72D} = {E7778EE4-D3F5-4EB5-A918-4446615AD72D}
		{6750C61B-2842-470D-83D1-9A4843F7F6A6} = {6750C61B-2842-470D-83D1-9A4843F7F6A6}
		{EA4D857B-4AD4-47D1-A124-864A6D976BEB} = {EA4D857B-4AD4-47D1-A124-864A6D976BEB}
		{70AB8C07-A375-4365-BF33-F82F31E6A0C9} = {70AB8C07-A375-4365-BF33-F82F31E6A0C9}
		{991E01F4-126B-4640-B9BF-3DEE9466207F} = {991E01F4-126B-4640-B9BF-3DEE9466207F}
		{8119B77A-BD93-4609-91C8-0BD1F5483888} = {8119B77A-BD93-4609-91C8-0BD1F5483888}
	EndProjectSection
EndProject
Project("{8BC9CEB8-8B4A-11D0-8D11-00A0C91BC942}") = "opencv_perf_core", "modules\core\opencv_perf_core.vcxproj", "{AC977D9C-7CAD-47A5-AB4D-D38AA4BB7672}"
	ProjectSection(ProjectDependencies) = postProject
		{ADC3491A-646D-4389-B4ED-CF57629CB948} = {ADC3491A-646D-4389-B4ED-CF57629CB948}
		{AE884E84-CE09-4AB0-AA5F-06F152BF50F5} = {AE884E84-CE09-4AB0-AA5F-06F152BF50F5}
		{982A551E-C956-4D4A-82E6-1E03FA93EDEC} = {982A551E-C956-4D4A-82E6-1E03FA93EDEC}
		{E7778EE4-D3F5-4EB5-A918-4446615AD72D} = {E7778EE4-D3F5-4EB5-A918-4446615AD72D}
		{6750C61B-2842-470D-83D1-9A4843F7F6A6} = {6750C61B-2842-470D-83D1-9A4843F7F6A6}
		{EA4D857B-4AD4-47D1-A124-864A6D976BEB} = {EA4D857B-4AD4-47D1-A124-864A6D976BEB}
		{991E01F4-126B-4640-B9BF-3DEE9466207F} = {991E01F4-126B-4640-B9BF-3DEE9466207F}
		{8119B77A-BD93-4609-91C8-0BD1F5483888} = {8119B77A-BD93-4609-91C8-0BD1F5483888}
	EndProjectSection
EndProject
Project("{8BC9CEB8-8B4A-11D0-8D11-00A0C91BC942}") = "opencv_perf_features2d", "modules\features2d\opencv_perf_features2d.vcxproj", "{FFD05AB6-08B0-40BD-A1B4-7D4C7C801465}"
	ProjectSection(ProjectDependencies) = postProject
		{ADC3491A-646D-4389-B4ED-CF57629CB948} = {ADC3491A-646D-4389-B4ED-CF57629CB948}
		{AE884E84-CE09-4AB0-AA5F-06F152BF50F5} = {AE884E84-CE09-4AB0-AA5F-06F152BF50F5}
		{B8C26B5B-0806-4D09-87F4-FA75D616CD4D} = {B8C26B5B-0806-4D09-87F4-FA75D616CD4D}
		{0D65D456-4190-478E-8ADC-1A846928883E} = {0D65D456-4190-478E-8ADC-1A846928883E}
		{982A551E-C956-4D4A-82E6-1E03FA93EDEC} = {982A551E-C956-4D4A-82E6-1E03FA93EDEC}
		{E7778EE4-D3F5-4EB5-A918-4446615AD72D} = {E7778EE4-D3F5-4EB5-A918-4446615AD72D}
		{6750C61B-2842-470D-83D1-9A4843F7F6A6} = {6750C61B-2842-470D-83D1-9A4843F7F6A6}
		{EA4D857B-4AD4-47D1-A124-864A6D976BEB} = {EA4D857B-4AD4-47D1-A124-864A6D976BEB}
		{70AB8C07-A375-4365-BF33-F82F31E6A0C9} = {70AB8C07-A375-4365-BF33-F82F31E6A0C9}
		{991E01F4-126B-4640-B9BF-3DEE9466207F} = {991E01F4-126B-4640-B9BF-3DEE9466207F}
		{8119B77A-BD93-4609-91C8-0BD1F5483888} = {8119B77A-BD93-4609-91C8-0BD1F5483888}
	EndProjectSection
EndProject
Project("{8BC9CEB8-8B4A-11D0-8D11-00A0C91BC942}") = "opencv_perf_imgcodecs", "modules\imgcodecs\opencv_perf_imgcodecs.vcxproj", "{0A75985D-740A-4550-A0DD-29B865E79BE9}"
	ProjectSection(ProjectDependencies) = postProject
		{ADC3491A-646D-4389-B4ED-CF57629CB948} = {ADC3491A-646D-4389-B4ED-CF57629CB948}
		{AE884E84-CE09-4AB0-AA5F-06F152BF50F5} = {AE884E84-CE09-4AB0-AA5F-06F152BF50F5}
		{982A551E-C956-4D4A-82E6-1E03FA93EDEC} = {982A551E-C956-4D4A-82E6-1E03FA93EDEC}
		{E7778EE4-D3F5-4EB5-A918-4446615AD72D} = {E7778EE4-D3F5-4EB5-A918-4446615AD72D}
		{6750C61B-2842-470D-83D1-9A4843F7F6A6} = {6750C61B-2842-470D-83D1-9A4843F7F6A6}
		{EA4D857B-4AD4-47D1-A124-864A6D976BEB} = {EA4D857B-4AD4-47D1-A124-864A6D976BEB}
		{991E01F4-126B-4640-B9BF-3DEE9466207F} = {991E01F4-126B-4640-B9BF-3DEE9466207F}
		{8119B77A-BD93-4609-91C8-0BD1F5483888} = {8119B77A-BD93-4609-91C8-0BD1F5483888}
	EndProjectSection
EndProject
Project("{8BC9CEB8-8B4A-11D0-8D11-00A0C91BC942}") = "opencv_perf_imgproc", "modules\imgproc\opencv_perf_imgproc.vcxproj", "{521D7F66-4757-4DB6-9CCD-2B3E27DADCCA}"
	ProjectSection(ProjectDependencies) = postProject
		{ADC3491A-646D-4389-B4ED-CF57629CB948} = {ADC3491A-646D-4389-B4ED-CF57629CB948}
		{AE884E84-CE09-4AB0-AA5F-06F152BF50F5} = {AE884E84-CE09-4AB0-AA5F-06F152BF50F5}
		{982A551E-C956-4D4A-82E6-1E03FA93EDEC} = {982A551E-C956-4D4A-82E6-1E03FA93EDEC}
		{E7778EE4-D3F5-4EB5-A918-4446615AD72D} = {E7778EE4-D3F5-4EB5-A918-4446615AD72D}
		{6750C61B-2842-470D-83D1-9A4843F7F6A6} = {6750C61B-2842-470D-83D1-9A4843F7F6A6}
		{EA4D857B-4AD4-47D1-A124-864A6D976BEB} = {EA4D857B-4AD4-47D1-A124-864A6D976BEB}
		{991E01F4-126B-4640-B9BF-3DEE9466207F} = {991E01F4-126B-4640-B9BF-3DEE9466207F}
		{8119B77A-BD93-4609-91C8-0BD1F5483888} = {8119B77A-BD93-4609-91C8-0BD1F5483888}
	EndProjectSection
EndProject
Project("{8BC9CEB8-8B4A-11D0-8D11-00A0C91BC942}") = "opencv_perf_objdetect", "modules\objdetect\opencv_perf_objdetect.vcxproj", "{5AB6CFE1-4319-44DF-9DE9-C16A64C3D04B}"
	ProjectSection(ProjectDependencies) = postProject
		{ADC3491A-646D-4389-B4ED-CF57629CB948} = {ADC3491A-646D-4389-B4ED-CF57629CB948}
		{AE884E84-CE09-4AB0-AA5F-06F152BF50F5} = {AE884E84-CE09-4AB0-AA5F-06F152BF50F5}
		{982A551E-C956-4D4A-82E6-1E03FA93EDEC} = {982A551E-C956-4D4A-82E6-1E03FA93EDEC}
		{E7778EE4-D3F5-4EB5-A918-4446615AD72D} = {E7778EE4-D3F5-4EB5-A918-4446615AD72D}
		{6750C61B-2842-470D-83D1-9A4843F7F6A6} = {6750C61B-2842-470D-83D1-9A4843F7F6A6}
		{EA4D857B-4AD4-47D1-A124-864A6D976BEB} = {EA4D857B-4AD4-47D1-A124-864A6D976BEB}
		{70AB8C07-A375-4365-BF33-F82F31E6A0C9} = {70AB8C07-A375-4365-BF33-F82F31E6A0C9}
		{EAAA8CF4-63CD-4D39-AE84-985536FD7111} = {EAAA8CF4-63CD-4D39-AE84-985536FD7111}
		{991E01F4-126B-4640-B9BF-3DEE9466207F} = {991E01F4-126B-4640-B9BF-3DEE9466207F}
		{8119B77A-BD93-4609-91C8-0BD1F5483888} = {8119B77A-BD93-4609-91C8-0BD1F5483888}
	EndProjectSection
EndProject
Project("{8BC9CEB8-8B4A-11D0-8D11-00A0C91BC942}") = "opencv_perf_photo", "modules\photo\opencv_perf_photo.vcxproj", "{9B94E1FB-233D-4337-803E-ADD104561149}"
	ProjectSection(ProjectDependencies) = postProject
		{ADC3491A-646D-4389-B4ED-CF57629CB948} = {ADC3491A-646D-4389-B4ED-CF57629CB948}
		{AE884E84-CE09-4AB0-AA5F-06F152BF50F5} = {AE884E84-CE09-4AB0-AA5F-06F152BF50F5}
		{982A551E-C956-4D4A-82E6-1E03FA93EDEC} = {982A551E-C956-4D4A-82E6-1E03FA93EDEC}
		{E7778EE4-D3F5-4EB5-A918-4446615AD72D} = {E7778EE4-D3F5-4EB5-A918-4446615AD72D}
		{6750C61B-2842-470D-83D1-9A4843F7F6A6} = {6750C61B-2842-470D-83D1-9A4843F7F6A6}
		{EA4D857B-4AD4-47D1-A124-864A6D976BEB} = {EA4D857B-4AD4-47D1-A124-864A6D976BEB}
		{659C96F9-1860-408D-B22E-806BB4E4335D} = {659C96F9-1860-408D-B22E-806BB4E4335D}
		{991E01F4-126B-4640-B9BF-3DEE9466207F} = {991E01F4-126B-4640-B9BF-3DEE9466207F}
		{8119B77A-BD93-4609-91C8-0BD1F5483888} = {8119B77A-BD93-4609-91C8-0BD1F5483888}
	EndProjectSection
EndProject
Project("{8BC9CEB8-8B4A-11D0-8D11-00A0C91BC942}") = "opencv_perf_stitching", "modules\stitching\opencv_perf_stitching.vcxproj", "{B3222C16-ACE6-4E7D-8B39-EBF87A9EA5DD}"
	ProjectSection(ProjectDependencies) = postProject
		{ADC3491A-646D-4389-B4ED-CF57629CB948} = {ADC3491A-646D-4389-B4ED-CF57629CB948}
		{F1FBC620-E971-4D15-A2E0-04AAB94CD432} = {F1FBC620-E971-4D15-A2E0-04AAB94CD432}
		{AE884E84-CE09-4AB0-AA5F-06F152BF50F5} = {AE884E84-CE09-4AB0-AA5F-06F152BF50F5}
		{B8C26B5B-0806-4D09-87F4-FA75D616CD4D} = {B8C26B5B-0806-4D09-87F4-FA75D616CD4D}
		{0D65D456-4190-478E-8ADC-1A846928883E} = {0D65D456-4190-478E-8ADC-1A846928883E}
		{982A551E-C956-4D4A-82E6-1E03FA93EDEC} = {982A551E-C956-4D4A-82E6-1E03FA93EDEC}
		{E7778EE4-D3F5-4EB5-A918-4446615AD72D} = {E7778EE4-D3F5-4EB5-A918-4446615AD72D}
		{6750C61B-2842-470D-83D1-9A4843F7F6A6} = {6750C61B-2842-470D-83D1-9A4843F7F6A6}
		{EA4D857B-4AD4-47D1-A124-864A6D976BEB} = {EA4D857B-4AD4-47D1-A124-864A6D976BEB}
		{70AB8C07-A375-4365-BF33-F82F31E6A0C9} = {70AB8C07-A375-4365-BF33-F82F31E6A0C9}
		{EAAA8CF4-63CD-4D39-AE84-985536FD7111} = {EAAA8CF4-63CD-4D39-AE84-985536FD7111}
		{0444D026-9491-4420-B72C-CFC54A3DE91A} = {0444D026-9491-4420-B72C-CFC54A3DE91A}
		{991E01F4-126B-4640-B9BF-3DEE9466207F} = {991E01F4-126B-4640-B9BF-3DEE9466207F}
		{8119B77A-BD93-4609-91C8-0BD1F5483888} = {8119B77A-BD93-4609-91C8-0BD1F5483888}
	EndProjectSection
EndProject
Project("{8BC9CEB8-8B4A-11D0-8D11-00A0C91BC942}") = "opencv_perf_superres", "modules\superres\opencv_perf_superres.vcxproj", "{6E7C927E-9E44-4F48-A0A7-DF795B65931B}"
	ProjectSection(ProjectDependencies) = postProject
		{ADC3491A-646D-4389-B4ED-CF57629CB948} = {ADC3491A-646D-4389-B4ED-CF57629CB948}
		{AE884E84-CE09-4AB0-AA5F-06F152BF50F5} = {AE884E84-CE09-4AB0-AA5F-06F152BF50F5}
		{982A551E-C956-4D4A-82E6-1E03FA93EDEC} = {982A551E-C956-4D4A-82E6-1E03FA93EDEC}
		{E7778EE4-D3F5-4EB5-A918-4446615AD72D} = {E7778EE4-D3F5-4EB5-A918-4446615AD72D}
		{6750C61B-2842-470D-83D1-9A4843F7F6A6} = {6750C61B-2842-470D-83D1-9A4843F7F6A6}
		{EA4D857B-4AD4-47D1-A124-864A6D976BEB} = {EA4D857B-4AD4-47D1-A124-864A6D976BEB}
		{0B75DD3D-9F33-4548-92AB-A99160E387E5} = {0B75DD3D-9F33-4548-92AB-A99160E387E5}
		{991E01F4-126B-4640-B9BF-3DEE9466207F} = {991E01F4-126B-4640-B9BF-3DEE9466207F}
		{D394A291-BEDE-4059-8725-44DCD72F5946} = {D394A291-BEDE-4059-8725-44DCD72F5946}
		{8119B77A-BD93-4609-91C8-0BD1F5483888} = {8119B77A-BD93-4609-91C8-0BD1F5483888}
	EndProjectSection
EndProject
Project("{8BC9CEB8-8B4A-11D0-8D11-00A0C91BC942}") = "opencv_perf_tests", "opencv_perf_tests.vcxproj", "{0C8CE0D8-B3C4-472E-BC59-8903D86226A6}"
	ProjectSection(ProjectDependencies) = postProject
		{ADC3491A-646D-4389-B4ED-CF57629CB948} = {ADC3491A-646D-4389-B4ED-CF57629CB948}
		{EF677814-2AF5-45B1-A58E-135D611EDF42} = {EF677814-2AF5-45B1-A58E-135D611EDF42}
		{AC977D9C-7CAD-47A5-AB4D-D38AA4BB7672} = {AC977D9C-7CAD-47A5-AB4D-D38AA4BB7672}
		{FFD05AB6-08B0-40BD-A1B4-7D4C7C801465} = {FFD05AB6-08B0-40BD-A1B4-7D4C7C801465}
		{0A75985D-740A-4550-A0DD-29B865E79BE9} = {0A75985D-740A-4550-A0DD-29B865E79BE9}
		{521D7F66-4757-4DB6-9CCD-2B3E27DADCCA} = {521D7F66-4757-4DB6-9CCD-2B3E27DADCCA}
		{5AB6CFE1-4319-44DF-9DE9-C16A64C3D04B} = {5AB6CFE1-4319-44DF-9DE9-C16A64C3D04B}
		{9B94E1FB-233D-4337-803E-ADD104561149} = {9B94E1FB-233D-4337-803E-ADD104561149}
		{B3222C16-ACE6-4E7D-8B39-EBF87A9EA5DD} = {B3222C16-ACE6-4E7D-8B39-EBF87A9EA5DD}
		{6E7C927E-9E44-4F48-A0A7-DF795B65931B} = {6E7C927E-9E44-4F48-A0A7-DF795B65931B}
		{2C862030-8002-4F7C-99DA-0B948AAB7675} = {2C862030-8002-4F7C-99DA-0B948AAB7675}
		{5EDBC3BB-91A6-4FD0-B2EB-93E921ACDD16} = {5EDBC3BB-91A6-4FD0-B2EB-93E921ACDD16}
	EndProjectSection
EndProject
Project("{8BC9CEB8-8B4A-11D0-8D11-00A0C91BC942}") = "opencv_perf_video", "modules\video\opencv_perf_video.vcxproj", "{2C862030-8002-4F7C-99DA-0B948AAB7675}"
	ProjectSection(ProjectDependencies) = postProject
		{ADC3491A-646D-4389-B4ED-CF57629CB948} = {ADC3491A-646D-4389-B4ED-CF57629CB948}
		{AE884E84-CE09-4AB0-AA5F-06F152BF50F5} = {AE884E84-CE09-4AB0-AA5F-06F152BF50F5}
		{982A551E-C956-4D4A-82E6-1E03FA93EDEC} = {982A551E-C956-4D4A-82E6-1E03FA93EDEC}
		{E7778EE4-D3F5-4EB5-A918-4446615AD72D} = {E7778EE4-D3F5-4EB5-A918-4446615AD72D}
		{6750C61B-2842-470D-83D1-9A4843F7F6A6} = {6750C61B-2842-470D-83D1-9A4843F7F6A6}
		{EA4D857B-4AD4-47D1-A124-864A6D976BEB} = {EA4D857B-4AD4-47D1-A124-864A6D976BEB}
		{991E01F4-126B-4640-B9BF-3DEE9466207F} = {991E01F4-126B-4640-B9BF-3DEE9466207F}
		{D394A291-BEDE-4059-8725-44DCD72F5946} = {D394A291-BEDE-4059-8725-44DCD72F5946}
		{8119B77A-BD93-4609-91C8-0BD1F5483888} = {8119B77A-BD93-4609-91C8-0BD1F5483888}
	EndProjectSection
EndProject
Project("{8BC9CEB8-8B4A-11D0-8D11-00A0C91BC942}") = "opencv_perf_videoio", "modules\videoio\opencv_perf_videoio.vcxproj", "{5EDBC3BB-91A6-4FD0-B2EB-93E921ACDD16}"
	ProjectSection(ProjectDependencies) = postProject
		{ADC3491A-646D-4389-B4ED-CF57629CB948} = {ADC3491A-646D-4389-B4ED-CF57629CB948}
		{AE884E84-CE09-4AB0-AA5F-06F152BF50F5} = {AE884E84-CE09-4AB0-AA5F-06F152BF50F5}
		{982A551E-C956-4D4A-82E6-1E03FA93EDEC} = {982A551E-C956-4D4A-82E6-1E03FA93EDEC}
		{E7778EE4-D3F5-4EB5-A918-4446615AD72D} = {E7778EE4-D3F5-4EB5-A918-4446615AD72D}
		{6750C61B-2842-470D-83D1-9A4843F7F6A6} = {6750C61B-2842-470D-83D1-9A4843F7F6A6}
		{EA4D857B-4AD4-47D1-A124-864A6D976BEB} = {EA4D857B-4AD4-47D1-A124-864A6D976BEB}
		{991E01F4-126B-4640-B9BF-3DEE9466207F} = {991E01F4-126B-4640-B9BF-3DEE9466207F}
		{8119B77A-BD93-4609-91C8-0BD1F5483888} = {8119B77A-BD93-4609-91C8-0BD1F5483888}
	EndProjectSection
EndProject
Project("{8BC9CEB8-8B4A-11D0-8D11-00A0C91BC942}") = "opencv_photo", "modules\photo\opencv_photo.vcxproj", "{659C96F9-1860-408D-B22E-806BB4E4335D}"
	ProjectSection(ProjectDependencies) = postProject
		{ADC3491A-646D-4389-B4ED-CF57629CB948} = {ADC3491A-646D-4389-B4ED-CF57629CB948}
		{AE884E84-CE09-4AB0-AA5F-06F152BF50F5} = {AE884E84-CE09-4AB0-AA5F-06F152BF50F5}
		{982A551E-C956-4D4A-82E6-1E03FA93EDEC} = {982A551E-C956-4D4A-82E6-1E03FA93EDEC}
		{EA4D857B-4AD4-47D1-A124-864A6D976BEB} = {EA4D857B-4AD4-47D1-A124-864A6D976BEB}
	EndProjectSection
EndProject
Project("{8BC9CEB8-8B4A-11D0-8D11-00A0C91BC942}") = "opencv_photo_object", "modules\photo\opencv_photo_object.vcxproj", "{CE24BB08-F7BC-4377-8E57-D0A7EBCEC9F1}"
	ProjectSection(ProjectDependencies) = postProject
		{ADC3491A-646D-4389-B4ED-CF57629CB948} = {ADC3491A-646D-4389-B4ED-CF57629CB948}
	EndProjectSection
EndProject
Project("{8BC9CEB8-8B4A-11D0-8D11-00A0C91BC942}") = "opencv_python2", "modules\python2\opencv_python2.vcxproj", "{1228673A-C487-486B-9BC1-91DE93D984F5}"
	ProjectSection(ProjectDependencies) = postProject
		{ADC3491A-646D-4389-B4ED-CF57629CB948} = {ADC3491A-646D-4389-B4ED-CF57629CB948}
		{F1FBC620-E971-4D15-A2E0-04AAB94CD432} = {F1FBC620-E971-4D15-A2E0-04AAB94CD432}
		{AE884E84-CE09-4AB0-AA5F-06F152BF50F5} = {AE884E84-CE09-4AB0-AA5F-06F152BF50F5}
		{B8C26B5B-0806-4D09-87F4-FA75D616CD4D} = {B8C26B5B-0806-4D09-87F4-FA75D616CD4D}
		{0D65D456-4190-478E-8ADC-1A846928883E} = {0D65D456-4190-478E-8ADC-1A846928883E}
		{982A551E-C956-4D4A-82E6-1E03FA93EDEC} = {982A551E-C956-4D4A-82E6-1E03FA93EDEC}
		{E7778EE4-D3F5-4EB5-A918-4446615AD72D} = {E7778EE4-D3F5-4EB5-A918-4446615AD72D}
		{6750C61B-2842-470D-83D1-9A4843F7F6A6} = {6750C61B-2842-470D-83D1-9A4843F7F6A6}
		{EA4D857B-4AD4-47D1-A124-864A6D976BEB} = {EA4D857B-4AD4-47D1-A124-864A6D976BEB}
		{70AB8C07-A375-4365-BF33-F82F31E6A0C9} = {70AB8C07-A375-4365-BF33-F82F31E6A0C9}
		{EAAA8CF4-63CD-4D39-AE84-985536FD7111} = {EAAA8CF4-63CD-4D39-AE84-985536FD7111}
		{659C96F9-1860-408D-B22E-806BB4E4335D} = {659C96F9-1860-408D-B22E-806BB4E4335D}
		{2963AF15-65ED-4CF1-8726-17145841D7A9} = {2963AF15-65ED-4CF1-8726-17145841D7A9}
		{0444D026-9491-4420-B72C-CFC54A3DE91A} = {0444D026-9491-4420-B72C-CFC54A3DE91A}
		{0B75DD3D-9F33-4548-92AB-A99160E387E5} = {0B75DD3D-9F33-4548-92AB-A99160E387E5}
		{D394A291-BEDE-4059-8725-44DCD72F5946} = {D394A291-BEDE-4059-8725-44DCD72F5946}
		{8119B77A-BD93-4609-91C8-0BD1F5483888} = {8119B77A-BD93-4609-91C8-0BD1F5483888}
		{B5C17CFE-CB4A-4E36-9864-15C481E7FCCC} = {B5C17CFE-CB4A-4E36-9864-15C481E7FCCC}
	EndProjectSection
EndProject
Project("{8BC9CEB8-8B4A-11D0-8D11-00A0C91BC942}") = "opencv_python3", "modules\python3\opencv_python3.vcxproj", "{7FC7F465-BF33-491C-8CB5-05283CEBE25A}"
	ProjectSection(ProjectDependencies) = postProject
		{ADC3491A-646D-4389-B4ED-CF57629CB948} = {ADC3491A-646D-4389-B4ED-CF57629CB948}
		{F1FBC620-E971-4D15-A2E0-04AAB94CD432} = {F1FBC620-E971-4D15-A2E0-04AAB94CD432}
		{AE884E84-CE09-4AB0-AA5F-06F152BF50F5} = {AE884E84-CE09-4AB0-AA5F-06F152BF50F5}
		{B8C26B5B-0806-4D09-87F4-FA75D616CD4D} = {B8C26B5B-0806-4D09-87F4-FA75D616CD4D}
		{0D65D456-4190-478E-8ADC-1A846928883E} = {0D65D456-4190-478E-8ADC-1A846928883E}
		{982A551E-C956-4D4A-82E6-1E03FA93EDEC} = {982A551E-C956-4D4A-82E6-1E03FA93EDEC}
		{E7778EE4-D3F5-4EB5-A918-4446615AD72D} = {E7778EE4-D3F5-4EB5-A918-4446615AD72D}
		{6750C61B-2842-470D-83D1-9A4843F7F6A6} = {6750C61B-2842-470D-83D1-9A4843F7F6A6}
		{EA4D857B-4AD4-47D1-A124-864A6D976BEB} = {EA4D857B-4AD4-47D1-A124-864A6D976BEB}
		{70AB8C07-A375-4365-BF33-F82F31E6A0C9} = {70AB8C07-A375-4365-BF33-F82F31E6A0C9}
		{EAAA8CF4-63CD-4D39-AE84-985536FD7111} = {EAAA8CF4-63CD-4D39-AE84-985536FD7111}
		{659C96F9-1860-408D-B22E-806BB4E4335D} = {659C96F9-1860-408D-B22E-806BB4E4335D}
		{2963AF15-65ED-4CF1-8726-17145841D7A9} = {2963AF15-65ED-4CF1-8726-17145841D7A9}
		{0444D026-9491-4420-B72C-CFC54A3DE91A} = {0444D026-9491-4420-B72C-CFC54A3DE91A}
		{0B75DD3D-9F33-4548-92AB-A99160E387E5} = {0B75DD3D-9F33-4548-92AB-A99160E387E5}
		{D394A291-BEDE-4059-8725-44DCD72F5946} = {D394A291-BEDE-4059-8725-44DCD72F5946}
		{8119B77A-BD93-4609-91C8-0BD1F5483888} = {8119B77A-BD93-4609-91C8-0BD1F5483888}
		{B5C17CFE-CB4A-4E36-9864-15C481E7FCCC} = {B5C17CFE-CB4A-4E36-9864-15C481E7FCCC}
	EndProjectSection
EndProject
Project("{8BC9CEB8-8B4A-11D0-8D11-00A0C91BC942}") = "opencv_shape", "modules\shape\opencv_shape.vcxproj", "{2963AF15-65ED-4CF1-8726-17145841D7A9}"
	ProjectSection(ProjectDependencies) = postProject
		{ADC3491A-646D-4389-B4ED-CF57629CB948} = {ADC3491A-646D-4389-B4ED-CF57629CB948}
		{AE884E84-CE09-4AB0-AA5F-06F152BF50F5} = {AE884E84-CE09-4AB0-AA5F-06F152BF50F5}
		{982A551E-C956-4D4A-82E6-1E03FA93EDEC} = {982A551E-C956-4D4A-82E6-1E03FA93EDEC}
		{EA4D857B-4AD4-47D1-A124-864A6D976BEB} = {EA4D857B-4AD4-47D1-A124-864A6D976BEB}
		{D394A291-BEDE-4059-8725-44DCD72F5946} = {D394A291-BEDE-4059-8725-44DCD72F5946}
	EndProjectSection
EndProject
Project("{8BC9CEB8-8B4A-11D0-8D11-00A0C91BC942}") = "opencv_shape_object", "modules\shape\opencv_shape_object.vcxproj", "{ED047FFF-1FFE-44AB-B5F9-EA0762BD214E}"
	ProjectSection(ProjectDependencies) = postProject
		{ADC3491A-646D-4389-B4ED-CF57629CB948} = {ADC3491A-646D-4389-B4ED-CF57629CB948}
	EndProjectSection
EndProject
Project("{8BC9CEB8-8B4A-11D0-8D11-00A0C91BC942}") = "opencv_stitching", "modules\stitching\opencv_stitching.vcxproj", "{0444D026-9491-4420-B72C-CFC54A3DE91A}"
	ProjectSection(ProjectDependencies) = postProject
		{ADC3491A-646D-4389-B4ED-CF57629CB948} = {ADC3491A-646D-4389-B4ED-CF57629CB948}
		{F1FBC620-E971-4D15-A2E0-04AAB94CD432} = {F1FBC620-E971-4D15-A2E0-04AAB94CD432}
		{AE884E84-CE09-4AB0-AA5F-06F152BF50F5} = {AE884E84-CE09-4AB0-AA5F-06F152BF50F5}
		{B8C26B5B-0806-4D09-87F4-FA75D616CD4D} = {B8C26B5B-0806-4D09-87F4-FA75D616CD4D}
		{0D65D456-4190-478E-8ADC-1A846928883E} = {0D65D456-4190-478E-8ADC-1A846928883E}
		{982A551E-C956-4D4A-82E6-1E03FA93EDEC} = {982A551E-C956-4D4A-82E6-1E03FA93EDEC}
		{E7778EE4-D3F5-4EB5-A918-4446615AD72D} = {E7778EE4-D3F5-4EB5-A918-4446615AD72D}
		{6750C61B-2842-470D-83D1-9A4843F7F6A6} = {6750C61B-2842-470D-83D1-9A4843F7F6A6}
		{EA4D857B-4AD4-47D1-A124-864A6D976BEB} = {EA4D857B-4AD4-47D1-A124-864A6D976BEB}
		{70AB8C07-A375-4365-BF33-F82F31E6A0C9} = {70AB8C07-A375-4365-BF33-F82F31E6A0C9}
		{EAAA8CF4-63CD-4D39-AE84-985536FD7111} = {EAAA8CF4-63CD-4D39-AE84-985536FD7111}
		{8119B77A-BD93-4609-91C8-0BD1F5483888} = {8119B77A-BD93-4609-91C8-0BD1F5483888}
	EndProjectSection
EndProject
Project("{8BC9CEB8-8B4A-11D0-8D11-00A0C91BC942}") = "opencv_stitching_object", "modules\stitching\opencv_stitching_object.vcxproj", "{A2306773-E15C-4CE3-9285-7F294AA89E01}"
	ProjectSection(ProjectDependencies) = postProject
		{ADC3491A-646D-4389-B4ED-CF57629CB948} = {ADC3491A-646D-4389-B4ED-CF57629CB948}
	EndProjectSection
EndProject
Project("{8BC9CEB8-8B4A-11D0-8D11-00A0C91BC942}") = "opencv_superres", "modules\superres\opencv_superres.vcxproj", "{0B75DD3D-9F33-4548-92AB-A99160E387E5}"
	ProjectSection(ProjectDependencies) = postProject
		{ADC3491A-646D-4389-B4ED-CF57629CB948} = {ADC3491A-646D-4389-B4ED-CF57629CB948}
		{AE884E84-CE09-4AB0-AA5F-06F152BF50F5} = {AE884E84-CE09-4AB0-AA5F-06F152BF50F5}
		{982A551E-C956-4D4A-82E6-1E03FA93EDEC} = {982A551E-C956-4D4A-82E6-1E03FA93EDEC}
		{6750C61B-2842-470D-83D1-9A4843F7F6A6} = {6750C61B-2842-470D-83D1-9A4843F7F6A6}
		{EA4D857B-4AD4-47D1-A124-864A6D976BEB} = {EA4D857B-4AD4-47D1-A124-864A6D976BEB}
		{D394A291-BEDE-4059-8725-44DCD72F5946} = {D394A291-BEDE-4059-8725-44DCD72F5946}
		{8119B77A-BD93-4609-91C8-0BD1F5483888} = {8119B77A-BD93-4609-91C8-0BD1F5483888}
	EndProjectSection
EndProject
Project("{8BC9CEB8-8B4A-11D0-8D11-00A0C91BC942}") = "opencv_superres_object", "modules\superres\opencv_superres_object.vcxproj", "{74DB1DA7-509B-4835-B839-F38A79BC7B36}"
	ProjectSection(ProjectDependencies) = postProject
		{ADC3491A-646D-4389-B4ED-CF57629CB948} = {ADC3491A-646D-4389-B4ED-CF57629CB948}
	EndProjectSection
EndProject
Project("{8BC9CEB8-8B4A-11D0-8D11-00A0C91BC942}") = "opencv_test_calib3d", "modules\calib3d\opencv_test_calib3d.vcxproj", "{8DBE5C8F-28BB-48D2-8E0C-1B136B26EADD}"
	ProjectSection(ProjectDependencies) = postProject
		{ADC3491A-646D-4389-B4ED-CF57629CB948} = {ADC3491A-646D-4389-B4ED-CF57629CB948}
		{F1FBC620-E971-4D15-A2E0-04AAB94CD432} = {F1FBC620-E971-4D15-A2E0-04AAB94CD432}
		{AE884E84-CE09-4AB0-AA5F-06F152BF50F5} = {AE884E84-CE09-4AB0-AA5F-06F152BF50F5}
		{B8C26B5B-0806-4D09-87F4-FA75D616CD4D} = {B8C26B5B-0806-4D09-87F4-FA75D616CD4D}
		{0D65D456-4190-478E-8ADC-1A846928883E} = {0D65D456-4190-478E-8ADC-1A846928883E}
		{982A551E-C956-4D4A-82E6-1E03FA93EDEC} = {982A551E-C956-4D4A-82E6-1E03FA93EDEC}
		{E7778EE4-D3F5-4EB5-A918-4446615AD72D} = {E7778EE4-D3F5-4EB5-A918-4446615AD72D}
		{6750C61B-2842-470D-83D1-9A4843F7F6A6} = {6750C61B-2842-470D-83D1-9A4843F7F6A6}
		{EA4D857B-4AD4-47D1-A124-864A6D976BEB} = {EA4D857B-4AD4-47D1-A124-864A6D976BEB}
		{70AB8C07-A375-4365-BF33-F82F31E6A0C9} = {70AB8C07-A375-4365-BF33-F82F31E6A0C9}
		{991E01F4-126B-4640-B9BF-3DEE9466207F} = {991E01F4-126B-4640-B9BF-3DEE9466207F}
		{8119B77A-BD93-4609-91C8-0BD1F5483888} = {8119B77A-BD93-4609-91C8-0BD1F5483888}
	EndProjectSection
EndProject
Project("{8BC9CEB8-8B4A-11D0-8D11-00A0C91BC942}") = "opencv_test_core", "modules\core\opencv_test_core.vcxproj", "{F41E5E8F-EA63-48C4-B96B-056B3BF630C3}"
	ProjectSection(ProjectDependencies) = postProject
		{ADC3491A-646D-4389-B4ED-CF57629CB948} = {ADC3491A-646D-4389-B4ED-CF57629CB948}
		{AE884E84-CE09-4AB0-AA5F-06F152BF50F5} = {AE884E84-CE09-4AB0-AA5F-06F152BF50F5}
		{982A551E-C956-4D4A-82E6-1E03FA93EDEC} = {982A551E-C956-4D4A-82E6-1E03FA93EDEC}
		{E7778EE4-D3F5-4EB5-A918-4446615AD72D} = {E7778EE4-D3F5-4EB5-A918-4446615AD72D}
		{6750C61B-2842-470D-83D1-9A4843F7F6A6} = {6750C61B-2842-470D-83D1-9A4843F7F6A6}
		{EA4D857B-4AD4-47D1-A124-864A6D976BEB} = {EA4D857B-4AD4-47D1-A124-864A6D976BEB}
		{991E01F4-126B-4640-B9BF-3DEE9466207F} = {991E01F4-126B-4640-B9BF-3DEE9466207F}
		{8119B77A-BD93-4609-91C8-0BD1F5483888} = {8119B77A-BD93-4609-91C8-0BD1F5483888}
	EndProjectSection
EndProject
Project("{8BC9CEB8-8B4A-11D0-8D11-00A0C91BC942}") = "opencv_test_features2d", "modules\features2d\opencv_test_features2d.vcxproj", "{4A68F573-D272-450A-9CD6-29CEF6070148}"
	ProjectSection(ProjectDependencies) = postProject
		{ADC3491A-646D-4389-B4ED-CF57629CB948} = {ADC3491A-646D-4389-B4ED-CF57629CB948}
		{AE884E84-CE09-4AB0-AA5F-06F152BF50F5} = {AE884E84-CE09-4AB0-AA5F-06F152BF50F5}
		{B8C26B5B-0806-4D09-87F4-FA75D616CD4D} = {B8C26B5B-0806-4D09-87F4-FA75D616CD4D}
		{0D65D456-4190-478E-8ADC-1A846928883E} = {0D65D456-4190-478E-8ADC-1A846928883E}
		{982A551E-C956-4D4A-82E6-1E03FA93EDEC} = {982A551E-C956-4D4A-82E6-1E03FA93EDEC}
		{E7778EE4-D3F5-4EB5-A918-4446615AD72D} = {E7778EE4-D3F5-4EB5-A918-4446615AD72D}
		{6750C61B-2842-470D-83D1-9A4843F7F6A6} = {6750C61B-2842-470D-83D1-9A4843F7F6A6}
		{EA4D857B-4AD4-47D1-A124-864A6D976BEB} = {EA4D857B-4AD4-47D1-A124-864A6D976BEB}
		{70AB8C07-A375-4365-BF33-F82F31E6A0C9} = {70AB8C07-A375-4365-BF33-F82F31E6A0C9}
		{991E01F4-126B-4640-B9BF-3DEE9466207F} = {991E01F4-126B-4640-B9BF-3DEE9466207F}
		{8119B77A-BD93-4609-91C8-0BD1F5483888} = {8119B77A-BD93-4609-91C8-0BD1F5483888}
	EndProjectSection
EndProject
Project("{8BC9CEB8-8B4A-11D0-8D11-00A0C91BC942}") = "opencv_test_flann", "modules\flann\opencv_test_flann.vcxproj", "{C59438C7-1FF3-4C52-A980-E69C9E76FC0C}"
	ProjectSection(ProjectDependencies) = postProject
		{ADC3491A-646D-4389-B4ED-CF57629CB948} = {ADC3491A-646D-4389-B4ED-CF57629CB948}
		{AE884E84-CE09-4AB0-AA5F-06F152BF50F5} = {AE884E84-CE09-4AB0-AA5F-06F152BF50F5}
		{0D65D456-4190-478E-8ADC-1A846928883E} = {0D65D456-4190-478E-8ADC-1A846928883E}
		{982A551E-C956-4D4A-82E6-1E03FA93EDEC} = {982A551E-C956-4D4A-82E6-1E03FA93EDEC}
		{E7778EE4-D3F5-4EB5-A918-4446615AD72D} = {E7778EE4-D3F5-4EB5-A918-4446615AD72D}
		{6750C61B-2842-470D-83D1-9A4843F7F6A6} = {6750C61B-2842-470D-83D1-9A4843F7F6A6}
		{EA4D857B-4AD4-47D1-A124-864A6D976BEB} = {EA4D857B-4AD4-47D1-A124-864A6D976BEB}
		{991E01F4-126B-4640-B9BF-3DEE9466207F} = {991E01F4-126B-4640-B9BF-3DEE9466207F}
		{8119B77A-BD93-4609-91C8-0BD1F5483888} = {8119B77A-BD93-4609-91C8-0BD1F5483888}
	EndProjectSection
EndProject
Project("{8BC9CEB8-8B4A-11D0-8D11-00A0C91BC942}") = "opencv_test_highgui", "modules\highgui\opencv_test_highgui.vcxproj", "{A371B9CD-D1D2-42B6-BEEA-AE0B47987696}"
	ProjectSection(ProjectDependencies) = postProject
		{ADC3491A-646D-4389-B4ED-CF57629CB948} = {ADC3491A-646D-4389-B4ED-CF57629CB948}
		{AE884E84-CE09-4AB0-AA5F-06F152BF50F5} = {AE884E84-CE09-4AB0-AA5F-06F152BF50F5}
		{982A551E-C956-4D4A-82E6-1E03FA93EDEC} = {982A551E-C956-4D4A-82E6-1E03FA93EDEC}
		{E7778EE4-D3F5-4EB5-A918-4446615AD72D} = {E7778EE4-D3F5-4EB5-A918-4446615AD72D}
		{6750C61B-2842-470D-83D1-9A4843F7F6A6} = {6750C61B-2842-470D-83D1-9A4843F7F6A6}
		{EA4D857B-4AD4-47D1-A124-864A6D976BEB} = {EA4D857B-4AD4-47D1-A124-864A6D976BEB}
		{991E01F4-126B-4640-B9BF-3DEE9466207F} = {991E01F4-126B-4640-B9BF-3DEE9466207F}
		{8119B77A-BD93-4609-91C8-0BD1F5483888} = {8119B77A-BD93-4609-91C8-0BD1F5483888}
	EndProjectSection
EndProject
Project("{8BC9CEB8-8B4A-11D0-8D11-00A0C91BC942}") = "opencv_test_imgcodecs", "modules\imgcodecs\opencv_test_imgcodecs.vcxproj", "{6096B76C-6714-4DB1-9D32-99AA6FA06A05}"
	ProjectSection(ProjectDependencies) = postProject
		{ADC3491A-646D-4389-B4ED-CF57629CB948} = {ADC3491A-646D-4389-B4ED-CF57629CB948}
		{AE884E84-CE09-4AB0-AA5F-06F152BF50F5} = {AE884E84-CE09-4AB0-AA5F-06F152BF50F5}
		{982A551E-C956-4D4A-82E6-1E03FA93EDEC} = {982A551E-C956-4D4A-82E6-1E03FA93EDEC}
		{E7778EE4-D3F5-4EB5-A918-4446615AD72D} = {E7778EE4-D3F5-4EB5-A918-4446615AD72D}
		{6750C61B-2842-470D-83D1-9A4843F7F6A6} = {6750C61B-2842-470D-83D1-9A4843F7F6A6}
		{EA4D857B-4AD4-47D1-A124-864A6D976BEB} = {EA4D857B-4AD4-47D1-A124-864A6D976BEB}
		{991E01F4-126B-4640-B9BF-3DEE9466207F} = {991E01F4-126B-4640-B9BF-3DEE9466207F}
		{8119B77A-BD93-4609-91C8-0BD1F5483888} = {8119B77A-BD93-4609-91C8-0BD1F5483888}
	EndProjectSection
EndProject
Project("{8BC9CEB8-8B4A-11D0-8D11-00A0C91BC942}") = "opencv_test_imgproc", "modules\imgproc\opencv_test_imgproc.vcxproj", "{824BDEA6-6AF2-4491-B3A4-AB035F48841C}"
	ProjectSection(ProjectDependencies) = postProject
		{ADC3491A-646D-4389-B4ED-CF57629CB948} = {ADC3491A-646D-4389-B4ED-CF57629CB948}
		{AE884E84-CE09-4AB0-AA5F-06F152BF50F5} = {AE884E84-CE09-4AB0-AA5F-06F152BF50F5}
		{982A551E-C956-4D4A-82E6-1E03FA93EDEC} = {982A551E-C956-4D4A-82E6-1E03FA93EDEC}
		{E7778EE4-D3F5-4EB5-A918-4446615AD72D} = {E7778EE4-D3F5-4EB5-A918-4446615AD72D}
		{6750C61B-2842-470D-83D1-9A4843F7F6A6} = {6750C61B-2842-470D-83D1-9A4843F7F6A6}
		{EA4D857B-4AD4-47D1-A124-864A6D976BEB} = {EA4D857B-4AD4-47D1-A124-864A6D976BEB}
		{991E01F4-126B-4640-B9BF-3DEE9466207F} = {991E01F4-126B-4640-B9BF-3DEE9466207F}
		{8119B77A-BD93-4609-91C8-0BD1F5483888} = {8119B77A-BD93-4609-91C8-0BD1F5483888}
	EndProjectSection
EndProject
Project("{8BC9CEB8-8B4A-11D0-8D11-00A0C91BC942}") = "opencv_test_ml", "modules\ml\opencv_test_ml.vcxproj", "{878D79FB-355F-4333-AED6-815C7AAA209D}"
	ProjectSection(ProjectDependencies) = postProject
		{ADC3491A-646D-4389-B4ED-CF57629CB948} = {ADC3491A-646D-4389-B4ED-CF57629CB948}
		{AE884E84-CE09-4AB0-AA5F-06F152BF50F5} = {AE884E84-CE09-4AB0-AA5F-06F152BF50F5}
		{982A551E-C956-4D4A-82E6-1E03FA93EDEC} = {982A551E-C956-4D4A-82E6-1E03FA93EDEC}
		{E7778EE4-D3F5-4EB5-A918-4446615AD72D} = {E7778EE4-D3F5-4EB5-A918-4446615AD72D}
		{6750C61B-2842-470D-83D1-9A4843F7F6A6} = {6750C61B-2842-470D-83D1-9A4843F7F6A6}
		{EA4D857B-4AD4-47D1-A124-864A6D976BEB} = {EA4D857B-4AD4-47D1-A124-864A6D976BEB}
		{70AB8C07-A375-4365-BF33-F82F31E6A0C9} = {70AB8C07-A375-4365-BF33-F82F31E6A0C9}
		{991E01F4-126B-4640-B9BF-3DEE9466207F} = {991E01F4-126B-4640-B9BF-3DEE9466207F}
		{8119B77A-BD93-4609-91C8-0BD1F5483888} = {8119B77A-BD93-4609-91C8-0BD1F5483888}
	EndProjectSection
EndProject
Project("{8BC9CEB8-8B4A-11D0-8D11-00A0C91BC942}") = "opencv_test_objdetect", "modules\objdetect\opencv_test_objdetect.vcxproj", "{F6F7528B-F973-41F6-AE8D-6007EAB0BC87}"
	ProjectSection(ProjectDependencies) = postProject
		{ADC3491A-646D-4389-B4ED-CF57629CB948} = {ADC3491A-646D-4389-B4ED-CF57629CB948}
		{AE884E84-CE09-4AB0-AA5F-06F152BF50F5} = {AE884E84-CE09-4AB0-AA5F-06F152BF50F5}
		{982A551E-C956-4D4A-82E6-1E03FA93EDEC} = {982A551E-C956-4D4A-82E6-1E03FA93EDEC}
		{E7778EE4-D3F5-4EB5-A918-4446615AD72D} = {E7778EE4-D3F5-4EB5-A918-4446615AD72D}
		{6750C61B-2842-470D-83D1-9A4843F7F6A6} = {6750C61B-2842-470D-83D1-9A4843F7F6A6}
		{EA4D857B-4AD4-47D1-A124-864A6D976BEB} = {EA4D857B-4AD4-47D1-A124-864A6D976BEB}
		{70AB8C07-A375-4365-BF33-F82F31E6A0C9} = {70AB8C07-A375-4365-BF33-F82F31E6A0C9}
		{EAAA8CF4-63CD-4D39-AE84-985536FD7111} = {EAAA8CF4-63CD-4D39-AE84-985536FD7111}
		{991E01F4-126B-4640-B9BF-3DEE9466207F} = {991E01F4-126B-4640-B9BF-3DEE9466207F}
		{8119B77A-BD93-4609-91C8-0BD1F5483888} = {8119B77A-BD93-4609-91C8-0BD1F5483888}
	EndProjectSection
EndProject
Project("{8BC9CEB8-8B4A-11D0-8D11-00A0C91BC942}") = "opencv_test_photo", "modules\photo\opencv_test_photo.vcxproj", "{195EA69E-12BA-49C4-A4ED-BD251982DB76}"
	ProjectSection(ProjectDependencies) = postProject
		{ADC3491A-646D-4389-B4ED-CF57629CB948} = {ADC3491A-646D-4389-B4ED-CF57629CB948}
		{AE884E84-CE09-4AB0-AA5F-06F152BF50F5} = {AE884E84-CE09-4AB0-AA5F-06F152BF50F5}
		{982A551E-C956-4D4A-82E6-1E03FA93EDEC} = {982A551E-C956-4D4A-82E6-1E03FA93EDEC}
		{E7778EE4-D3F5-4EB5-A918-4446615AD72D} = {E7778EE4-D3F5-4EB5-A918-4446615AD72D}
		{6750C61B-2842-470D-83D1-9A4843F7F6A6} = {6750C61B-2842-470D-83D1-9A4843F7F6A6}
		{EA4D857B-4AD4-47D1-A124-864A6D976BEB} = {EA4D857B-4AD4-47D1-A124-864A6D976BEB}
		{659C96F9-1860-408D-B22E-806BB4E4335D} = {659C96F9-1860-408D-B22E-806BB4E4335D}
		{991E01F4-126B-4640-B9BF-3DEE9466207F} = {991E01F4-126B-4640-B9BF-3DEE9466207F}
		{8119B77A-BD93-4609-91C8-0BD1F5483888} = {8119B77A-BD93-4609-91C8-0BD1F5483888}
	EndProjectSection
EndProject
Project("{8BC9CEB8-8B4A-11D0-8D11-00A0C91BC942}") = "opencv_test_shape", "modules\shape\opencv_test_shape.vcxproj", "{A743C9A7-2F07-49C0-8388-342AB7C11DE0}"
	ProjectSection(ProjectDependencies) = postProject
		{ADC3491A-646D-4389-B4ED-CF57629CB948} = {ADC3491A-646D-4389-B4ED-CF57629CB948}
		{AE884E84-CE09-4AB0-AA5F-06F152BF50F5} = {AE884E84-CE09-4AB0-AA5F-06F152BF50F5}
		{982A551E-C956-4D4A-82E6-1E03FA93EDEC} = {982A551E-C956-4D4A-82E6-1E03FA93EDEC}
		{E7778EE4-D3F5-4EB5-A918-4446615AD72D} = {E7778EE4-D3F5-4EB5-A918-4446615AD72D}
		{6750C61B-2842-470D-83D1-9A4843F7F6A6} = {6750C61B-2842-470D-83D1-9A4843F7F6A6}
		{EA4D857B-4AD4-47D1-A124-864A6D976BEB} = {EA4D857B-4AD4-47D1-A124-864A6D976BEB}
		{2963AF15-65ED-4CF1-8726-17145841D7A9} = {2963AF15-65ED-4CF1-8726-17145841D7A9}
		{991E01F4-126B-4640-B9BF-3DEE9466207F} = {991E01F4-126B-4640-B9BF-3DEE9466207F}
		{D394A291-BEDE-4059-8725-44DCD72F5946} = {D394A291-BEDE-4059-8725-44DCD72F5946}
		{8119B77A-BD93-4609-91C8-0BD1F5483888} = {8119B77A-BD93-4609-91C8-0BD1F5483888}
	EndProjectSection
EndProject
Project("{8BC9CEB8-8B4A-11D0-8D11-00A0C91BC942}") = "opencv_test_stitching", "modules\stitching\opencv_test_stitching.vcxproj", "{21881FA7-BEF2-466E-B6C3-0A055C2D9ECD}"
	ProjectSection(ProjectDependencies) = postProject
		{ADC3491A-646D-4389-B4ED-CF57629CB948} = {ADC3491A-646D-4389-B4ED-CF57629CB948}
		{F1FBC620-E971-4D15-A2E0-04AAB94CD432} = {F1FBC620-E971-4D15-A2E0-04AAB94CD432}
		{AE884E84-CE09-4AB0-AA5F-06F152BF50F5} = {AE884E84-CE09-4AB0-AA5F-06F152BF50F5}
		{B8C26B5B-0806-4D09-87F4-FA75D616CD4D} = {B8C26B5B-0806-4D09-87F4-FA75D616CD4D}
		{0D65D456-4190-478E-8ADC-1A846928883E} = {0D65D456-4190-478E-8ADC-1A846928883E}
		{982A551E-C956-4D4A-82E6-1E03FA93EDEC} = {982A551E-C956-4D4A-82E6-1E03FA93EDEC}
		{E7778EE4-D3F5-4EB5-A918-4446615AD72D} = {E7778EE4-D3F5-4EB5-A918-4446615AD72D}
		{6750C61B-2842-470D-83D1-9A4843F7F6A6} = {6750C61B-2842-470D-83D1-9A4843F7F6A6}
		{EA4D857B-4AD4-47D1-A124-864A6D976BEB} = {EA4D857B-4AD4-47D1-A124-864A6D976BEB}
		{70AB8C07-A375-4365-BF33-F82F31E6A0C9} = {70AB8C07-A375-4365-BF33-F82F31E6A0C9}
		{EAAA8CF4-63CD-4D39-AE84-985536FD7111} = {EAAA8CF4-63CD-4D39-AE84-985536FD7111}
		{0444D026-9491-4420-B72C-CFC54A3DE91A} = {0444D026-9491-4420-B72C-CFC54A3DE91A}
		{991E01F4-126B-4640-B9BF-3DEE9466207F} = {991E01F4-126B-4640-B9BF-3DEE9466207F}
		{8119B77A-BD93-4609-91C8-0BD1F5483888} = {8119B77A-BD93-4609-91C8-0BD1F5483888}
	EndProjectSection
EndProject
Project("{8BC9CEB8-8B4A-11D0-8D11-00A0C91BC942}") = "opencv_test_superres", "modules\superres\opencv_test_superres.vcxproj", "{33B3CE20-F528-4D65-BF74-F36EE38AB2A8}"
	ProjectSection(ProjectDependencies) = postProject
		{ADC3491A-646D-4389-B4ED-CF57629CB948} = {ADC3491A-646D-4389-B4ED-CF57629CB948}
		{AE884E84-CE09-4AB0-AA5F-06F152BF50F5} = {AE884E84-CE09-4AB0-AA5F-06F152BF50F5}
		{982A551E-C956-4D4A-82E6-1E03FA93EDEC} = {982A551E-C956-4D4A-82E6-1E03FA93EDEC}
		{E7778EE4-D3F5-4EB5-A918-4446615AD72D} = {E7778EE4-D3F5-4EB5-A918-4446615AD72D}
		{6750C61B-2842-470D-83D1-9A4843F7F6A6} = {6750C61B-2842-470D-83D1-9A4843F7F6A6}
		{EA4D857B-4AD4-47D1-A124-864A6D976BEB} = {EA4D857B-4AD4-47D1-A124-864A6D976BEB}
		{0B75DD3D-9F33-4548-92AB-A99160E387E5} = {0B75DD3D-9F33-4548-92AB-A99160E387E5}
		{991E01F4-126B-4640-B9BF-3DEE9466207F} = {991E01F4-126B-4640-B9BF-3DEE9466207F}
		{D394A291-BEDE-4059-8725-44DCD72F5946} = {D394A291-BEDE-4059-8725-44DCD72F5946}
		{8119B77A-BD93-4609-91C8-0BD1F5483888} = {8119B77A-BD93-4609-91C8-0BD1F5483888}
	EndProjectSection
EndProject
Project("{8BC9CEB8-8B4A-11D0-8D11-00A0C91BC942}") = "opencv_test_video", "modules\video\opencv_test_video.vcxproj", "{3ECBC6F6-E972-4DA7-A66A-3704EF96387D}"
	ProjectSection(ProjectDependencies) = postProject
		{ADC3491A-646D-4389-B4ED-CF57629CB948} = {ADC3491A-646D-4389-B4ED-CF57629CB948}
		{AE884E84-CE09-4AB0-AA5F-06F152BF50F5} = {AE884E84-CE09-4AB0-AA5F-06F152BF50F5}
		{982A551E-C956-4D4A-82E6-1E03FA93EDEC} = {982A551E-C956-4D4A-82E6-1E03FA93EDEC}
		{E7778EE4-D3F5-4EB5-A918-4446615AD72D} = {E7778EE4-D3F5-4EB5-A918-4446615AD72D}
		{6750C61B-2842-470D-83D1-9A4843F7F6A6} = {6750C61B-2842-470D-83D1-9A4843F7F6A6}
		{EA4D857B-4AD4-47D1-A124-864A6D976BEB} = {EA4D857B-4AD4-47D1-A124-864A6D976BEB}
		{991E01F4-126B-4640-B9BF-3DEE9466207F} = {991E01F4-126B-4640-B9BF-3DEE9466207F}
		{D394A291-BEDE-4059-8725-44DCD72F5946} = {D394A291-BEDE-4059-8725-44DCD72F5946}
		{8119B77A-BD93-4609-91C8-0BD1F5483888} = {8119B77A-BD93-4609-91C8-0BD1F5483888}
	EndProjectSection
EndProject
Project("{8BC9CEB8-8B4A-11D0-8D11-00A0C91BC942}") = "opencv_test_videoio", "modules\videoio\opencv_test_videoio.vcxproj", "{3128BD2B-10A3-4A49-B676-E5A48CC8C54B}"
	ProjectSection(ProjectDependencies) = postProject
		{ADC3491A-646D-4389-B4ED-CF57629CB948} = {ADC3491A-646D-4389-B4ED-CF57629CB948}
		{AE884E84-CE09-4AB0-AA5F-06F152BF50F5} = {AE884E84-CE09-4AB0-AA5F-06F152BF50F5}
		{982A551E-C956-4D4A-82E6-1E03FA93EDEC} = {982A551E-C956-4D4A-82E6-1E03FA93EDEC}
		{E7778EE4-D3F5-4EB5-A918-4446615AD72D} = {E7778EE4-D3F5-4EB5-A918-4446615AD72D}
		{6750C61B-2842-470D-83D1-9A4843F7F6A6} = {6750C61B-2842-470D-83D1-9A4843F7F6A6}
		{EA4D857B-4AD4-47D1-A124-864A6D976BEB} = {EA4D857B-4AD4-47D1-A124-864A6D976BEB}
		{991E01F4-126B-4640-B9BF-3DEE9466207F} = {991E01F4-126B-4640-B9BF-3DEE9466207F}
		{8119B77A-BD93-4609-91C8-0BD1F5483888} = {8119B77A-BD93-4609-91C8-0BD1F5483888}
	EndProjectSection
EndProject
Project("{8BC9CEB8-8B4A-11D0-8D11-00A0C91BC942}") = "opencv_tests", "opencv_tests.vcxproj", "{A180BE9D-0FB2-420A-8AF3-D28B750296C9}"
	ProjectSection(ProjectDependencies) = postProject
		{ADC3491A-646D-4389-B4ED-CF57629CB948} = {ADC3491A-646D-4389-B4ED-CF57629CB948}
		{8DBE5C8F-28BB-48D2-8E0C-1B136B26EADD} = {8DBE5C8F-28BB-48D2-8E0C-1B136B26EADD}
		{F41E5E8F-EA63-48C4-B96B-056B3BF630C3} = {F41E5E8F-EA63-48C4-B96B-056B3BF630C3}
		{4A68F573-D272-450A-9CD6-29CEF6070148} = {4A68F573-D272-450A-9CD6-29CEF6070148}
		{C59438C7-1FF3-4C52-A980-E69C9E76FC0C} = {C59438C7-1FF3-4C52-A980-E69C9E76FC0C}
		{A371B9CD-D1D2-42B6-BEEA-AE0B47987696} = {A371B9CD-D1D2-42B6-BEEA-AE0B47987696}
		{6096B76C-6714-4DB1-9D32-99AA6FA06A05} = {6096B76C-6714-4DB1-9D32-99AA6FA06A05}
		{824BDEA6-6AF2-4491-B3A4-AB035F48841C} = {824BDEA6-6AF2-4491-B3A4-AB035F48841C}
		{878D79FB-355F-4333-AED6-815C7AAA209D} = {878D79FB-355F-4333-AED6-815C7AAA209D}
		{F6F7528B-F973-41F6-AE8D-6007EAB0BC87} = {F6F7528B-F973-41F6-AE8D-6007EAB0BC87}
		{195EA69E-12BA-49C4-A4ED-BD251982DB76} = {195EA69E-12BA-49C4-A4ED-BD251982DB76}
		{A743C9A7-2F07-49C0-8388-342AB7C11DE0} = {A743C9A7-2F07-49C0-8388-342AB7C11DE0}
		{21881FA7-BEF2-466E-B6C3-0A055C2D9ECD} = {21881FA7-BEF2-466E-B6C3-0A055C2D9ECD}
		{33B3CE20-F528-4D65-BF74-F36EE38AB2A8} = {33B3CE20-F528-4D65-BF74-F36EE38AB2A8}
		{3ECBC6F6-E972-4DA7-A66A-3704EF96387D} = {3ECBC6F6-E972-4DA7-A66A-3704EF96387D}
		{3128BD2B-10A3-4A49-B676-E5A48CC8C54B} = {3128BD2B-10A3-4A49-B676-E5A48CC8C54B}
	EndProjectSection
EndProject
Project("{8BC9CEB8-8B4A-11D0-8D11-00A0C91BC942}") = "opencv_traincascade", "apps\traincascade\opencv_traincascade.vcxproj", "{7040510D-6614-4FE8-9812-4B668D1F3710}"
	ProjectSection(ProjectDependencies) = postProject
		{ADC3491A-646D-4389-B4ED-CF57629CB948} = {ADC3491A-646D-4389-B4ED-CF57629CB948}
		{F1FBC620-E971-4D15-A2E0-04AAB94CD432} = {F1FBC620-E971-4D15-A2E0-04AAB94CD432}
		{AE884E84-CE09-4AB0-AA5F-06F152BF50F5} = {AE884E84-CE09-4AB0-AA5F-06F152BF50F5}
		{B8C26B5B-0806-4D09-87F4-FA75D616CD4D} = {B8C26B5B-0806-4D09-87F4-FA75D616CD4D}
		{0D65D456-4190-478E-8ADC-1A846928883E} = {0D65D456-4190-478E-8ADC-1A846928883E}
		{982A551E-C956-4D4A-82E6-1E03FA93EDEC} = {982A551E-C956-4D4A-82E6-1E03FA93EDEC}
		{E7778EE4-D3F5-4EB5-A918-4446615AD72D} = {E7778EE4-D3F5-4EB5-A918-4446615AD72D}
		{6750C61B-2842-470D-83D1-9A4843F7F6A6} = {6750C61B-2842-470D-83D1-9A4843F7F6A6}
		{EA4D857B-4AD4-47D1-A124-864A6D976BEB} = {EA4D857B-4AD4-47D1-A124-864A6D976BEB}
		{70AB8C07-A375-4365-BF33-F82F31E6A0C9} = {70AB8C07-A375-4365-BF33-F82F31E6A0C9}
		{EAAA8CF4-63CD-4D39-AE84-985536FD7111} = {EAAA8CF4-63CD-4D39-AE84-985536FD7111}
		{8119B77A-BD93-4609-91C8-0BD1F5483888} = {8119B77A-BD93-4609-91C8-0BD1F5483888}
	EndProjectSection
EndProject
Project("{8BC9CEB8-8B4A-11D0-8D11-00A0C91BC942}") = "opencv_ts", "modules\ts\opencv_ts.vcxproj", "{991E01F4-126B-4640-B9BF-3DEE9466207F}"
	ProjectSection(ProjectDependencies) = postProject
		{ADC3491A-646D-4389-B4ED-CF57629CB948} = {ADC3491A-646D-4389-B4ED-CF57629CB948}
		{AE884E84-CE09-4AB0-AA5F-06F152BF50F5} = {AE884E84-CE09-4AB0-AA5F-06F152BF50F5}
		{982A551E-C956-4D4A-82E6-1E03FA93EDEC} = {982A551E-C956-4D4A-82E6-1E03FA93EDEC}
		{E7778EE4-D3F5-4EB5-A918-4446615AD72D} = {E7778EE4-D3F5-4EB5-A918-4446615AD72D}
		{6750C61B-2842-470D-83D1-9A4843F7F6A6} = {6750C61B-2842-470D-83D1-9A4843F7F6A6}
		{EA4D857B-4AD4-47D1-A124-864A6D976BEB} = {EA4D857B-4AD4-47D1-A124-864A6D976BEB}
		{8119B77A-BD93-4609-91C8-0BD1F5483888} = {8119B77A-BD93-4609-91C8-0BD1F5483888}
	EndProjectSection
EndProject
Project("{8BC9CEB8-8B4A-11D0-8D11-00A0C91BC942}") = "opencv_video", "modules\video\opencv_video.vcxproj", "{D394A291-BEDE-4059-8725-44DCD72F5946}"
	ProjectSection(ProjectDependencies) = postProject
		{ADC3491A-646D-4389-B4ED-CF57629CB948} = {ADC3491A-646D-4389-B4ED-CF57629CB948}
		{AE884E84-CE09-4AB0-AA5F-06F152BF50F5} = {AE884E84-CE09-4AB0-AA5F-06F152BF50F5}
		{982A551E-C956-4D4A-82E6-1E03FA93EDEC} = {982A551E-C956-4D4A-82E6-1E03FA93EDEC}
		{EA4D857B-4AD4-47D1-A124-864A6D976BEB} = {EA4D857B-4AD4-47D1-A124-864A6D976BEB}
	EndProjectSection
EndProject
Project("{8BC9CEB8-8B4A-11D0-8D11-00A0C91BC942}") = "opencv_video_object", "modules\video\opencv_video_object.vcxproj", "{13662B93-9745-4DF7-9C90-4B0C58F53C3E}"
	ProjectSection(ProjectDependencies) = postProject
		{ADC3491A-646D-4389-B4ED-CF57629CB948} = {ADC3491A-646D-4389-B4ED-CF57629CB948}
	EndProjectSection
EndProject
Project("{8BC9CEB8-8B4A-11D0-8D11-00A0C91BC942}") = "opencv_videoio", "modules\videoio\opencv_videoio.vcxproj", "{8119B77A-BD93-4609-91C8-0BD1F5483888}"
	ProjectSection(ProjectDependencies) = postProject
		{ADC3491A-646D-4389-B4ED-CF57629CB948} = {ADC3491A-646D-4389-B4ED-CF57629CB948}
		{AE884E84-CE09-4AB0-AA5F-06F152BF50F5} = {AE884E84-CE09-4AB0-AA5F-06F152BF50F5}
		{982A551E-C956-4D4A-82E6-1E03FA93EDEC} = {982A551E-C956-4D4A-82E6-1E03FA93EDEC}
		{6750C61B-2842-470D-83D1-9A4843F7F6A6} = {6750C61B-2842-470D-83D1-9A4843F7F6A6}
		{EA4D857B-4AD4-47D1-A124-864A6D976BEB} = {EA4D857B-4AD4-47D1-A124-864A6D976BEB}
	EndProjectSection
EndProject
Project("{8BC9CEB8-8B4A-11D0-8D11-00A0C91BC942}") = "opencv_videoio_object", "modules\videoio\opencv_videoio_object.vcxproj", "{00A92AA3-8A8E-4FF4-ACA6-E5E523309D51}"
	ProjectSection(ProjectDependencies) = postProject
		{ADC3491A-646D-4389-B4ED-CF57629CB948} = {ADC3491A-646D-4389-B4ED-CF57629CB948}
	EndProjectSection
EndProject
Project("{8BC9CEB8-8B4A-11D0-8D11-00A0C91BC942}") = "opencv_videostab", "modules\videostab\opencv_videostab.vcxproj", "{B5C17CFE-CB4A-4E36-9864-15C481E7FCCC}"
	ProjectSection(ProjectDependencies) = postProject
		{ADC3491A-646D-4389-B4ED-CF57629CB948} = {ADC3491A-646D-4389-B4ED-CF57629CB948}
		{F1FBC620-E971-4D15-A2E0-04AAB94CD432} = {F1FBC620-E971-4D15-A2E0-04AAB94CD432}
		{AE884E84-CE09-4AB0-AA5F-06F152BF50F5} = {AE884E84-CE09-4AB0-AA5F-06F152BF50F5}
		{B8C26B5B-0806-4D09-87F4-FA75D616CD4D} = {B8C26B5B-0806-4D09-87F4-FA75D616CD4D}
		{0D65D456-4190-478E-8ADC-1A846928883E} = {0D65D456-4190-478E-8ADC-1A846928883E}
		{982A551E-C956-4D4A-82E6-1E03FA93EDEC} = {982A551E-C956-4D4A-82E6-1E03FA93EDEC}
		{E7778EE4-D3F5-4EB5-A918-4446615AD72D} = {E7778EE4-D3F5-4EB5-A918-4446615AD72D}
		{6750C61B-2842-470D-83D1-9A4843F7F6A6} = {6750C61B-2842-470D-83D1-9A4843F7F6A6}
		{EA4D857B-4AD4-47D1-A124-864A6D976BEB} = {EA4D857B-4AD4-47D1-A124-864A6D976BEB}
		{70AB8C07-A375-4365-BF33-F82F31E6A0C9} = {70AB8C07-A375-4365-BF33-F82F31E6A0C9}
		{659C96F9-1860-408D-B22E-806BB4E4335D} = {659C96F9-1860-408D-B22E-806BB4E4335D}
		{D394A291-BEDE-4059-8725-44DCD72F5946} = {D394A291-BEDE-4059-8725-44DCD72F5946}
		{8119B77A-BD93-4609-91C8-0BD1F5483888} = {8119B77A-BD93-4609-91C8-0BD1F5483888}
	EndProjectSection
EndProject
Project("{8BC9CEB8-8B4A-11D0-8D11-00A0C91BC942}") = "opencv_videostab_object", "modules\videostab\opencv_videostab_object.vcxproj", "{7063F6F5-BF76-4124-8A4B-3D73719E3C94}"
	ProjectSection(ProjectDependencies) = postProject
		{ADC3491A-646D-4389-B4ED-CF57629CB948} = {ADC3491A-646D-4389-B4ED-CF57629CB948}
	EndProjectSection
EndProject
Project("{8BC9CEB8-8B4A-11D0-8D11-00A0C91BC942}") = "uninstall", "uninstall.vcxproj", "{B8F7AB86-E924-4EDC-AD66-F7FD6A0CB118}"
	ProjectSection(ProjectDependencies) = postProject
		{ADC3491A-646D-4389-B4ED-CF57629CB948} = {ADC3491A-646D-4389-B4ED-CF57629CB948}
	EndProjectSection
EndProject
Project("{8BC9CEB8-8B4A-11D0-8D11-00A0C91BC942}") = "zlib", "3rdparty\zlib\zlib.vcxproj", "{3D5B6686-7344-43F6-8598-2E84506D42A4}"
	ProjectSection(ProjectDependencies) = postProject
		{ADC3491A-646D-4389-B4ED-CF57629CB948} = {ADC3491A-646D-4389-B4ED-CF57629CB948}
	EndProjectSection
EndProject
Project("{2150E333-8FDC-42A3-9474-1A3956D46DE8}") = "3rdparty", "3rdparty", "{68848716-F989-4A99-B769-BFDDB377AE0B}"
EndProject
Project("{2150E333-8FDC-42A3-9474-1A3956D46DE8}") = "CMakeTargets", "CMakeTargets", "{B9C42B6C-702E-4C25-B3E6-82D44783599D}"
EndProject
Project("{2150E333-8FDC-42A3-9474-1A3956D46DE8}") = "applications", "applications", "{7AD8986C-81AF-45CF-B622-E4B7FCCD811D}"
EndProject
Project("{2150E333-8FDC-42A3-9474-1A3956D46DE8}") = "bindings", "bindings", "{39E4E1B9-F5FB-4E3A-A237-731ADA799546}"
EndProject
Project("{2150E333-8FDC-42A3-9474-1A3956D46DE8}") = "extra", "extra", "{9EA5F084-F64C-4490-981C-D5B653C454FD}"
EndProject
Project("{2150E333-8FDC-42A3-9474-1A3956D46DE8}") = "modules", "modules", "{B5495A3F-7DC3-497B-BEA1-1653CA26D981}"
EndProject
Project("{2150E333-8FDC-42A3-9474-1A3956D46DE8}") = "object_libraries", "object_libraries", "{DE93267A-F385-48AC-A8F7-6397DDDDF751}"
EndProject
Project("{2150E333-8FDC-42A3-9474-1A3956D46DE8}") = "tests accuracy", "tests accuracy", "{F7784829-AB94-4D75-953D-A91EB6AE057A}"
EndProject
Project("{2150E333-8FDC-42A3-9474-1A3956D46DE8}") = "tests performance", "tests performance", "{6272AA3C-CDA6-4032-862B-85E2C8591C50}"
EndProject
Global
	GlobalSection(SolutionConfigurationPlatforms) = preSolution
		Debug|Win32 = Debug|Win32
		Release|Win32 = Release|Win32
	EndGlobalSection
	GlobalSection(ProjectConfigurationPlatforms) = postSolution
		{BD70B3BA-7149-46C0-ACAB-04DCC3610A1A}.Debug|Win32.ActiveCfg = Debug|Win32
		{BD70B3BA-7149-46C0-ACAB-04DCC3610A1A}.Debug|Win32.Build.0 = Debug|Win32
		{BD70B3BA-7149-46C0-ACAB-04DCC3610A1A}.Release|Win32.ActiveCfg = Release|Win32
		{BD70B3BA-7149-46C0-ACAB-04DCC3610A1A}.Release|Win32.Build.0 = Release|Win32
		{84503B44-D712-42AC-A49C-80CE47F93DAF}.Debug|Win32.ActiveCfg = Debug|Win32
		{84503B44-D712-42AC-A49C-80CE47F93DAF}.Release|Win32.ActiveCfg = Release|Win32
		{30F3F901-90FB-4575-B557-908639508EB8}.Debug|Win32.ActiveCfg = Debug|Win32
		{30F3F901-90FB-4575-B557-908639508EB8}.Debug|Win32.Build.0 = Debug|Win32
		{30F3F901-90FB-4575-B557-908639508EB8}.Release|Win32.ActiveCfg = Release|Win32
		{30F3F901-90FB-4575-B557-908639508EB8}.Release|Win32.Build.0 = Release|Win32
		{747A420D-45ED-4E0B-A61C-671199306320}.Debug|Win32.ActiveCfg = Debug|Win32
		{747A420D-45ED-4E0B-A61C-671199306320}.Release|Win32.ActiveCfg = Release|Win32
		{ADC3491A-646D-4389-B4ED-CF57629CB948}.Debug|Win32.ActiveCfg = Debug|Win32
		{ADC3491A-646D-4389-B4ED-CF57629CB948}.Debug|Win32.Build.0 = Debug|Win32
		{ADC3491A-646D-4389-B4ED-CF57629CB948}.Release|Win32.ActiveCfg = Release|Win32
		{ADC3491A-646D-4389-B4ED-CF57629CB948}.Release|Win32.Build.0 = Release|Win32
		{944C09CF-ACA1-4FC2-BACA-1C613F66BC6B}.Debug|Win32.ActiveCfg = Debug|Win32
		{944C09CF-ACA1-4FC2-BACA-1C613F66BC6B}.Debug|Win32.Build.0 = Debug|Win32
		{944C09CF-ACA1-4FC2-BACA-1C613F66BC6B}.Release|Win32.ActiveCfg = Release|Win32
		{944C09CF-ACA1-4FC2-BACA-1C613F66BC6B}.Release|Win32.Build.0 = Release|Win32
		{5D6F4653-3856-4DF1-80BB-C83864D9D721}.Debug|Win32.ActiveCfg = Debug|Win32
		{5D6F4653-3856-4DF1-80BB-C83864D9D721}.Debug|Win32.Build.0 = Debug|Win32
		{5D6F4653-3856-4DF1-80BB-C83864D9D721}.Release|Win32.ActiveCfg = Release|Win32
		{5D6F4653-3856-4DF1-80BB-C83864D9D721}.Release|Win32.Build.0 = Release|Win32
		{F8A0C608-209B-44E9-BAA9-89DA3C4689E8}.Debug|Win32.ActiveCfg = Debug|Win32
		{F8A0C608-209B-44E9-BAA9-89DA3C4689E8}.Debug|Win32.Build.0 = Debug|Win32
		{F8A0C608-209B-44E9-BAA9-89DA3C4689E8}.Release|Win32.ActiveCfg = Release|Win32
		{F8A0C608-209B-44E9-BAA9-89DA3C4689E8}.Release|Win32.Build.0 = Release|Win32
		{C4556761-E3A7-4AB8-9538-7D708F6DFD05}.Debug|Win32.ActiveCfg = Debug|Win32
		{C4556761-E3A7-4AB8-9538-7D708F6DFD05}.Debug|Win32.Build.0 = Debug|Win32
		{C4556761-E3A7-4AB8-9538-7D708F6DFD05}.Release|Win32.ActiveCfg = Release|Win32
		{C4556761-E3A7-4AB8-9538-7D708F6DFD05}.Release|Win32.Build.0 = Release|Win32
		{7D634450-AAF0-4F15-98E9-FF094C81A834}.Debug|Win32.ActiveCfg = Debug|Win32
		{7D634450-AAF0-4F15-98E9-FF094C81A834}.Debug|Win32.Build.0 = Debug|Win32
		{7D634450-AAF0-4F15-98E9-FF094C81A834}.Release|Win32.ActiveCfg = Release|Win32
		{7D634450-AAF0-4F15-98E9-FF094C81A834}.Release|Win32.Build.0 = Release|Win32
		{6531C246-3122-4D6C-BF24-57E47D2BE407}.Debug|Win32.ActiveCfg = Debug|Win32
		{6531C246-3122-4D6C-BF24-57E47D2BE407}.Debug|Win32.Build.0 = Debug|Win32
		{6531C246-3122-4D6C-BF24-57E47D2BE407}.Release|Win32.ActiveCfg = Release|Win32
		{6531C246-3122-4D6C-BF24-57E47D2BE407}.Release|Win32.Build.0 = Release|Win32
		{F1FBC620-E971-4D15-A2E0-04AAB94CD432}.Debug|Win32.ActiveCfg = Debug|Win32
		{F1FBC620-E971-4D15-A2E0-04AAB94CD432}.Debug|Win32.Build.0 = Debug|Win32
		{F1FBC620-E971-4D15-A2E0-04AAB94CD432}.Release|Win32.ActiveCfg = Release|Win32
		{F1FBC620-E971-4D15-A2E0-04AAB94CD432}.Release|Win32.Build.0 = Release|Win32
		{D0FF8179-636F-4A2C-B491-0A618C911930}.Debug|Win32.ActiveCfg = Debug|Win32
		{D0FF8179-636F-4A2C-B491-0A618C911930}.Release|Win32.ActiveCfg = Release|Win32
		{AE884E84-CE09-4AB0-AA5F-06F152BF50F5}.Debug|Win32.ActiveCfg = Debug|Win32
		{AE884E84-CE09-4AB0-AA5F-06F152BF50F5}.Debug|Win32.Build.0 = Debug|Win32
		{AE884E84-CE09-4AB0-AA5F-06F152BF50F5}.Release|Win32.ActiveCfg = Release|Win32
		{AE884E84-CE09-4AB0-AA5F-06F152BF50F5}.Release|Win32.Build.0 = Release|Win32
		{2B346D01-00AF-4ABF-BFD6-89EF1C0D2A09}.Debug|Win32.ActiveCfg = Debug|Win32
		{2B346D01-00AF-4ABF-BFD6-89EF1C0D2A09}.Release|Win32.ActiveCfg = Release|Win32
		{EEBF7B30-48BA-4325-97E3-39C0232A56E3}.Debug|Win32.ActiveCfg = Debug|Win32
		{EEBF7B30-48BA-4325-97E3-39C0232A56E3}.Debug|Win32.Build.0 = Debug|Win32
		{EEBF7B30-48BA-4325-97E3-39C0232A56E3}.Release|Win32.ActiveCfg = Release|Win32
		{EEBF7B30-48BA-4325-97E3-39C0232A56E3}.Release|Win32.Build.0 = Release|Win32
		{B8C26B5B-0806-4D09-87F4-FA75D616CD4D}.Debug|Win32.ActiveCfg = Debug|Win32
		{B8C26B5B-0806-4D09-87F4-FA75D616CD4D}.Debug|Win32.Build.0 = Debug|Win32
		{B8C26B5B-0806-4D09-87F4-FA75D616CD4D}.Release|Win32.ActiveCfg = Release|Win32
		{B8C26B5B-0806-4D09-87F4-FA75D616CD4D}.Release|Win32.Build.0 = Release|Win32
		{FC6855F4-7A1E-488B-A254-37E788A9D722}.Debug|Win32.ActiveCfg = Debug|Win32
		{FC6855F4-7A1E-488B-A254-37E788A9D722}.Release|Win32.ActiveCfg = Release|Win32
		{0D65D456-4190-478E-8ADC-1A846928883E}.Debug|Win32.ActiveCfg = Debug|Win32
		{0D65D456-4190-478E-8ADC-1A846928883E}.Debug|Win32.Build.0 = Debug|Win32
		{0D65D456-4190-478E-8ADC-1A846928883E}.Release|Win32.ActiveCfg = Release|Win32
		{0D65D456-4190-478E-8ADC-1A846928883E}.Release|Win32.Build.0 = Release|Win32
		{782D8A8B-DF55-4E21-B07C-DAC9A3724DED}.Debug|Win32.ActiveCfg = Debug|Win32
		{782D8A8B-DF55-4E21-B07C-DAC9A3724DED}.Release|Win32.ActiveCfg = Release|Win32
		{982A551E-C956-4D4A-82E6-1E03FA93EDEC}.Debug|Win32.ActiveCfg = Debug|Win32
		{982A551E-C956-4D4A-82E6-1E03FA93EDEC}.Debug|Win32.Build.0 = Debug|Win32
		{982A551E-C956-4D4A-82E6-1E03FA93EDEC}.Release|Win32.ActiveCfg = Release|Win32
		{982A551E-C956-4D4A-82E6-1E03FA93EDEC}.Release|Win32.Build.0 = Release|Win32
		{DB048B26-F404-4F71-8D16-6DA3C527D7D3}.Debug|Win32.ActiveCfg = Debug|Win32
		{DB048B26-F404-4F71-8D16-6DA3C527D7D3}.Release|Win32.ActiveCfg = Release|Win32
		{E7778EE4-D3F5-4EB5-A918-4446615AD72D}.Debug|Win32.ActiveCfg = Debug|Win32
		{E7778EE4-D3F5-4EB5-A918-4446615AD72D}.Debug|Win32.Build.0 = Debug|Win32
		{E7778EE4-D3F5-4EB5-A918-4446615AD72D}.Release|Win32.ActiveCfg = Release|Win32
		{E7778EE4-D3F5-4EB5-A918-4446615AD72D}.Release|Win32.Build.0 = Release|Win32
		{C6AE8A44-3515-4E6D-9BE0-FD2050D4CF0B}.Debug|Win32.ActiveCfg = Debug|Win32
		{C6AE8A44-3515-4E6D-9BE0-FD2050D4CF0B}.Release|Win32.ActiveCfg = Release|Win32
		{6750C61B-2842-470D-83D1-9A4843F7F6A6}.Debug|Win32.ActiveCfg = Debug|Win32
		{6750C61B-2842-470D-83D1-9A4843F7F6A6}.Debug|Win32.Build.0 = Debug|Win32
		{6750C61B-2842-470D-83D1-9A4843F7F6A6}.Release|Win32.ActiveCfg = Release|Win32
		{6750C61B-2842-470D-83D1-9A4843F7F6A6}.Release|Win32.Build.0 = Release|Win32
		{62776324-8BF7-4F26-8D67-8BE8B1A99D1A}.Debug|Win32.ActiveCfg = Debug|Win32
		{62776324-8BF7-4F26-8D67-8BE8B1A99D1A}.Release|Win32.ActiveCfg = Release|Win32
		{EA4D857B-4AD4-47D1-A124-864A6D976BEB}.Debug|Win32.ActiveCfg = Debug|Win32
		{EA4D857B-4AD4-47D1-A124-864A6D976BEB}.Debug|Win32.Build.0 = Debug|Win32
		{EA4D857B-4AD4-47D1-A124-864A6D976BEB}.Release|Win32.ActiveCfg = Release|Win32
		{EA4D857B-4AD4-47D1-A124-864A6D976BEB}.Release|Win32.Build.0 = Release|Win32
		{F681B9C9-14B3-4EBD-93ED-F28728DC3AA2}.Debug|Win32.ActiveCfg = Debug|Win32
		{F681B9C9-14B3-4EBD-93ED-F28728DC3AA2}.Release|Win32.ActiveCfg = Release|Win32
		{70AB8C07-A375-4365-BF33-F82F31E6A0C9}.Debug|Win32.ActiveCfg = Debug|Win32
		{70AB8C07-A375-4365-BF33-F82F31E6A0C9}.Debug|Win32.Build.0 = Debug|Win32
		{70AB8C07-A375-4365-BF33-F82F31E6A0C9}.Release|Win32.ActiveCfg = Release|Win32
		{70AB8C07-A375-4365-BF33-F82F31E6A0C9}.Release|Win32.Build.0 = Release|Win32
		{3F6D2547-83AD-4D1A-A968-A6DCBA1A982F}.Debug|Win32.ActiveCfg = Debug|Win32
		{3F6D2547-83AD-4D1A-A968-A6DCBA1A982F}.Release|Win32.ActiveCfg = Release|Win32
		{3E2E2B7B-A775-4F34-83CB-7E744A9E38F9}.Debug|Win32.ActiveCfg = Debug|Win32
		{3E2E2B7B-A775-4F34-83CB-7E744A9E38F9}.Release|Win32.ActiveCfg = Release|Win32
		{EAAA8CF4-63CD-4D39-AE84-985536FD7111}.Debug|Win32.ActiveCfg = Debug|Win32
		{EAAA8CF4-63CD-4D39-AE84-985536FD7111}.Debug|Win32.Build.0 = Debug|Win32
		{EAAA8CF4-63CD-4D39-AE84-985536FD7111}.Release|Win32.ActiveCfg = Release|Win32
		{EAAA8CF4-63CD-4D39-AE84-985536FD7111}.Release|Win32.Build.0 = Release|Win32
		{6A55C228-8DCB-48DF-8AAE-D26FBEAEA506}.Debug|Win32.ActiveCfg = Debug|Win32
		{6A55C228-8DCB-48DF-8AAE-D26FBEAEA506}.Release|Win32.ActiveCfg = Release|Win32
		{EF677814-2AF5-45B1-A58E-135D611EDF42}.Debug|Win32.ActiveCfg = Debug|Win32
		{EF677814-2AF5-45B1-A58E-135D611EDF42}.Debug|Win32.Build.0 = Debug|Win32
		{EF677814-2AF5-45B1-A58E-135D611EDF42}.Release|Win32.ActiveCfg = Release|Win32
		{EF677814-2AF5-45B1-A58E-135D611EDF42}.Release|Win32.Build.0 = Release|Win32
		{AC977D9C-7CAD-47A5-AB4D-D38AA4BB7672}.Debug|Win32.ActiveCfg = Debug|Win32
		{AC977D9C-7CAD-47A5-AB4D-D38AA4BB7672}.Debug|Win32.Build.0 = Debug|Win32
		{AC977D9C-7CAD-47A5-AB4D-D38AA4BB7672}.Release|Win32.ActiveCfg = Release|Win32
		{AC977D9C-7CAD-47A5-AB4D-D38AA4BB7672}.Release|Win32.Build.0 = Release|Win32
		{FFD05AB6-08B0-40BD-A1B4-7D4C7C801465}.Debug|Win32.ActiveCfg = Debug|Win32
		{FFD05AB6-08B0-40BD-A1B4-7D4C7C801465}.Debug|Win32.Build.0 = Debug|Win32
		{FFD05AB6-08B0-40BD-A1B4-7D4C7C801465}.Release|Win32.ActiveCfg = Release|Win32
		{FFD05AB6-08B0-40BD-A1B4-7D4C7C801465}.Release|Win32.Build.0 = Release|Win32
		{0A75985D-740A-4550-A0DD-29B865E79BE9}.Debug|Win32.ActiveCfg = Debug|Win32
		{0A75985D-740A-4550-A0DD-29B865E79BE9}.Debug|Win32.Build.0 = Debug|Win32
		{0A75985D-740A-4550-A0DD-29B865E79BE9}.Release|Win32.ActiveCfg = Release|Win32
		{0A75985D-740A-4550-A0DD-29B865E79BE9}.Release|Win32.Build.0 = Release|Win32
		{521D7F66-4757-4DB6-9CCD-2B3E27DADCCA}.Debug|Win32.ActiveCfg = Debug|Win32
		{521D7F66-4757-4DB6-9CCD-2B3E27DADCCA}.Debug|Win32.Build.0 = Debug|Win32
		{521D7F66-4757-4DB6-9CCD-2B3E27DADCCA}.Release|Win32.ActiveCfg = Release|Win32
		{521D7F66-4757-4DB6-9CCD-2B3E27DADCCA}.Release|Win32.Build.0 = Release|Win32
		{5AB6CFE1-4319-44DF-9DE9-C16A64C3D04B}.Debug|Win32.ActiveCfg = Debug|Win32
		{5AB6CFE1-4319-44DF-9DE9-C16A64C3D04B}.Debug|Win32.Build.0 = Debug|Win32
		{5AB6CFE1-4319-44DF-9DE9-C16A64C3D04B}.Release|Win32.ActiveCfg = Release|Win32
		{5AB6CFE1-4319-44DF-9DE9-C16A64C3D04B}.Release|Win32.Build.0 = Release|Win32
		{9B94E1FB-233D-4337-803E-ADD104561149}.Debug|Win32.ActiveCfg = Debug|Win32
		{9B94E1FB-233D-4337-803E-ADD104561149}.Debug|Win32.Build.0 = Debug|Win32
		{9B94E1FB-233D-4337-803E-ADD104561149}.Release|Win32.ActiveCfg = Release|Win32
		{9B94E1FB-233D-4337-803E-ADD104561149}.Release|Win32.Build.0 = Release|Win32
		{B3222C16-ACE6-4E7D-8B39-EBF87A9EA5DD}.Debug|Win32.ActiveCfg = Debug|Win32
		{B3222C16-ACE6-4E7D-8B39-EBF87A9EA5DD}.Debug|Win32.Build.0 = Debug|Win32
		{B3222C16-ACE6-4E7D-8B39-EBF87A9EA5DD}.Release|Win32.ActiveCfg = Release|Win32
		{B3222C16-ACE6-4E7D-8B39-EBF87A9EA5DD}.Release|Win32.Build.0 = Release|Win32
		{6E7C927E-9E44-4F48-A0A7-DF795B65931B}.Debug|Win32.ActiveCfg = Debug|Win32
		{6E7C927E-9E44-4F48-A0A7-DF795B65931B}.Debug|Win32.Build.0 = Debug|Win32
		{6E7C927E-9E44-4F48-A0A7-DF795B65931B}.Release|Win32.ActiveCfg = Release|Win32
		{6E7C927E-9E44-4F48-A0A7-DF795B65931B}.Release|Win32.Build.0 = Release|Win32
		{0C8CE0D8-B3C4-472E-BC59-8903D86226A6}.Debug|Win32.ActiveCfg = Debug|Win32
		{0C8CE0D8-B3C4-472E-BC59-8903D86226A6}.Release|Win32.ActiveCfg = Release|Win32
		{2C862030-8002-4F7C-99DA-0B948AAB7675}.Debug|Win32.ActiveCfg = Debug|Win32
		{2C862030-8002-4F7C-99DA-0B948AAB7675}.Debug|Win32.Build.0 = Debug|Win32
		{2C862030-8002-4F7C-99DA-0B948AAB7675}.Release|Win32.ActiveCfg = Release|Win32
		{2C862030-8002-4F7C-99DA-0B948AAB7675}.Release|Win32.Build.0 = Release|Win32
		{5EDBC3BB-91A6-4FD0-B2EB-93E921ACDD16}.Debug|Win32.ActiveCfg = Debug|Win32
		{5EDBC3BB-91A6-4FD0-B2EB-93E921ACDD16}.Debug|Win32.Build.0 = Debug|Win32
		{5EDBC3BB-91A6-4FD0-B2EB-93E921ACDD16}.Release|Win32.ActiveCfg = Release|Win32
		{5EDBC3BB-91A6-4FD0-B2EB-93E921ACDD16}.Release|Win32.Build.0 = Release|Win32
		{659C96F9-1860-408D-B22E-806BB4E4335D}.Debug|Win32.ActiveCfg = Debug|Win32
		{659C96F9-1860-408D-B22E-806BB4E4335D}.Debug|Win32.Build.0 = Debug|Win32
		{659C96F9-1860-408D-B22E-806BB4E4335D}.Release|Win32.ActiveCfg = Release|Win32
		{659C96F9-1860-408D-B22E-806BB4E4335D}.Release|Win32.Build.0 = Release|Win32
		{CE24BB08-F7BC-4377-8E57-D0A7EBCEC9F1}.Debug|Win32.ActiveCfg = Debug|Win32
		{CE24BB08-F7BC-4377-8E57-D0A7EBCEC9F1}.Release|Win32.ActiveCfg = Release|Win32
		{1228673A-C487-486B-9BC1-91DE93D984F5}.Debug|Win32.ActiveCfg = Debug|Win32
		{1228673A-C487-486B-9BC1-91DE93D984F5}.Debug|Win32.Build.0 = Debug|Win32
		{1228673A-C487-486B-9BC1-91DE93D984F5}.Release|Win32.ActiveCfg = Release|Win32
		{1228673A-C487-486B-9BC1-91DE93D984F5}.Release|Win32.Build.0 = Release|Win32
		{7FC7F465-BF33-491C-8CB5-05283CEBE25A}.Debug|Win32.ActiveCfg = Debug|Win32
		{7FC7F465-BF33-491C-8CB5-05283CEBE25A}.Debug|Win32.Build.0 = Debug|Win32
		{7FC7F465-BF33-491C-8CB5-05283CEBE25A}.Release|Win32.ActiveCfg = Release|Win32
		{7FC7F465-BF33-491C-8CB5-05283CEBE25A}.Release|Win32.Build.0 = Release|Win32
		{2963AF15-65ED-4CF1-8726-17145841D7A9}.Debug|Win32.ActiveCfg = Debug|Win32
		{2963AF15-65ED-4CF1-8726-17145841D7A9}.Debug|Win32.Build.0 = Debug|Win32
		{2963AF15-65ED-4CF1-8726-17145841D7A9}.Release|Win32.ActiveCfg = Release|Win32
		{2963AF15-65ED-4CF1-8726-17145841D7A9}.Release|Win32.Build.0 = Release|Win32
		{ED047FFF-1FFE-44AB-B5F9-EA0762BD214E}.Debug|Win32.ActiveCfg = Debug|Win32
		{ED047FFF-1FFE-44AB-B5F9-EA0762BD214E}.Release|Win32.ActiveCfg = Release|Win32
		{0444D026-9491-4420-B72C-CFC54A3DE91A}.Debug|Win32.ActiveCfg = Debug|Win32
		{0444D026-9491-4420-B72C-CFC54A3DE91A}.Debug|Win32.Build.0 = Debug|Win32
		{0444D026-9491-4420-B72C-CFC54A3DE91A}.Release|Win32.ActiveCfg = Release|Win32
		{0444D026-9491-4420-B72C-CFC54A3DE91A}.Release|Win32.Build.0 = Release|Win32
		{A2306773-E15C-4CE3-9285-7F294AA89E01}.Debug|Win32.ActiveCfg = Debug|Win32
		{A2306773-E15C-4CE3-9285-7F294AA89E01}.Release|Win32.ActiveCfg = Release|Win32
		{0B75DD3D-9F33-4548-92AB-A99160E387E5}.Debug|Win32.ActiveCfg = Debug|Win32
		{0B75DD3D-9F33-4548-92AB-A99160E387E5}.Debug|Win32.Build.0 = Debug|Win32
		{0B75DD3D-9F33-4548-92AB-A99160E387E5}.Release|Win32.ActiveCfg = Release|Win32
		{0B75DD3D-9F33-4548-92AB-A99160E387E5}.Release|Win32.Build.0 = Release|Win32
		{74DB1DA7-509B-4835-B839-F38A79BC7B36}.Debug|Win32.ActiveCfg = Debug|Win32
		{74DB1DA7-509B-4835-B839-F38A79BC7B36}.Release|Win32.ActiveCfg = Release|Win32
		{8DBE5C8F-28BB-48D2-8E0C-1B136B26EADD}.Debug|Win32.ActiveCfg = Debug|Win32
		{8DBE5C8F-28BB-48D2-8E0C-1B136B26EADD}.Debug|Win32.Build.0 = Debug|Win32
		{8DBE5C8F-28BB-48D2-8E0C-1B136B26EADD}.Release|Win32.ActiveCfg = Release|Win32
		{8DBE5C8F-28BB-48D2-8E0C-1B136B26EADD}.Release|Win32.Build.0 = Release|Win32
		{F41E5E8F-EA63-48C4-B96B-056B3BF630C3}.Debug|Win32.ActiveCfg = Debug|Win32
		{F41E5E8F-EA63-48C4-B96B-056B3BF630C3}.Debug|Win32.Build.0 = Debug|Win32
		{F41E5E8F-EA63-48C4-B96B-056B3BF630C3}.Release|Win32.ActiveCfg = Release|Win32
		{F41E5E8F-EA63-48C4-B96B-056B3BF630C3}.Release|Win32.Build.0 = Release|Win32
		{4A68F573-D272-450A-9CD6-29CEF6070148}.Debug|Win32.ActiveCfg = Debug|Win32
		{4A68F573-D272-450A-9CD6-29CEF6070148}.Debug|Win32.Build.0 = Debug|Win32
		{4A68F573-D272-450A-9CD6-29CEF6070148}.Release|Win32.ActiveCfg = Release|Win32
		{4A68F573-D272-450A-9CD6-29CEF6070148}.Release|Win32.Build.0 = Release|Win32
		{C59438C7-1FF3-4C52-A980-E69C9E76FC0C}.Debug|Win32.ActiveCfg = Debug|Win32
		{C59438C7-1FF3-4C52-A980-E69C9E76FC0C}.Debug|Win32.Build.0 = Debug|Win32
		{C59438C7-1FF3-4C52-A980-E69C9E76FC0C}.Release|Win32.ActiveCfg = Release|Win32
		{C59438C7-1FF3-4C52-A980-E69C9E76FC0C}.Release|Win32.Build.0 = Release|Win32
		{A371B9CD-D1D2-42B6-BEEA-AE0B47987696}.Debug|Win32.ActiveCfg = Debug|Win32
		{A371B9CD-D1D2-42B6-BEEA-AE0B47987696}.Debug|Win32.Build.0 = Debug|Win32
		{A371B9CD-D1D2-42B6-BEEA-AE0B47987696}.Release|Win32.ActiveCfg = Release|Win32
		{A371B9CD-D1D2-42B6-BEEA-AE0B47987696}.Release|Win32.Build.0 = Release|Win32
		{6096B76C-6714-4DB1-9D32-99AA6FA06A05}.Debug|Win32.ActiveCfg = Debug|Win32
		{6096B76C-6714-4DB1-9D32-99AA6FA06A05}.Debug|Win32.Build.0 = Debug|Win32
		{6096B76C-6714-4DB1-9D32-99AA6FA06A05}.Release|Win32.ActiveCfg = Release|Win32
		{6096B76C-6714-4DB1-9D32-99AA6FA06A05}.Release|Win32.Build.0 = Release|Win32
		{824BDEA6-6AF2-4491-B3A4-AB035F48841C}.Debug|Win32.ActiveCfg = Debug|Win32
		{824BDEA6-6AF2-4491-B3A4-AB035F48841C}.Debug|Win32.Build.0 = Debug|Win32
		{824BDEA6-6AF2-4491-B3A4-AB035F48841C}.Release|Win32.ActiveCfg = Release|Win32
		{824BDEA6-6AF2-4491-B3A4-AB035F48841C}.Release|Win32.Build.0 = Release|Win32
		{878D79FB-355F-4333-AED6-815C7AAA209D}.Debug|Win32.ActiveCfg = Debug|Win32
		{878D79FB-355F-4333-AED6-815C7AAA209D}.Debug|Win32.Build.0 = Debug|Win32
		{878D79FB-355F-4333-AED6-815C7AAA209D}.Release|Win32.ActiveCfg = Release|Win32
		{878D79FB-355F-4333-AED6-815C7AAA209D}.Release|Win32.Build.0 = Release|Win32
		{F6F7528B-F973-41F6-AE8D-6007EAB0BC87}.Debug|Win32.ActiveCfg = Debug|Win32
		{F6F7528B-F973-41F6-AE8D-6007EAB0BC87}.Debug|Win32.Build.0 = Debug|Win32
		{F6F7528B-F973-41F6-AE8D-6007EAB0BC87}.Release|Win32.ActiveCfg = Release|Win32
		{F6F7528B-F973-41F6-AE8D-6007EAB0BC87}.Release|Win32.Build.0 = Release|Win32
		{195EA69E-12BA-49C4-A4ED-BD251982DB76}.Debug|Win32.ActiveCfg = Debug|Win32
		{195EA69E-12BA-49C4-A4ED-BD251982DB76}.Debug|Win32.Build.0 = Debug|Win32
		{195EA69E-12BA-49C4-A4ED-BD251982DB76}.Release|Win32.ActiveCfg = Release|Win32
		{195EA69E-12BA-49C4-A4ED-BD251982DB76}.Release|Win32.Build.0 = Release|Win32
		{A743C9A7-2F07-49C0-8388-342AB7C11DE0}.Debug|Win32.ActiveCfg = Debug|Win32
		{A743C9A7-2F07-49C0-8388-342AB7C11DE0}.Debug|Win32.Build.0 = Debug|Win32
		{A743C9A7-2F07-49C0-8388-342AB7C11DE0}.Release|Win32.ActiveCfg = Release|Win32
		{A743C9A7-2F07-49C0-8388-342AB7C11DE0}.Release|Win32.Build.0 = Release|Win32
		{21881FA7-BEF2-466E-B6C3-0A055C2D9ECD}.Debug|Win32.ActiveCfg = Debug|Win32
		{21881FA7-BEF2-466E-B6C3-0A055C2D9ECD}.Debug|Win32.Build.0 = Debug|Win32
		{21881FA7-BEF2-466E-B6C3-0A055C2D9ECD}.Release|Win32.ActiveCfg = Release|Win32
		{21881FA7-BEF2-466E-B6C3-0A055C2D9ECD}.Release|Win32.Build.0 = Release|Win32
		{33B3CE20-F528-4D65-BF74-F36EE38AB2A8}.Debug|Win32.ActiveCfg = Debug|Win32
		{33B3CE20-F528-4D65-BF74-F36EE38AB2A8}.Debug|Win32.Build.0 = Debug|Win32
		{33B3CE20-F528-4D65-BF74-F36EE38AB2A8}.Release|Win32.ActiveCfg = Release|Win32
		{33B3CE20-F528-4D65-BF74-F36EE38AB2A8}.Release|Win32.Build.0 = Release|Win32
		{3ECBC6F6-E972-4DA7-A66A-3704EF96387D}.Debug|Win32.ActiveCfg = Debug|Win32
		{3ECBC6F6-E972-4DA7-A66A-3704EF96387D}.Debug|Win32.Build.0 = Debug|Win32
		{3ECBC6F6-E972-4DA7-A66A-3704EF96387D}.Release|Win32.ActiveCfg = Release|Win32
		{3ECBC6F6-E972-4DA7-A66A-3704EF96387D}.Release|Win32.Build.0 = Release|Win32
		{3128BD2B-10A3-4A49-B676-E5A48CC8C54B}.Debug|Win32.ActiveCfg = Debug|Win32
		{3128BD2B-10A3-4A49-B676-E5A48CC8C54B}.Debug|Win32.Build.0 = Debug|Win32
		{3128BD2B-10A3-4A49-B676-E5A48CC8C54B}.Release|Win32.ActiveCfg = Release|Win32
		{3128BD2B-10A3-4A49-B676-E5A48CC8C54B}.Release|Win32.Build.0 = Release|Win32
		{A180BE9D-0FB2-420A-8AF3-D28B750296C9}.Debug|Win32.ActiveCfg = Debug|Win32
		{A180BE9D-0FB2-420A-8AF3-D28B750296C9}.Release|Win32.ActiveCfg = Release|Win32
		{7040510D-6614-4FE8-9812-4B668D1F3710}.Debug|Win32.ActiveCfg = Debug|Win32
		{7040510D-6614-4FE8-9812-4B668D1F3710}.Debug|Win32.Build.0 = Debug|Win32
		{7040510D-6614-4FE8-9812-4B668D1F3710}.Release|Win32.ActiveCfg = Release|Win32
		{7040510D-6614-4FE8-9812-4B668D1F3710}.Release|Win32.Build.0 = Release|Win32
		{991E01F4-126B-4640-B9BF-3DEE9466207F}.Debug|Win32.ActiveCfg = Debug|Win32
		{991E01F4-126B-4640-B9BF-3DEE9466207F}.Debug|Win32.Build.0 = Debug|Win32
		{991E01F4-126B-4640-B9BF-3DEE9466207F}.Release|Win32.ActiveCfg = Release|Win32
		{991E01F4-126B-4640-B9BF-3DEE9466207F}.Release|Win32.Build.0 = Release|Win32
		{D394A291-BEDE-4059-8725-44DCD72F5946}.Debug|Win32.ActiveCfg = Debug|Win32
		{D394A291-BEDE-4059-8725-44DCD72F5946}.Debug|Win32.Build.0 = Debug|Win32
		{D394A291-BEDE-4059-8725-44DCD72F5946}.Release|Win32.ActiveCfg = Release|Win32
		{D394A291-BEDE-4059-8725-44DCD72F5946}.Release|Win32.Build.0 = Release|Win32
		{13662B93-9745-4DF7-9C90-4B0C58F53C3E}.Debug|Win32.ActiveCfg = Debug|Win32
		{13662B93-9745-4DF7-9C90-4B0C58F53C3E}.Release|Win32.ActiveCfg = Release|Win32
		{8119B77A-BD93-4609-91C8-0BD1F5483888}.Debug|Win32.ActiveCfg = Debug|Win32
		{8119B77A-BD93-4609-91C8-0BD1F5483888}.Debug|Win32.Build.0 = Debug|Win32
		{8119B77A-BD93-4609-91C8-0BD1F5483888}.Release|Win32.ActiveCfg = Release|Win32
		{8119B77A-BD93-4609-91C8-0BD1F5483888}.Release|Win32.Build.0 = Release|Win32
		{00A92AA3-8A8E-4FF4-ACA6-E5E523309D51}.Debug|Win32.ActiveCfg = Debug|Win32
		{00A92AA3-8A8E-4FF4-ACA6-E5E523309D51}.Release|Win32.ActiveCfg = Release|Win32
		{B5C17CFE-CB4A-4E36-9864-15C481E7FCCC}.Debug|Win32.ActiveCfg = Debug|Win32
		{B5C17CFE-CB4A-4E36-9864-15C481E7FCCC}.Debug|Win32.Build.0 = Debug|Win32
		{B5C17CFE-CB4A-4E36-9864-15C481E7FCCC}.Release|Win32.ActiveCfg = Release|Win32
		{B5C17CFE-CB4A-4E36-9864-15C481E7FCCC}.Release|Win32.Build.0 = Release|Win32
		{7063F6F5-BF76-4124-8A4B-3D73719E3C94}.Debug|Win32.ActiveCfg = Debug|Win32
		{7063F6F5-BF76-4124-8A4B-3D73719E3C94}.Release|Win32.ActiveCfg = Release|Win32
		{B8F7AB86-E924-4EDC-AD66-F7FD6A0CB118}.Debug|Win32.ActiveCfg = Debug|Win32
		{B8F7AB86-E924-4EDC-AD66-F7FD6A0CB118}.Release|Win32.ActiveCfg = Release|Win32
		{3D5B6686-7344-43F6-8598-2E84506D42A4}.Debug|Win32.ActiveCfg = Debug|Win32
		{3D5B6686-7344-43F6-8598-2E84506D42A4}.Debug|Win32.Build.0 = Debug|Win32
		{3D5B6686-7344-43F6-8598-2E84506D42A4}.Release|Win32.ActiveCfg = Release|Win32
		{3D5B6686-7344-43F6-8598-2E84506D42A4}.Release|Win32.Build.0 = Release|Win32
	EndGlobalSection
	GlobalSection(NestedProjects) = preSolution
		{30F3F901-90FB-4575-B557-908639508EB8} = {68848716-F989-4A99-B769-BFDDB377AE0B}
		{944C09CF-ACA1-4FC2-BACA-1C613F66BC6B} = {68848716-F989-4A99-B769-BFDDB377AE0B}
		{5D6F4653-3856-4DF1-80BB-C83864D9D721} = {68848716-F989-4A99-B769-BFDDB377AE0B}
		{F8A0C608-209B-44E9-BAA9-89DA3C4689E8} = {68848716-F989-4A99-B769-BFDDB377AE0B}
		{C4556761-E3A7-4AB8-9538-7D708F6DFD05} = {68848716-F989-4A99-B769-BFDDB377AE0B}
		{7D634450-AAF0-4F15-98E9-FF094C81A834} = {68848716-F989-4A99-B769-BFDDB377AE0B}
		{3D5B6686-7344-43F6-8598-2E84506D42A4} = {68848716-F989-4A99-B769-BFDDB377AE0B}
		{84503B44-D712-42AC-A49C-80CE47F93DAF} = {B9C42B6C-702E-4C25-B3E6-82D44783599D}
		{747A420D-45ED-4E0B-A61C-671199306320} = {B9C42B6C-702E-4C25-B3E6-82D44783599D}
		{ADC3491A-646D-4389-B4ED-CF57629CB948} = {B9C42B6C-702E-4C25-B3E6-82D44783599D}
		{B8F7AB86-E924-4EDC-AD66-F7FD6A0CB118} = {B9C42B6C-702E-4C25-B3E6-82D44783599D}
		{6531C246-3122-4D6C-BF24-57E47D2BE407} = {7AD8986C-81AF-45CF-B622-E4B7FCCD811D}
		{EEBF7B30-48BA-4325-97E3-39C0232A56E3} = {7AD8986C-81AF-45CF-B622-E4B7FCCD811D}
		{7040510D-6614-4FE8-9812-4B668D1F3710} = {7AD8986C-81AF-45CF-B622-E4B7FCCD811D}
		{1228673A-C487-486B-9BC1-91DE93D984F5} = {39E4E1B9-F5FB-4E3A-A237-731ADA799546}
		{7FC7F465-BF33-491C-8CB5-05283CEBE25A} = {39E4E1B9-F5FB-4E3A-A237-731ADA799546}
		{3E2E2B7B-A775-4F34-83CB-7E744A9E38F9} = {9EA5F084-F64C-4490-981C-D5B653C454FD}
		{0C8CE0D8-B3C4-472E-BC59-8903D86226A6} = {9EA5F084-F64C-4490-981C-D5B653C454FD}
		{A180BE9D-0FB2-420A-8AF3-D28B750296C9} = {9EA5F084-F64C-4490-981C-D5B653C454FD}
		{F1FBC620-E971-4D15-A2E0-04AAB94CD432} = {B5495A3F-7DC3-497B-BEA1-1653CA26D981}
		{AE884E84-CE09-4AB0-AA5F-06F152BF50F5} = {B5495A3F-7DC3-497B-BEA1-1653CA26D981}
		{B8C26B5B-0806-4D09-87F4-FA75D616CD4D} = {B5495A3F-7DC3-497B-BEA1-1653CA26D981}
		{0D65D456-4190-478E-8ADC-1A846928883E} = {B5495A3F-7DC3-497B-BEA1-1653CA26D981}
		{982A551E-C956-4D4A-82E6-1E03FA93EDEC} = {B5495A3F-7DC3-497B-BEA1-1653CA26D981}
		{E7778EE4-D3F5-4EB5-A918-4446615AD72D} = {B5495A3F-7DC3-497B-BEA1-1653CA26D981}
		{6750C61B-2842-470D-83D1-9A4843F7F6A6} = {B5495A3F-7DC3-497B-BEA1-1653CA26D981}
		{EA4D857B-4AD4-47D1-A124-864A6D976BEB} = {B5495A3F-7DC3-497B-BEA1-1653CA26D981}
		{70AB8C07-A375-4365-BF33-F82F31E6A0C9} = {B5495A3F-7DC3-497B-BEA1-1653CA26D981}
		{EAAA8CF4-63CD-4D39-AE84-985536FD7111} = {B5495A3F-7DC3-497B-BEA1-1653CA26D981}
		{659C96F9-1860-408D-B22E-806BB4E4335D} = {B5495A3F-7DC3-497B-BEA1-1653CA26D981}
		{2963AF15-65ED-4CF1-8726-17145841D7A9} = {B5495A3F-7DC3-497B-BEA1-1653CA26D981}
		{0444D026-9491-4420-B72C-CFC54A3DE91A} = {B5495A3F-7DC3-497B-BEA1-1653CA26D981}
		{0B75DD3D-9F33-4548-92AB-A99160E387E5} = {B5495A3F-7DC3-497B-BEA1-1653CA26D981}
		{991E01F4-126B-4640-B9BF-3DEE9466207F} = {B5495A3F-7DC3-497B-BEA1-1653CA26D981}
		{D394A291-BEDE-4059-8725-44DCD72F5946} = {B5495A3F-7DC3-497B-BEA1-1653CA26D981}
		{8119B77A-BD93-4609-91C8-0BD1F5483888} = {B5495A3F-7DC3-497B-BEA1-1653CA26D981}
		{B5C17CFE-CB4A-4E36-9864-15C481E7FCCC} = {B5495A3F-7DC3-497B-BEA1-1653CA26D981}
		{D0FF8179-636F-4A2C-B491-0A618C911930} = {DE93267A-F385-48AC-A8F7-6397DDDDF751}
		{2B346D01-00AF-4ABF-BFD6-89EF1C0D2A09} = {DE93267A-F385-48AC-A8F7-6397DDDDF751}
		{FC6855F4-7A1E-488B-A254-37E788A9D722} = {DE93267A-F385-48AC-A8F7-6397DDDDF751}
		{782D8A8B-DF55-4E21-B07C-DAC9A3724DED} = {DE93267A-F385-48AC-A8F7-6397DDDDF751}
		{DB048B26-F404-4F71-8D16-6DA3C527D7D3} = {DE93267A-F385-48AC-A8F7-6397DDDDF751}
		{C6AE8A44-3515-4E6D-9BE0-FD2050D4CF0B} = {DE93267A-F385-48AC-A8F7-6397DDDDF751}
		{62776324-8BF7-4F26-8D67-8BE8B1A99D1A} = {DE93267A-F385-48AC-A8F7-6397DDDDF751}
		{F681B9C9-14B3-4EBD-93ED-F28728DC3AA2} = {DE93267A-F385-48AC-A8F7-6397DDDDF751}
		{3F6D2547-83AD-4D1A-A968-A6DCBA1A982F} = {DE93267A-F385-48AC-A8F7-6397DDDDF751}
		{6A55C228-8DCB-48DF-8AAE-D26FBEAEA506} = {DE93267A-F385-48AC-A8F7-6397DDDDF751}
		{CE24BB08-F7BC-4377-8E57-D0A7EBCEC9F1} = {DE93267A-F385-48AC-A8F7-6397DDDDF751}
		{ED047FFF-1FFE-44AB-B5F9-EA0762BD214E} = {DE93267A-F385-48AC-A8F7-6397DDDDF751}
		{A2306773-E15C-4CE3-9285-7F294AA89E01} = {DE93267A-F385-48AC-A8F7-6397DDDDF751}
		{74DB1DA7-509B-4835-B839-F38A79BC7B36} = {DE93267A-F385-48AC-A8F7-6397DDDDF751}
		{13662B93-9745-4DF7-9C90-4B0C58F53C3E} = {DE93267A-F385-48AC-A8F7-6397DDDDF751}
		{00A92AA3-8A8E-4FF4-ACA6-E5E523309D51} = {DE93267A-F385-48AC-A8F7-6397DDDDF751}
		{7063F6F5-BF76-4124-8A4B-3D73719E3C94} = {DE93267A-F385-48AC-A8F7-6397DDDDF751}
		{8DBE5C8F-28BB-48D2-8E0C-1B136B26EADD} = {F7784829-AB94-4D75-953D-A91EB6AE057A}
		{F41E5E8F-EA63-48C4-B96B-056B3BF630C3} = {F7784829-AB94-4D75-953D-A91EB6AE057A}
		{4A68F573-D272-450A-9CD6-29CEF6070148} = {F7784829-AB94-4D75-953D-A91EB6AE057A}
		{C59438C7-1FF3-4C52-A980-E69C9E76FC0C} = {F7784829-AB94-4D75-953D-A91EB6AE057A}
		{A371B9CD-D1D2-42B6-BEEA-AE0B47987696} = {F7784829-AB94-4D75-953D-A91EB6AE057A}
		{6096B76C-6714-4DB1-9D32-99AA6FA06A05} = {F7784829-AB94-4D75-953D-A91EB6AE057A}
		{824BDEA6-6AF2-4491-B3A4-AB035F48841C} = {F7784829-AB94-4D75-953D-A91EB6AE057A}
		{878D79FB-355F-4333-AED6-815C7AAA209D} = {F7784829-AB94-4D75-953D-A91EB6AE057A}
		{F6F7528B-F973-41F6-AE8D-6007EAB0BC87} = {F7784829-AB94-4D75-953D-A91EB6AE057A}
		{195EA69E-12BA-49C4-A4ED-BD251982DB76} = {F7784829-AB94-4D75-953D-A91EB6AE057A}
		{A743C9A7-2F07-49C0-8388-342AB7C11DE0} = {F7784829-AB94-4D75-953D-A91EB6AE057A}
		{21881FA7-BEF2-466E-B6C3-0A055C2D9ECD} = {F7784829-AB94-4D75-953D-A91EB6AE057A}
		{33B3CE20-F528-4D65-BF74-F36EE38AB2A8} = {F7784829-AB94-4D75-953D-A91EB6AE057A}
		{3ECBC6F6-E972-4DA7-A66A-3704EF96387D} = {F7784829-AB94-4D75-953D-A91EB6AE057A}
		{3128BD2B-10A3-4A49-B676-E5A48CC8C54B} = {F7784829-AB94-4D75-953D-A91EB6AE057A}
		{EF677814-2AF5-45B1-A58E-135D611EDF42} = {6272AA3C-CDA6-4032-862B-85E2C8591C50}
		{AC977D9C-7CAD-47A5-AB4D-D38AA4BB7672} = {6272AA3C-CDA6-4032-862B-85E2C8591C50}
		{FFD05AB6-08B0-40BD-A1B4-7D4C7C801465} = {6272AA3C-CDA6-4032-862B-85E2C8591C50}
		{0A75985D-740A-4550-A0DD-29B865E79BE9} = {6272AA3C-CDA6-4032-862B-85E2C8591C50}
		{521D7F66-4757-4DB6-9CCD-2B3E27DADCCA} = {6272AA3C-CDA6-4032-862B-85E2C8591C50}
		{5AB6CFE1-4319-44DF-9DE9-C16A64C3D04B} = {6272AA3C-CDA6-4032-862B-85E2C8591C50}
		{9B94E1FB-233D-4337-803E-ADD104561149} = {6272AA3C-CDA6-4032-862B-85E2C8591C50}
		{B3222C16-ACE6-4E7D-8B39-EBF87A9EA5DD} = {6272AA3C-CDA6-4032-862B-85E2C8591C50}
		{6E7C927E-9E44-4F48-A0A7-DF795B65931B} = {6272AA3C-CDA6-4032-862B-85E2C8591C50}
		{2C862030-8002-4F7C-99DA-0B948AAB7675} = {6272AA3C-CDA6-4032-862B-85E2C8591C50}
		{5EDBC3BB-91A6-4FD0-B2EB-93E921ACDD16} = {6272AA3C-CDA6-4032-862B-85E2C8591C50}
	EndGlobalSection
	GlobalSection(ExtensibilityGlobals) = postSolution
	EndGlobalSection
	GlobalSection(ExtensibilityAddIns) = postSolution
	EndGlobalSection
EndGlobal
