
Microsoft Visual Studio Solution File, Format Version 12.00
# Visual Studio 2013
VisualStudioVersion = 12.0.21005.1
MinimumVisualStudioVersion = 10.0.40219.1
Project("{8BC9CEB8-8B4A-11D0-8D11-00A0C91BC942}") = "log4cpp", "..\log4cpp\msvc10\log4cpp\log4cpp.vcxproj", "{8C796FDD-5BB9-41D5-8471-DDC897C8C486}"
EndProject
Project("{2150E333-8FDC-42A3-9474-1A3956D46DE8}") = "Python", "Python", "{F4D20BF9-B0C0-4C6A-A066-C63471499254}"
EndProject
Project("{8BC9CEB8-8B4A-11D0-8D11-00A0C91BC942}") = "kill_python", "..\Python\PCbuild\kill_python.vcxproj", "{6DE10744-E396-40A5-B4E2-1B69AA7C8D31}"
EndProject
Project("{8BC9CEB8-8B4A-11D0-8D11-00A0C91BC942}") = "make_buildinfo", "..\Python\PCbuild\make_buildinfo.vcxproj", "{C73F0EC1-358B-4177-940F-0846AC8B04CD}"
EndProject
Project("{8BC9CEB8-8B4A-11D0-8D11-00A0C91BC942}") = "make_versioninfo", "..\Python\PCbuild\make_versioninfo.vcxproj", "{F0E0541E-F17D-430B-97C4-93ADF0DD284E}"
EndProject
Project("{8BC9CEB8-8B4A-11D0-8D11-00A0C91BC942}") = "ECVSBase", "..\ECVS\ECVSBase\ECVSBase.vcxproj", "{7B3F1A88-8381-4601-8D43-0EB1D8B2E72D}"
EndProject
Project("{2150E333-8FDC-42A3-9474-1A3956D46DE8}") = "ECVS", "ECVS", "{FFAC6155-CE27-4DB3-B881-3438286491A6}"
EndProject
Project("{8BC9CEB8-8B4A-11D0-8D11-00A0C91BC942}") = "ConsoleTest", "..\ECVS\ConsoleTest\ConsoleTest.vcxproj", "{9B9E751A-4194-4452-92F1-39F8553519FB}"
EndProject
Project("{8BC9CEB8-8B4A-11D0-8D11-00A0C91BC942}") = "pythoncore", "..\Python\PCbuild\pythoncore.vcxproj", "{CF7AC3D1-E2DF-41D2-BEA6-1E2556CDEA26}"
EndProject
Project("{2150E333-8FDC-42A3-9474-1A3956D46DE8}") = "OpenCV", "OpenCV", "{17801605-A44B-4B1E-A479-148B6245AD6E}"
EndProject
Project("{2150E333-8FDC-42A3-9474-1A3956D46DE8}") = "3rdparty", "3rdparty", "{9166907C-1395-4E0F-9724-E0E3171818D5}"
EndProject
Project("{8BC9CEB8-8B4A-11D0-8D11-00A0C91BC942}") = "IlmImf", "..\opencv\3rdparty\openexr\IlmImf.vcxproj", "{30F3F901-90FB-4575-B557-908639508EB8}"
EndProject
Project("{8BC9CEB8-8B4A-11D0-8D11-00A0C91BC942}") = "libjasper", "..\opencv\3rdparty\libjasper\libjasper.vcxproj", "{944C09CF-ACA1-4FC2-BACA-1C613F66BC6B}"
EndProject
Project("{8BC9CEB8-8B4A-11D0-8D11-00A0C91BC942}") = "libjpeg", "..\opencv\3rdparty\libjpeg\libjpeg.vcxproj", "{5D6F4653-3856-4DF1-80BB-C83864D9D721}"
EndProject
Project("{8BC9CEB8-8B4A-11D0-8D11-00A0C91BC942}") = "libpng", "..\opencv\3rdparty\libpng\libpng.vcxproj", "{F8A0C608-209B-44E9-BAA9-89DA3C4689E8}"
EndProject
Project("{8BC9CEB8-8B4A-11D0-8D11-00A0C91BC942}") = "libtiff", "..\opencv\3rdparty\libtiff\libtiff.vcxproj", "{C4556761-E3A7-4AB8-9538-7D708F6DFD05}"
EndProject
Project("{8BC9CEB8-8B4A-11D0-8D11-00A0C91BC942}") = "libwebp", "..\opencv\3rdparty\libwebp\libwebp.vcxproj", "{7D634450-AAF0-4F15-98E9-FF094C81A834}"
EndProject
Project("{8BC9CEB8-8B4A-11D0-8D11-00A0C91BC942}") = "zlib", "..\opencv\3rdparty\zlib\zlib.vcxproj", "{3D5B6686-7344-43F6-8598-2E84506D42A4}"
EndProject
Project("{2150E333-8FDC-42A3-9474-1A3956D46DE8}") = "modules", "modules", "{F3FA36A4-5707-4ACD-BB46-EB66BBBE3602}"
EndProject
Project("{8BC9CEB8-8B4A-11D0-8D11-00A0C91BC942}") = "opencv_calib3d", "..\opencv\modules\calib3d\opencv_calib3d.vcxproj", "{F1FBC620-E971-4D15-A2E0-04AAB94CD432}"
EndProject
Project("{8BC9CEB8-8B4A-11D0-8D11-00A0C91BC942}") = "opencv_core", "..\opencv\modules\core\opencv_core.vcxproj", "{AE884E84-CE09-4AB0-AA5F-06F152BF50F5}"
EndProject
Project("{8BC9CEB8-8B4A-11D0-8D11-00A0C91BC942}") = "opencv_features2d", "..\opencv\modules\features2d\opencv_features2d.vcxproj", "{B8C26B5B-0806-4D09-87F4-FA75D616CD4D}"
EndProject
Project("{8BC9CEB8-8B4A-11D0-8D11-00A0C91BC942}") = "opencv_flann", "..\opencv\modules\flann\opencv_flann.vcxproj", "{0D65D456-4190-478E-8ADC-1A846928883E}"
EndProject
Project("{8BC9CEB8-8B4A-11D0-8D11-00A0C91BC942}") = "opencv_hal", "..\opencv\modules\hal\opencv_hal.vcxproj", "{982A551E-C956-4D4A-82E6-1E03FA93EDEC}"
EndProject
Project("{8BC9CEB8-8B4A-11D0-8D11-00A0C91BC942}") = "opencv_highgui", "..\opencv\modules\highgui\opencv_highgui.vcxproj", "{E7778EE4-D3F5-4EB5-A918-4446615AD72D}"
EndProject
Project("{8BC9CEB8-8B4A-11D0-8D11-00A0C91BC942}") = "opencv_imgcodecs", "..\opencv\modules\imgcodecs\opencv_imgcodecs.vcxproj", "{6750C61B-2842-470D-83D1-9A4843F7F6A6}"
EndProject
Project("{8BC9CEB8-8B4A-11D0-8D11-00A0C91BC942}") = "opencv_imgproc", "..\opencv\modules\imgproc\opencv_imgproc.vcxproj", "{EA4D857B-4AD4-47D1-A124-864A6D976BEB}"
EndProject
Project("{8BC9CEB8-8B4A-11D0-8D11-00A0C91BC942}") = "opencv_ml", "..\opencv\modules\ml\opencv_ml.vcxproj", "{70AB8C07-A375-4365-BF33-F82F31E6A0C9}"
EndProject
Project("{8BC9CEB8-8B4A-11D0-8D11-00A0C91BC942}") = "opencv_objdetect", "..\opencv\modules\objdetect\opencv_objdetect.vcxproj", "{EAAA8CF4-63CD-4D39-AE84-985536FD7111}"
EndProject
Project("{8BC9CEB8-8B4A-11D0-8D11-00A0C91BC942}") = "opencv_photo", "..\opencv\modules\photo\opencv_photo.vcxproj", "{659C96F9-1860-408D-B22E-806BB4E4335D}"
EndProject
Project("{8BC9CEB8-8B4A-11D0-8D11-00A0C91BC942}") = "opencv_shape", "..\opencv\modules\shape\opencv_shape.vcxproj", "{2963AF15-65ED-4CF1-8726-17145841D7A9}"
EndProject
Project("{8BC9CEB8-8B4A-11D0-8D11-00A0C91BC942}") = "opencv_stitching", "..\opencv\modules\stitching\opencv_stitching.vcxproj", "{0444D026-9491-4420-B72C-CFC54A3DE91A}"
EndProject
Project("{8BC9CEB8-8B4A-11D0-8D11-00A0C91BC942}") = "opencv_superres", "..\opencv\modules\superres\opencv_superres.vcxproj", "{0B75DD3D-9F33-4548-92AB-A99160E387E5}"
EndProject
Project("{8BC9CEB8-8B4A-11D0-8D11-00A0C91BC942}") = "opencv_ts", "..\opencv\modules\ts\opencv_ts.vcxproj", "{991E01F4-126B-4640-B9BF-3DEE9466207F}"
EndProject
Project("{8BC9CEB8-8B4A-11D0-8D11-00A0C91BC942}") = "opencv_video", "..\opencv\modules\video\opencv_video.vcxproj", "{D394A291-BEDE-4059-8725-44DCD72F5946}"
EndProject
Project("{8BC9CEB8-8B4A-11D0-8D11-00A0C91BC942}") = "opencv_videoio", "..\opencv\modules\videoio\opencv_videoio.vcxproj", "{8119B77A-BD93-4609-91C8-0BD1F5483888}"
EndProject
Project("{8BC9CEB8-8B4A-11D0-8D11-00A0C91BC942}") = "opencv_videostab", "..\opencv\modules\videostab\opencv_videostab.vcxproj", "{B5C17CFE-CB4A-4E36-9864-15C481E7FCCC}"
EndProject
Project("{8BC9CEB8-8B4A-11D0-8D11-00A0C91BC942}") = "ffmpeg", "..\opencv\3rdparty\ffmpeg\ffmpeg.vcxproj", "{8F75284D-064A-4E34-9328-7755BF5EF08F}"
EndProject
Global
	GlobalSection(SolutionConfigurationPlatforms) = preSolution
		Debug with Boost|Win32 = Debug with Boost|Win32
		Debug with Boost|x64 = Debug with Boost|x64
		Debug|Win32 = Debug|Win32
		Debug|x64 = Debug|x64
		PGInstrument|Win32 = PGInstrument|Win32
		PGInstrument|x64 = PGInstrument|x64
		PGUpdate|Win32 = PGUpdate|Win32
		PGUpdate|x64 = PGUpdate|x64
		Release with Boost|Win32 = Release with Boost|Win32
		Release with Boost|x64 = Release with Boost|x64
		Release|Win32 = Release|Win32
		Release|x64 = Release|x64
	EndGlobalSection
	GlobalSection(ProjectConfigurationPlatforms) = postSolution
		{8C796FDD-5BB9-41D5-8471-DDC897C8C486}.Debug with Boost|Win32.ActiveCfg = Debug with Boost|Win32
		{8C796FDD-5BB9-41D5-8471-DDC897C8C486}.Debug with Boost|Win32.Build.0 = Debug with Boost|Win32
		{8C796FDD-5BB9-41D5-8471-DDC897C8C486}.Debug with Boost|x64.ActiveCfg = Debug with Boost|Win32
		{8C796FDD-5BB9-41D5-8471-DDC897C8C486}.Debug|Win32.ActiveCfg = Debug|Win32
		{8C796FDD-5BB9-41D5-8471-DDC897C8C486}.Debug|Win32.Build.0 = Debug|Win32
		{8C796FDD-5BB9-41D5-8471-DDC897C8C486}.Debug|x64.ActiveCfg = Debug|Win32
		{8C796FDD-5BB9-41D5-8471-DDC897C8C486}.PGInstrument|Win32.ActiveCfg = Release|Win32
		{8C796FDD-5BB9-41D5-8471-DDC897C8C486}.PGInstrument|Win32.Build.0 = Release|Win32
		{8C796FDD-5BB9-41D5-8471-DDC897C8C486}.PGInstrument|x64.ActiveCfg = Release|Win32
		{8C796FDD-5BB9-41D5-8471-DDC897C8C486}.PGUpdate|Win32.ActiveCfg = Release|Win32
		{8C796FDD-5BB9-41D5-8471-DDC897C8C486}.PGUpdate|Win32.Build.0 = Release|Win32
		{8C796FDD-5BB9-41D5-8471-DDC897C8C486}.PGUpdate|x64.ActiveCfg = Release|Win32
		{8C796FDD-5BB9-41D5-8471-DDC897C8C486}.Release with Boost|Win32.ActiveCfg = Release with Boost|Win32
		{8C796FDD-5BB9-41D5-8471-DDC897C8C486}.Release with Boost|Win32.Build.0 = Release with Boost|Win32
		{8C796FDD-5BB9-41D5-8471-DDC897C8C486}.Release with Boost|x64.ActiveCfg = Release with Boost|Win32
		{8C796FDD-5BB9-41D5-8471-DDC897C8C486}.Release|Win32.ActiveCfg = Release|Win32
		{8C796FDD-5BB9-41D5-8471-DDC897C8C486}.Release|Win32.Build.0 = Release|Win32
		{8C796FDD-5BB9-41D5-8471-DDC897C8C486}.Release|x64.ActiveCfg = Release|Win32
		{6DE10744-E396-40A5-B4E2-1B69AA7C8D31}.Debug with Boost|Win32.ActiveCfg = Debug|Win32
		{6DE10744-E396-40A5-B4E2-1B69AA7C8D31}.Debug with Boost|Win32.Build.0 = Debug|Win32
		{6DE10744-E396-40A5-B4E2-1B69AA7C8D31}.Debug with Boost|x64.ActiveCfg = Debug|x64
		{6DE10744-E396-40A5-B4E2-1B69AA7C8D31}.Debug with Boost|x64.Build.0 = Debug|x64
		{6DE10744-E396-40A5-B4E2-1B69AA7C8D31}.Debug|Win32.ActiveCfg = Debug|Win32
		{6DE10744-E396-40A5-B4E2-1B69AA7C8D31}.Debug|Win32.Build.0 = Debug|Win32
		{6DE10744-E396-40A5-B4E2-1B69AA7C8D31}.Debug|x64.ActiveCfg = Debug|x64
		{6DE10744-E396-40A5-B4E2-1B69AA7C8D31}.Debug|x64.Build.0 = Debug|x64
		{6DE10744-E396-40A5-B4E2-1B69AA7C8D31}.PGInstrument|Win32.ActiveCfg = Release|Win32
		{6DE10744-E396-40A5-B4E2-1B69AA7C8D31}.PGInstrument|Win32.Build.0 = Release|Win32
		{6DE10744-E396-40A5-B4E2-1B69AA7C8D31}.PGInstrument|x64.ActiveCfg = Release|x64
		{6DE10744-E396-40A5-B4E2-1B69AA7C8D31}.PGInstrument|x64.Build.0 = Release|x64
		{6DE10744-E396-40A5-B4E2-1B69AA7C8D31}.PGUpdate|Win32.ActiveCfg = Release|Win32
		{6DE10744-E396-40A5-B4E2-1B69AA7C8D31}.PGUpdate|Win32.Build.0 = Release|Win32
		{6DE10744-E396-40A5-B4E2-1B69AA7C8D31}.PGUpdate|x64.ActiveCfg = Release|x64
		{6DE10744-E396-40A5-B4E2-1B69AA7C8D31}.PGUpdate|x64.Build.0 = Release|x64
		{6DE10744-E396-40A5-B4E2-1B69AA7C8D31}.Release with Boost|Win32.ActiveCfg = Release|Win32
		{6DE10744-E396-40A5-B4E2-1B69AA7C8D31}.Release with Boost|Win32.Build.0 = Release|Win32
		{6DE10744-E396-40A5-B4E2-1B69AA7C8D31}.Release with Boost|x64.ActiveCfg = Release|x64
		{6DE10744-E396-40A5-B4E2-1B69AA7C8D31}.Release with Boost|x64.Build.0 = Release|x64
		{6DE10744-E396-40A5-B4E2-1B69AA7C8D31}.Release|Win32.ActiveCfg = Release|Win32
		{6DE10744-E396-40A5-B4E2-1B69AA7C8D31}.Release|Win32.Build.0 = Release|Win32
		{6DE10744-E396-40A5-B4E2-1B69AA7C8D31}.Release|x64.ActiveCfg = Release|x64
		{6DE10744-E396-40A5-B4E2-1B69AA7C8D31}.Release|x64.Build.0 = Release|x64
		{C73F0EC1-358B-4177-940F-0846AC8B04CD}.Debug with Boost|Win32.ActiveCfg = Release|Win32
		{C73F0EC1-358B-4177-940F-0846AC8B04CD}.Debug with Boost|Win32.Build.0 = Release|Win32
		{C73F0EC1-358B-4177-940F-0846AC8B04CD}.Debug with Boost|x64.ActiveCfg = Release|Win32
		{C73F0EC1-358B-4177-940F-0846AC8B04CD}.Debug|Win32.ActiveCfg = Release|Win32
		{C73F0EC1-358B-4177-940F-0846AC8B04CD}.Debug|Win32.Build.0 = Release|Win32
		{C73F0EC1-358B-4177-940F-0846AC8B04CD}.Debug|x64.ActiveCfg = Release|Win32
		{C73F0EC1-358B-4177-940F-0846AC8B04CD}.PGInstrument|Win32.ActiveCfg = Release|Win32
		{C73F0EC1-358B-4177-940F-0846AC8B04CD}.PGInstrument|Win32.Build.0 = Release|Win32
		{C73F0EC1-358B-4177-940F-0846AC8B04CD}.PGInstrument|x64.ActiveCfg = Release|Win32
		{C73F0EC1-358B-4177-940F-0846AC8B04CD}.PGUpdate|Win32.ActiveCfg = Release|Win32
		{C73F0EC1-358B-4177-940F-0846AC8B04CD}.PGUpdate|Win32.Build.0 = Release|Win32
		{C73F0EC1-358B-4177-940F-0846AC8B04CD}.PGUpdate|x64.ActiveCfg = Release|Win32
		{C73F0EC1-358B-4177-940F-0846AC8B04CD}.Release with Boost|Win32.ActiveCfg = Release|Win32
		{C73F0EC1-358B-4177-940F-0846AC8B04CD}.Release with Boost|Win32.Build.0 = Release|Win32
		{C73F0EC1-358B-4177-940F-0846AC8B04CD}.Release with Boost|x64.ActiveCfg = Release|Win32
		{C73F0EC1-358B-4177-940F-0846AC8B04CD}.Release|Win32.ActiveCfg = Release|Win32
		{C73F0EC1-358B-4177-940F-0846AC8B04CD}.Release|Win32.Build.0 = Release|Win32
		{C73F0EC1-358B-4177-940F-0846AC8B04CD}.Release|x64.ActiveCfg = Release|Win32
		{F0E0541E-F17D-430B-97C4-93ADF0DD284E}.Debug with Boost|Win32.ActiveCfg = Debug|Win32
		{F0E0541E-F17D-430B-97C4-93ADF0DD284E}.Debug with Boost|Win32.Build.0 = Debug|Win32
		{F0E0541E-F17D-430B-97C4-93ADF0DD284E}.Debug with Boost|x64.ActiveCfg = Debug|x64
		{F0E0541E-F17D-430B-97C4-93ADF0DD284E}.Debug with Boost|x64.Build.0 = Debug|x64
		{F0E0541E-F17D-430B-97C4-93ADF0DD284E}.Debug|Win32.ActiveCfg = Debug|Win32
		{F0E0541E-F17D-430B-97C4-93ADF0DD284E}.Debug|Win32.Build.0 = Debug|Win32
		{F0E0541E-F17D-430B-97C4-93ADF0DD284E}.Debug|x64.ActiveCfg = Debug|x64
		{F0E0541E-F17D-430B-97C4-93ADF0DD284E}.Debug|x64.Build.0 = Debug|x64
		{F0E0541E-F17D-430B-97C4-93ADF0DD284E}.PGInstrument|Win32.ActiveCfg = Release|Win32
		{F0E0541E-F17D-430B-97C4-93ADF0DD284E}.PGInstrument|Win32.Build.0 = Release|Win32
		{F0E0541E-F17D-430B-97C4-93ADF0DD284E}.PGInstrument|x64.ActiveCfg = Release|x64
		{F0E0541E-F17D-430B-97C4-93ADF0DD284E}.PGInstrument|x64.Build.0 = Release|x64
		{F0E0541E-F17D-430B-97C4-93ADF0DD284E}.PGUpdate|Win32.ActiveCfg = Release|Win32
		{F0E0541E-F17D-430B-97C4-93ADF0DD284E}.PGUpdate|Win32.Build.0 = Release|Win32
		{F0E0541E-F17D-430B-97C4-93ADF0DD284E}.PGUpdate|x64.ActiveCfg = Release|x64
		{F0E0541E-F17D-430B-97C4-93ADF0DD284E}.PGUpdate|x64.Build.0 = Release|x64
		{F0E0541E-F17D-430B-97C4-93ADF0DD284E}.Release with Boost|Win32.ActiveCfg = Release|Win32
		{F0E0541E-F17D-430B-97C4-93ADF0DD284E}.Release with Boost|Win32.Build.0 = Release|Win32
		{F0E0541E-F17D-430B-97C4-93ADF0DD284E}.Release with Boost|x64.ActiveCfg = Release|x64
		{F0E0541E-F17D-430B-97C4-93ADF0DD284E}.Release with Boost|x64.Build.0 = Release|x64
		{F0E0541E-F17D-430B-97C4-93ADF0DD284E}.Release|Win32.ActiveCfg = Release|Win32
		{F0E0541E-F17D-430B-97C4-93ADF0DD284E}.Release|Win32.Build.0 = Release|Win32
		{F0E0541E-F17D-430B-97C4-93ADF0DD284E}.Release|x64.ActiveCfg = Release|x64
		{F0E0541E-F17D-430B-97C4-93ADF0DD284E}.Release|x64.Build.0 = Release|x64
		{7B3F1A88-8381-4601-8D43-0EB1D8B2E72D}.Debug with Boost|Win32.ActiveCfg = Debug|Win32
		{7B3F1A88-8381-4601-8D43-0EB1D8B2E72D}.Debug with Boost|Win32.Build.0 = Debug|Win32
		{7B3F1A88-8381-4601-8D43-0EB1D8B2E72D}.Debug with Boost|x64.ActiveCfg = Debug|Win32
		{7B3F1A88-8381-4601-8D43-0EB1D8B2E72D}.Debug|Win32.ActiveCfg = Debug|Win32
		{7B3F1A88-8381-4601-8D43-0EB1D8B2E72D}.Debug|Win32.Build.0 = Debug|Win32
		{7B3F1A88-8381-4601-8D43-0EB1D8B2E72D}.Debug|x64.ActiveCfg = Debug|Win32
		{7B3F1A88-8381-4601-8D43-0EB1D8B2E72D}.PGInstrument|Win32.ActiveCfg = Release|Win32
		{7B3F1A88-8381-4601-8D43-0EB1D8B2E72D}.PGInstrument|Win32.Build.0 = Release|Win32
		{7B3F1A88-8381-4601-8D43-0EB1D8B2E72D}.PGInstrument|x64.ActiveCfg = Release|Win32
		{7B3F1A88-8381-4601-8D43-0EB1D8B2E72D}.PGUpdate|Win32.ActiveCfg = Release|Win32
		{7B3F1A88-8381-4601-8D43-0EB1D8B2E72D}.PGUpdate|Win32.Build.0 = Release|Win32
		{7B3F1A88-8381-4601-8D43-0EB1D8B2E72D}.PGUpdate|x64.ActiveCfg = Release|Win32
		{7B3F1A88-8381-4601-8D43-0EB1D8B2E72D}.Release with Boost|Win32.ActiveCfg = Release|Win32
		{7B3F1A88-8381-4601-8D43-0EB1D8B2E72D}.Release with Boost|Win32.Build.0 = Release|Win32
		{7B3F1A88-8381-4601-8D43-0EB1D8B2E72D}.Release with Boost|x64.ActiveCfg = Release|Win32
		{7B3F1A88-8381-4601-8D43-0EB1D8B2E72D}.Release|Win32.ActiveCfg = Release|Win32
		{7B3F1A88-8381-4601-8D43-0EB1D8B2E72D}.Release|Win32.Build.0 = Release|Win32
		{7B3F1A88-8381-4601-8D43-0EB1D8B2E72D}.Release|x64.ActiveCfg = Release|Win32
		{9B9E751A-4194-4452-92F1-39F8553519FB}.Debug with Boost|Win32.ActiveCfg = Debug|Win32
		{9B9E751A-4194-4452-92F1-39F8553519FB}.Debug with Boost|Win32.Build.0 = Debug|Win32
		{9B9E751A-4194-4452-92F1-39F8553519FB}.Debug with Boost|x64.ActiveCfg = Debug|Win32
		{9B9E751A-4194-4452-92F1-39F8553519FB}.Debug|Win32.ActiveCfg = Debug|Win32
		{9B9E751A-4194-4452-92F1-39F8553519FB}.Debug|Win32.Build.0 = Debug|Win32
		{9B9E751A-4194-4452-92F1-39F8553519FB}.Debug|x64.ActiveCfg = Debug|Win32
		{9B9E751A-4194-4452-92F1-39F8553519FB}.PGInstrument|Win32.ActiveCfg = Release|Win32
		{9B9E751A-4194-4452-92F1-39F8553519FB}.PGInstrument|Win32.Build.0 = Release|Win32
		{9B9E751A-4194-4452-92F1-39F8553519FB}.PGInstrument|x64.ActiveCfg = Release|Win32
		{9B9E751A-4194-4452-92F1-39F8553519FB}.PGUpdate|Win32.ActiveCfg = Release|Win32
		{9B9E751A-4194-4452-92F1-39F8553519FB}.PGUpdate|Win32.Build.0 = Release|Win32
		{9B9E751A-4194-4452-92F1-39F8553519FB}.PGUpdate|x64.ActiveCfg = Release|Win32
		{9B9E751A-4194-4452-92F1-39F8553519FB}.Release with Boost|Win32.ActiveCfg = Release|Win32
		{9B9E751A-4194-4452-92F1-39F8553519FB}.Release with Boost|Win32.Build.0 = Release|Win32
		{9B9E751A-4194-4452-92F1-39F8553519FB}.Release with Boost|x64.ActiveCfg = Release|Win32
		{9B9E751A-4194-4452-92F1-39F8553519FB}.Release|Win32.ActiveCfg = Release|Win32
		{9B9E751A-4194-4452-92F1-39F8553519FB}.Release|Win32.Build.0 = Release|Win32
		{9B9E751A-4194-4452-92F1-39F8553519FB}.Release|x64.ActiveCfg = Release|Win32
		{CF7AC3D1-E2DF-41D2-BEA6-1E2556CDEA26}.Debug with Boost|Win32.ActiveCfg = Debug|Win32
		{CF7AC3D1-E2DF-41D2-BEA6-1E2556CDEA26}.Debug with Boost|Win32.Build.0 = Debug|Win32
		{CF7AC3D1-E2DF-41D2-BEA6-1E2556CDEA26}.Debug with Boost|x64.ActiveCfg = Debug|x64
		{CF7AC3D1-E2DF-41D2-BEA6-1E2556CDEA26}.Debug with Boost|x64.Build.0 = Debug|x64
		{CF7AC3D1-E2DF-41D2-BEA6-1E2556CDEA26}.Debug|Win32.ActiveCfg = Debug|Win32
		{CF7AC3D1-E2DF-41D2-BEA6-1E2556CDEA26}.Debug|Win32.Build.0 = Debug|Win32
		{CF7AC3D1-E2DF-41D2-BEA6-1E2556CDEA26}.Debug|x64.ActiveCfg = Debug|x64
		{CF7AC3D1-E2DF-41D2-BEA6-1E2556CDEA26}.Debug|x64.Build.0 = Debug|x64
		{CF7AC3D1-E2DF-41D2-BEA6-1E2556CDEA26}.PGInstrument|Win32.ActiveCfg = PGInstrument|Win32
		{CF7AC3D1-E2DF-41D2-BEA6-1E2556CDEA26}.PGInstrument|Win32.Build.0 = PGInstrument|Win32
		{CF7AC3D1-E2DF-41D2-BEA6-1E2556CDEA26}.PGInstrument|x64.ActiveCfg = PGInstrument|x64
		{CF7AC3D1-E2DF-41D2-BEA6-1E2556CDEA26}.PGInstrument|x64.Build.0 = PGInstrument|x64
		{CF7AC3D1-E2DF-41D2-BEA6-1E2556CDEA26}.PGUpdate|Win32.ActiveCfg = PGUpdate|Win32
		{CF7AC3D1-E2DF-41D2-BEA6-1E2556CDEA26}.PGUpdate|Win32.Build.0 = PGUpdate|Win32
		{CF7AC3D1-E2DF-41D2-BEA6-1E2556CDEA26}.PGUpdate|x64.ActiveCfg = PGUpdate|x64
		{CF7AC3D1-E2DF-41D2-BEA6-1E2556CDEA26}.PGUpdate|x64.Build.0 = PGUpdate|x64
		{CF7AC3D1-E2DF-41D2-BEA6-1E2556CDEA26}.Release with Boost|Win32.ActiveCfg = Release|Win32
		{CF7AC3D1-E2DF-41D2-BEA6-1E2556CDEA26}.Release with Boost|Win32.Build.0 = Release|Win32
		{CF7AC3D1-E2DF-41D2-BEA6-1E2556CDEA26}.Release with Boost|x64.ActiveCfg = Release|x64
		{CF7AC3D1-E2DF-41D2-BEA6-1E2556CDEA26}.Release with Boost|x64.Build.0 = Release|x64
		{CF7AC3D1-E2DF-41D2-BEA6-1E2556CDEA26}.Release|Win32.ActiveCfg = Release|Win32
		{CF7AC3D1-E2DF-41D2-BEA6-1E2556CDEA26}.Release|Win32.Build.0 = Release|Win32
		{CF7AC3D1-E2DF-41D2-BEA6-1E2556CDEA26}.Release|x64.ActiveCfg = Release|x64
		{CF7AC3D1-E2DF-41D2-BEA6-1E2556CDEA26}.Release|x64.Build.0 = Release|x64
		{30F3F901-90FB-4575-B557-908639508EB8}.Debug with Boost|Win32.ActiveCfg = Debug|Win32
		{30F3F901-90FB-4575-B557-908639508EB8}.Debug with Boost|Win32.Build.0 = Debug|Win32
		{30F3F901-90FB-4575-B557-908639508EB8}.Debug with Boost|x64.ActiveCfg = Debug|Win32
		{30F3F901-90FB-4575-B557-908639508EB8}.Debug|Win32.ActiveCfg = Debug|Win32
		{30F3F901-90FB-4575-B557-908639508EB8}.Debug|Win32.Build.0 = Debug|Win32
		{30F3F901-90FB-4575-B557-908639508EB8}.Debug|x64.ActiveCfg = Debug|Win32
		{30F3F901-90FB-4575-B557-908639508EB8}.PGInstrument|Win32.ActiveCfg = Release|Win32
		{30F3F901-90FB-4575-B557-908639508EB8}.PGInstrument|Win32.Build.0 = Release|Win32
		{30F3F901-90FB-4575-B557-908639508EB8}.PGInstrument|x64.ActiveCfg = Release|Win32
		{30F3F901-90FB-4575-B557-908639508EB8}.PGUpdate|Win32.ActiveCfg = Release|Win32
		{30F3F901-90FB-4575-B557-908639508EB8}.PGUpdate|Win32.Build.0 = Release|Win32
		{30F3F901-90FB-4575-B557-908639508EB8}.PGUpdate|x64.ActiveCfg = Release|Win32
		{30F3F901-90FB-4575-B557-908639508EB8}.Release with Boost|Win32.ActiveCfg = Release|Win32
		{30F3F901-90FB-4575-B557-908639508EB8}.Release with Boost|Win32.Build.0 = Release|Win32
		{30F3F901-90FB-4575-B557-908639508EB8}.Release with Boost|x64.ActiveCfg = Release|Win32
		{30F3F901-90FB-4575-B557-908639508EB8}.Release|Win32.ActiveCfg = Release|Win32
		{30F3F901-90FB-4575-B557-908639508EB8}.Release|Win32.Build.0 = Release|Win32
		{30F3F901-90FB-4575-B557-908639508EB8}.Release|x64.ActiveCfg = Release|Win32
		{944C09CF-ACA1-4FC2-BACA-1C613F66BC6B}.Debug with Boost|Win32.ActiveCfg = Debug|Win32
		{944C09CF-ACA1-4FC2-BACA-1C613F66BC6B}.Debug with Boost|Win32.Build.0 = Debug|Win32
		{944C09CF-ACA1-4FC2-BACA-1C613F66BC6B}.Debug with Boost|x64.ActiveCfg = Debug|Win32
		{944C09CF-ACA1-4FC2-BACA-1C613F66BC6B}.Debug|Win32.ActiveCfg = Debug|Win32
		{944C09CF-ACA1-4FC2-BACA-1C613F66BC6B}.Debug|Win32.Build.0 = Debug|Win32
		{944C09CF-ACA1-4FC2-BACA-1C613F66BC6B}.Debug|x64.ActiveCfg = Debug|Win32
		{944C09CF-ACA1-4FC2-BACA-1C613F66BC6B}.PGInstrument|Win32.ActiveCfg = Release|Win32
		{944C09CF-ACA1-4FC2-BACA-1C613F66BC6B}.PGInstrument|Win32.Build.0 = Release|Win32
		{944C09CF-ACA1-4FC2-BACA-1C613F66BC6B}.PGInstrument|x64.ActiveCfg = Release|Win32
		{944C09CF-ACA1-4FC2-BACA-1C613F66BC6B}.PGUpdate|Win32.ActiveCfg = Release|Win32
		{944C09CF-ACA1-4FC2-BACA-1C613F66BC6B}.PGUpdate|Win32.Build.0 = Release|Win32
		{944C09CF-ACA1-4FC2-BACA-1C613F66BC6B}.PGUpdate|x64.ActiveCfg = Release|Win32
		{944C09CF-ACA1-4FC2-BACA-1C613F66BC6B}.Release with Boost|Win32.ActiveCfg = Release|Win32
		{944C09CF-ACA1-4FC2-BACA-1C613F66BC6B}.Release with Boost|Win32.Build.0 = Release|Win32
		{944C09CF-ACA1-4FC2-BACA-1C613F66BC6B}.Release with Boost|x64.ActiveCfg = Release|Win32
		{944C09CF-ACA1-4FC2-BACA-1C613F66BC6B}.Release|Win32.ActiveCfg = Release|Win32
		{944C09CF-ACA1-4FC2-BACA-1C613F66BC6B}.Release|Win32.Build.0 = Release|Win32
		{944C09CF-ACA1-4FC2-BACA-1C613F66BC6B}.Release|x64.ActiveCfg = Release|Win32
		{5D6F4653-3856-4DF1-80BB-C83864D9D721}.Debug with Boost|Win32.ActiveCfg = Debug|Win32
		{5D6F4653-3856-4DF1-80BB-C83864D9D721}.Debug with Boost|Win32.Build.0 = Debug|Win32
		{5D6F4653-3856-4DF1-80BB-C83864D9D721}.Debug with Boost|x64.ActiveCfg = Debug|Win32
		{5D6F4653-3856-4DF1-80BB-C83864D9D721}.Debug|Win32.ActiveCfg = Debug|Win32
		{5D6F4653-3856-4DF1-80BB-C83864D9D721}.Debug|Win32.Build.0 = Debug|Win32
		{5D6F4653-3856-4DF1-80BB-C83864D9D721}.Debug|x64.ActiveCfg = Debug|Win32
		{5D6F4653-3856-4DF1-80BB-C83864D9D721}.PGInstrument|Win32.ActiveCfg = Release|Win32
		{5D6F4653-3856-4DF1-80BB-C83864D9D721}.PGInstrument|Win32.Build.0 = Release|Win32
		{5D6F4653-3856-4DF1-80BB-C83864D9D721}.PGInstrument|x64.ActiveCfg = Release|Win32
		{5D6F4653-3856-4DF1-80BB-C83864D9D721}.PGUpdate|Win32.ActiveCfg = Release|Win32
		{5D6F4653-3856-4DF1-80BB-C83864D9D721}.PGUpdate|Win32.Build.0 = Release|Win32
		{5D6F4653-3856-4DF1-80BB-C83864D9D721}.PGUpdate|x64.ActiveCfg = Release|Win32
		{5D6F4653-3856-4DF1-80BB-C83864D9D721}.Release with Boost|Win32.ActiveCfg = Release|Win32
		{5D6F4653-3856-4DF1-80BB-C83864D9D721}.Release with Boost|Win32.Build.0 = Release|Win32
		{5D6F4653-3856-4DF1-80BB-C83864D9D721}.Release with Boost|x64.ActiveCfg = Release|Win32
		{5D6F4653-3856-4DF1-80BB-C83864D9D721}.Release|Win32.ActiveCfg = Release|Win32
		{5D6F4653-3856-4DF1-80BB-C83864D9D721}.Release|Win32.Build.0 = Release|Win32
		{5D6F4653-3856-4DF1-80BB-C83864D9D721}.Release|x64.ActiveCfg = Release|Win32
		{F8A0C608-209B-44E9-BAA9-89DA3C4689E8}.Debug with Boost|Win32.ActiveCfg = Debug|Win32
		{F8A0C608-209B-44E9-BAA9-89DA3C4689E8}.Debug with Boost|Win32.Build.0 = Debug|Win32
		{F8A0C608-209B-44E9-BAA9-89DA3C4689E8}.Debug with Boost|x64.ActiveCfg = Debug|Win32
		{F8A0C608-209B-44E9-BAA9-89DA3C4689E8}.Debug|Win32.ActiveCfg = Debug|Win32
		{F8A0C608-209B-44E9-BAA9-89DA3C4689E8}.Debug|Win32.Build.0 = Debug|Win32
		{F8A0C608-209B-44E9-BAA9-89DA3C4689E8}.Debug|x64.ActiveCfg = Debug|Win32
		{F8A0C608-209B-44E9-BAA9-89DA3C4689E8}.PGInstrument|Win32.ActiveCfg = Release|Win32
		{F8A0C608-209B-44E9-BAA9-89DA3C4689E8}.PGInstrument|Win32.Build.0 = Release|Win32
		{F8A0C608-209B-44E9-BAA9-89DA3C4689E8}.PGInstrument|x64.ActiveCfg = Release|Win32
		{F8A0C608-209B-44E9-BAA9-89DA3C4689E8}.PGUpdate|Win32.ActiveCfg = Release|Win32
		{F8A0C608-209B-44E9-BAA9-89DA3C4689E8}.PGUpdate|Win32.Build.0 = Release|Win32
		{F8A0C608-209B-44E9-BAA9-89DA3C4689E8}.PGUpdate|x64.ActiveCfg = Release|Win32
		{F8A0C608-209B-44E9-BAA9-89DA3C4689E8}.Release with Boost|Win32.ActiveCfg = Release|Win32
		{F8A0C608-209B-44E9-BAA9-89DA3C4689E8}.Release with Boost|Win32.Build.0 = Release|Win32
		{F8A0C608-209B-44E9-BAA9-89DA3C4689E8}.Release with Boost|x64.ActiveCfg = Release|Win32
		{F8A0C608-209B-44E9-BAA9-89DA3C4689E8}.Release|Win32.ActiveCfg = Release|Win32
		{F8A0C608-209B-44E9-BAA9-89DA3C4689E8}.Release|Win32.Build.0 = Release|Win32
		{F8A0C608-209B-44E9-BAA9-89DA3C4689E8}.Release|x64.ActiveCfg = Release|Win32
		{C4556761-E3A7-4AB8-9538-7D708F6DFD05}.Debug with Boost|Win32.ActiveCfg = Debug|Win32
		{C4556761-E3A7-4AB8-9538-7D708F6DFD05}.Debug with Boost|Win32.Build.0 = Debug|Win32
		{C4556761-E3A7-4AB8-9538-7D708F6DFD05}.Debug with Boost|x64.ActiveCfg = Debug|Win32
		{C4556761-E3A7-4AB8-9538-7D708F6DFD05}.Debug|Win32.ActiveCfg = Debug|Win32
		{C4556761-E3A7-4AB8-9538-7D708F6DFD05}.Debug|Win32.Build.0 = Debug|Win32
		{C4556761-E3A7-4AB8-9538-7D708F6DFD05}.Debug|x64.ActiveCfg = Debug|Win32
		{C4556761-E3A7-4AB8-9538-7D708F6DFD05}.PGInstrument|Win32.ActiveCfg = Release|Win32
		{C4556761-E3A7-4AB8-9538-7D708F6DFD05}.PGInstrument|Win32.Build.0 = Release|Win32
		{C4556761-E3A7-4AB8-9538-7D708F6DFD05}.PGInstrument|x64.ActiveCfg = Release|Win32
		{C4556761-E3A7-4AB8-9538-7D708F6DFD05}.PGUpdate|Win32.ActiveCfg = Release|Win32
		{C4556761-E3A7-4AB8-9538-7D708F6DFD05}.PGUpdate|Win32.Build.0 = Release|Win32
		{C4556761-E3A7-4AB8-9538-7D708F6DFD05}.PGUpdate|x64.ActiveCfg = Release|Win32
		{C4556761-E3A7-4AB8-9538-7D708F6DFD05}.Release with Boost|Win32.ActiveCfg = Release|Win32
		{C4556761-E3A7-4AB8-9538-7D708F6DFD05}.Release with Boost|Win32.Build.0 = Release|Win32
		{C4556761-E3A7-4AB8-9538-7D708F6DFD05}.Release with Boost|x64.ActiveCfg = Release|Win32
		{C4556761-E3A7-4AB8-9538-7D708F6DFD05}.Release|Win32.ActiveCfg = Release|Win32
		{C4556761-E3A7-4AB8-9538-7D708F6DFD05}.Release|Win32.Build.0 = Release|Win32
		{C4556761-E3A7-4AB8-9538-7D708F6DFD05}.Release|x64.ActiveCfg = Release|Win32
		{7D634450-AAF0-4F15-98E9-FF094C81A834}.Debug with Boost|Win32.ActiveCfg = Debug|Win32
		{7D634450-AAF0-4F15-98E9-FF094C81A834}.Debug with Boost|Win32.Build.0 = Debug|Win32
		{7D634450-AAF0-4F15-98E9-FF094C81A834}.Debug with Boost|x64.ActiveCfg = Debug|Win32
		{7D634450-AAF0-4F15-98E9-FF094C81A834}.Debug|Win32.ActiveCfg = Debug|Win32
		{7D634450-AAF0-4F15-98E9-FF094C81A834}.Debug|Win32.Build.0 = Debug|Win32
		{7D634450-AAF0-4F15-98E9-FF094C81A834}.Debug|x64.ActiveCfg = Debug|Win32
		{7D634450-AAF0-4F15-98E9-FF094C81A834}.PGInstrument|Win32.ActiveCfg = Release|Win32
		{7D634450-AAF0-4F15-98E9-FF094C81A834}.PGInstrument|Win32.Build.0 = Release|Win32
		{7D634450-AAF0-4F15-98E9-FF094C81A834}.PGInstrument|x64.ActiveCfg = Release|Win32
		{7D634450-AAF0-4F15-98E9-FF094C81A834}.PGUpdate|Win32.ActiveCfg = Release|Win32
		{7D634450-AAF0-4F15-98E9-FF094C81A834}.PGUpdate|Win32.Build.0 = Release|Win32
		{7D634450-AAF0-4F15-98E9-FF094C81A834}.PGUpdate|x64.ActiveCfg = Release|Win32
		{7D634450-AAF0-4F15-98E9-FF094C81A834}.Release with Boost|Win32.ActiveCfg = Release|Win32
		{7D634450-AAF0-4F15-98E9-FF094C81A834}.Release with Boost|Win32.Build.0 = Release|Win32
		{7D634450-AAF0-4F15-98E9-FF094C81A834}.Release with Boost|x64.ActiveCfg = Release|Win32
		{7D634450-AAF0-4F15-98E9-FF094C81A834}.Release|Win32.ActiveCfg = Release|Win32
		{7D634450-AAF0-4F15-98E9-FF094C81A834}.Release|Win32.Build.0 = Release|Win32
		{7D634450-AAF0-4F15-98E9-FF094C81A834}.Release|x64.ActiveCfg = Release|Win32
		{3D5B6686-7344-43F6-8598-2E84506D42A4}.Debug with Boost|Win32.ActiveCfg = Debug|Win32
		{3D5B6686-7344-43F6-8598-2E84506D42A4}.Debug with Boost|Win32.Build.0 = Debug|Win32
		{3D5B6686-7344-43F6-8598-2E84506D42A4}.Debug with Boost|x64.ActiveCfg = Debug|Win32
		{3D5B6686-7344-43F6-8598-2E84506D42A4}.Debug|Win32.ActiveCfg = Debug|Win32
		{3D5B6686-7344-43F6-8598-2E84506D42A4}.Debug|Win32.Build.0 = Debug|Win32
		{3D5B6686-7344-43F6-8598-2E84506D42A4}.Debug|x64.ActiveCfg = Debug|Win32
		{3D5B6686-7344-43F6-8598-2E84506D42A4}.PGInstrument|Win32.ActiveCfg = Release|Win32
		{3D5B6686-7344-43F6-8598-2E84506D42A4}.PGInstrument|Win32.Build.0 = Release|Win32
		{3D5B6686-7344-43F6-8598-2E84506D42A4}.PGInstrument|x64.ActiveCfg = Release|Win32
		{3D5B6686-7344-43F6-8598-2E84506D42A4}.PGUpdate|Win32.ActiveCfg = Release|Win32
		{3D5B6686-7344-43F6-8598-2E84506D42A4}.PGUpdate|Win32.Build.0 = Release|Win32
		{3D5B6686-7344-43F6-8598-2E84506D42A4}.PGUpdate|x64.ActiveCfg = Release|Win32
		{3D5B6686-7344-43F6-8598-2E84506D42A4}.Release with Boost|Win32.ActiveCfg = Release|Win32
		{3D5B6686-7344-43F6-8598-2E84506D42A4}.Release with Boost|Win32.Build.0 = Release|Win32
		{3D5B6686-7344-43F6-8598-2E84506D42A4}.Release with Boost|x64.ActiveCfg = Release|Win32
		{3D5B6686-7344-43F6-8598-2E84506D42A4}.Release|Win32.ActiveCfg = Release|Win32
		{3D5B6686-7344-43F6-8598-2E84506D42A4}.Release|Win32.Build.0 = Release|Win32
		{3D5B6686-7344-43F6-8598-2E84506D42A4}.Release|x64.ActiveCfg = Release|Win32
		{F1FBC620-E971-4D15-A2E0-04AAB94CD432}.Debug with Boost|Win32.ActiveCfg = Debug|Win32
		{F1FBC620-E971-4D15-A2E0-04AAB94CD432}.Debug with Boost|Win32.Build.0 = Debug|Win32
		{F1FBC620-E971-4D15-A2E0-04AAB94CD432}.Debug with Boost|x64.ActiveCfg = Debug|Win32
		{F1FBC620-E971-4D15-A2E0-04AAB94CD432}.Debug|Win32.ActiveCfg = Debug|Win32
		{F1FBC620-E971-4D15-A2E0-04AAB94CD432}.Debug|Win32.Build.0 = Debug|Win32
		{F1FBC620-E971-4D15-A2E0-04AAB94CD432}.Debug|x64.ActiveCfg = Debug|Win32
		{F1FBC620-E971-4D15-A2E0-04AAB94CD432}.PGInstrument|Win32.ActiveCfg = Release|Win32
		{F1FBC620-E971-4D15-A2E0-04AAB94CD432}.PGInstrument|Win32.Build.0 = Release|Win32
		{F1FBC620-E971-4D15-A2E0-04AAB94CD432}.PGInstrument|x64.ActiveCfg = Release|Win32
		{F1FBC620-E971-4D15-A2E0-04AAB94CD432}.PGUpdate|Win32.ActiveCfg = Release|Win32
		{F1FBC620-E971-4D15-A2E0-04AAB94CD432}.PGUpdate|Win32.Build.0 = Release|Win32
		{F1FBC620-E971-4D15-A2E0-04AAB94CD432}.PGUpdate|x64.ActiveCfg = Release|Win32
		{F1FBC620-E971-4D15-A2E0-04AAB94CD432}.Release with Boost|Win32.ActiveCfg = Release|Win32
		{F1FBC620-E971-4D15-A2E0-04AAB94CD432}.Release with Boost|Win32.Build.0 = Release|Win32
		{F1FBC620-E971-4D15-A2E0-04AAB94CD432}.Release with Boost|x64.ActiveCfg = Release|Win32
		{F1FBC620-E971-4D15-A2E0-04AAB94CD432}.Release|Win32.ActiveCfg = Release|Win32
		{F1FBC620-E971-4D15-A2E0-04AAB94CD432}.Release|Win32.Build.0 = Release|Win32
		{F1FBC620-E971-4D15-A2E0-04AAB94CD432}.Release|x64.ActiveCfg = Release|Win32
		{AE884E84-CE09-4AB0-AA5F-06F152BF50F5}.Debug with Boost|Win32.ActiveCfg = Debug|Win32
		{AE884E84-CE09-4AB0-AA5F-06F152BF50F5}.Debug with Boost|Win32.Build.0 = Debug|Win32
		{AE884E84-CE09-4AB0-AA5F-06F152BF50F5}.Debug with Boost|x64.ActiveCfg = Debug|Win32
		{AE884E84-CE09-4AB0-AA5F-06F152BF50F5}.Debug|Win32.ActiveCfg = Debug|Win32
		{AE884E84-CE09-4AB0-AA5F-06F152BF50F5}.Debug|Win32.Build.0 = Debug|Win32
		{AE884E84-CE09-4AB0-AA5F-06F152BF50F5}.Debug|x64.ActiveCfg = Debug|Win32
		{AE884E84-CE09-4AB0-AA5F-06F152BF50F5}.PGInstrument|Win32.ActiveCfg = Release|Win32
		{AE884E84-CE09-4AB0-AA5F-06F152BF50F5}.PGInstrument|Win32.Build.0 = Release|Win32
		{AE884E84-CE09-4AB0-AA5F-06F152BF50F5}.PGInstrument|x64.ActiveCfg = Release|Win32
		{AE884E84-CE09-4AB0-AA5F-06F152BF50F5}.PGUpdate|Win32.ActiveCfg = Release|Win32
		{AE884E84-CE09-4AB0-AA5F-06F152BF50F5}.PGUpdate|Win32.Build.0 = Release|Win32
		{AE884E84-CE09-4AB0-AA5F-06F152BF50F5}.PGUpdate|x64.ActiveCfg = Release|Win32
		{AE884E84-CE09-4AB0-AA5F-06F152BF50F5}.Release with Boost|Win32.ActiveCfg = Release|Win32
		{AE884E84-CE09-4AB0-AA5F-06F152BF50F5}.Release with Boost|Win32.Build.0 = Release|Win32
		{AE884E84-CE09-4AB0-AA5F-06F152BF50F5}.Release with Boost|x64.ActiveCfg = Release|Win32
		{AE884E84-CE09-4AB0-AA5F-06F152BF50F5}.Release|Win32.ActiveCfg = Release|Win32
		{AE884E84-CE09-4AB0-AA5F-06F152BF50F5}.Release|Win32.Build.0 = Release|Win32
		{AE884E84-CE09-4AB0-AA5F-06F152BF50F5}.Release|x64.ActiveCfg = Release|Win32
		{B8C26B5B-0806-4D09-87F4-FA75D616CD4D}.Debug with Boost|Win32.ActiveCfg = Debug|Win32
		{B8C26B5B-0806-4D09-87F4-FA75D616CD4D}.Debug with Boost|Win32.Build.0 = Debug|Win32
		{B8C26B5B-0806-4D09-87F4-FA75D616CD4D}.Debug with Boost|x64.ActiveCfg = Debug|Win32
		{B8C26B5B-0806-4D09-87F4-FA75D616CD4D}.Debug|Win32.ActiveCfg = Debug|Win32
		{B8C26B5B-0806-4D09-87F4-FA75D616CD4D}.Debug|Win32.Build.0 = Debug|Win32
		{B8C26B5B-0806-4D09-87F4-FA75D616CD4D}.Debug|x64.ActiveCfg = Debug|Win32
		{B8C26B5B-0806-4D09-87F4-FA75D616CD4D}.PGInstrument|Win32.ActiveCfg = Release|Win32
		{B8C26B5B-0806-4D09-87F4-FA75D616CD4D}.PGInstrument|Win32.Build.0 = Release|Win32
		{B8C26B5B-0806-4D09-87F4-FA75D616CD4D}.PGInstrument|x64.ActiveCfg = Release|Win32
		{B8C26B5B-0806-4D09-87F4-FA75D616CD4D}.PGUpdate|Win32.ActiveCfg = Release|Win32
		{B8C26B5B-0806-4D09-87F4-FA75D616CD4D}.PGUpdate|Win32.Build.0 = Release|Win32
		{B8C26B5B-0806-4D09-87F4-FA75D616CD4D}.PGUpdate|x64.ActiveCfg = Release|Win32
		{B8C26B5B-0806-4D09-87F4-FA75D616CD4D}.Release with Boost|Win32.ActiveCfg = Release|Win32
		{B8C26B5B-0806-4D09-87F4-FA75D616CD4D}.Release with Boost|Win32.Build.0 = Release|Win32
		{B8C26B5B-0806-4D09-87F4-FA75D616CD4D}.Release with Boost|x64.ActiveCfg = Release|Win32
		{B8C26B5B-0806-4D09-87F4-FA75D616CD4D}.Release|Win32.ActiveCfg = Release|Win32
		{B8C26B5B-0806-4D09-87F4-FA75D616CD4D}.Release|Win32.Build.0 = Release|Win32
		{B8C26B5B-0806-4D09-87F4-FA75D616CD4D}.Release|x64.ActiveCfg = Release|Win32
		{0D65D456-4190-478E-8ADC-1A846928883E}.Debug with Boost|Win32.ActiveCfg = Debug|Win32
		{0D65D456-4190-478E-8ADC-1A846928883E}.Debug with Boost|Win32.Build.0 = Debug|Win32
		{0D65D456-4190-478E-8ADC-1A846928883E}.Debug with Boost|x64.ActiveCfg = Debug|Win32
		{0D65D456-4190-478E-8ADC-1A846928883E}.Debug|Win32.ActiveCfg = Debug|Win32
		{0D65D456-4190-478E-8ADC-1A846928883E}.Debug|Win32.Build.0 = Debug|Win32
		{0D65D456-4190-478E-8ADC-1A846928883E}.Debug|x64.ActiveCfg = Debug|Win32
		{0D65D456-4190-478E-8ADC-1A846928883E}.PGInstrument|Win32.ActiveCfg = Release|Win32
		{0D65D456-4190-478E-8ADC-1A846928883E}.PGInstrument|Win32.Build.0 = Release|Win32
		{0D65D456-4190-478E-8ADC-1A846928883E}.PGInstrument|x64.ActiveCfg = Release|Win32
		{0D65D456-4190-478E-8ADC-1A846928883E}.PGUpdate|Win32.ActiveCfg = Release|Win32
		{0D65D456-4190-478E-8ADC-1A846928883E}.PGUpdate|Win32.Build.0 = Release|Win32
		{0D65D456-4190-478E-8ADC-1A846928883E}.PGUpdate|x64.ActiveCfg = Release|Win32
		{0D65D456-4190-478E-8ADC-1A846928883E}.Release with Boost|Win32.ActiveCfg = Release|Win32
		{0D65D456-4190-478E-8ADC-1A846928883E}.Release with Boost|Win32.Build.0 = Release|Win32
		{0D65D456-4190-478E-8ADC-1A846928883E}.Release with Boost|x64.ActiveCfg = Release|Win32
		{0D65D456-4190-478E-8ADC-1A846928883E}.Release|Win32.ActiveCfg = Release|Win32
		{0D65D456-4190-478E-8ADC-1A846928883E}.Release|Win32.Build.0 = Release|Win32
		{0D65D456-4190-478E-8ADC-1A846928883E}.Release|x64.ActiveCfg = Release|Win32
		{982A551E-C956-4D4A-82E6-1E03FA93EDEC}.Debug with Boost|Win32.ActiveCfg = Debug|Win32
		{982A551E-C956-4D4A-82E6-1E03FA93EDEC}.Debug with Boost|Win32.Build.0 = Debug|Win32
		{982A551E-C956-4D4A-82E6-1E03FA93EDEC}.Debug with Boost|x64.ActiveCfg = Debug|Win32
		{982A551E-C956-4D4A-82E6-1E03FA93EDEC}.Debug|Win32.ActiveCfg = Debug|Win32
		{982A551E-C956-4D4A-82E6-1E03FA93EDEC}.Debug|Win32.Build.0 = Debug|Win32
		{982A551E-C956-4D4A-82E6-1E03FA93EDEC}.Debug|x64.ActiveCfg = Debug|Win32
		{982A551E-C956-4D4A-82E6-1E03FA93EDEC}.PGInstrument|Win32.ActiveCfg = Release|Win32
		{982A551E-C956-4D4A-82E6-1E03FA93EDEC}.PGInstrument|Win32.Build.0 = Release|Win32
		{982A551E-C956-4D4A-82E6-1E03FA93EDEC}.PGInstrument|x64.ActiveCfg = Release|Win32
		{982A551E-C956-4D4A-82E6-1E03FA93EDEC}.PGUpdate|Win32.ActiveCfg = Release|Win32
		{982A551E-C956-4D4A-82E6-1E03FA93EDEC}.PGUpdate|Win32.Build.0 = Release|Win32
		{982A551E-C956-4D4A-82E6-1E03FA93EDEC}.PGUpdate|x64.ActiveCfg = Release|Win32
		{982A551E-C956-4D4A-82E6-1E03FA93EDEC}.Release with Boost|Win32.ActiveCfg = Release|Win32
		{982A551E-C956-4D4A-82E6-1E03FA93EDEC}.Release with Boost|Win32.Build.0 = Release|Win32
		{982A551E-C956-4D4A-82E6-1E03FA93EDEC}.Release with Boost|x64.ActiveCfg = Release|Win32
		{982A551E-C956-4D4A-82E6-1E03FA93EDEC}.Release|Win32.ActiveCfg = Release|Win32
		{982A551E-C956-4D4A-82E6-1E03FA93EDEC}.Release|Win32.Build.0 = Release|Win32
		{982A551E-C956-4D4A-82E6-1E03FA93EDEC}.Release|x64.ActiveCfg = Release|Win32
		{E7778EE4-D3F5-4EB5-A918-4446615AD72D}.Debug with Boost|Win32.ActiveCfg = Debug|Win32
		{E7778EE4-D3F5-4EB5-A918-4446615AD72D}.Debug with Boost|Win32.Build.0 = Debug|Win32
		{E7778EE4-D3F5-4EB5-A918-4446615AD72D}.Debug with Boost|x64.ActiveCfg = Debug|Win32
		{E7778EE4-D3F5-4EB5-A918-4446615AD72D}.Debug|Win32.ActiveCfg = Debug|Win32
		{E7778EE4-D3F5-4EB5-A918-4446615AD72D}.Debug|Win32.Build.0 = Debug|Win32
		{E7778EE4-D3F5-4EB5-A918-4446615AD72D}.Debug|x64.ActiveCfg = Debug|Win32
		{E7778EE4-D3F5-4EB5-A918-4446615AD72D}.PGInstrument|Win32.ActiveCfg = Release|Win32
		{E7778EE4-D3F5-4EB5-A918-4446615AD72D}.PGInstrument|Win32.Build.0 = Release|Win32
		{E7778EE4-D3F5-4EB5-A918-4446615AD72D}.PGInstrument|x64.ActiveCfg = Release|Win32
		{E7778EE4-D3F5-4EB5-A918-4446615AD72D}.PGUpdate|Win32.ActiveCfg = Release|Win32
		{E7778EE4-D3F5-4EB5-A918-4446615AD72D}.PGUpdate|Win32.Build.0 = Release|Win32
		{E7778EE4-D3F5-4EB5-A918-4446615AD72D}.PGUpdate|x64.ActiveCfg = Release|Win32
		{E7778EE4-D3F5-4EB5-A918-4446615AD72D}.Release with Boost|Win32.ActiveCfg = Release|Win32
		{E7778EE4-D3F5-4EB5-A918-4446615AD72D}.Release with Boost|Win32.Build.0 = Release|Win32
		{E7778EE4-D3F5-4EB5-A918-4446615AD72D}.Release with Boost|x64.ActiveCfg = Release|Win32
		{E7778EE4-D3F5-4EB5-A918-4446615AD72D}.Release|Win32.ActiveCfg = Release|Win32
		{E7778EE4-D3F5-4EB5-A918-4446615AD72D}.Release|Win32.Build.0 = Release|Win32
		{E7778EE4-D3F5-4EB5-A918-4446615AD72D}.Release|x64.ActiveCfg = Release|Win32
		{6750C61B-2842-470D-83D1-9A4843F7F6A6}.Debug with Boost|Win32.ActiveCfg = Debug|Win32
		{6750C61B-2842-470D-83D1-9A4843F7F6A6}.Debug with Boost|Win32.Build.0 = Debug|Win32
		{6750C61B-2842-470D-83D1-9A4843F7F6A6}.Debug with Boost|x64.ActiveCfg = Debug|Win32
		{6750C61B-2842-470D-83D1-9A4843F7F6A6}.Debug|Win32.ActiveCfg = Debug|Win32
		{6750C61B-2842-470D-83D1-9A4843F7F6A6}.Debug|Win32.Build.0 = Debug|Win32
		{6750C61B-2842-470D-83D1-9A4843F7F6A6}.Debug|x64.ActiveCfg = Debug|Win32
		{6750C61B-2842-470D-83D1-9A4843F7F6A6}.PGInstrument|Win32.ActiveCfg = Release|Win32
		{6750C61B-2842-470D-83D1-9A4843F7F6A6}.PGInstrument|Win32.Build.0 = Release|Win32
		{6750C61B-2842-470D-83D1-9A4843F7F6A6}.PGInstrument|x64.ActiveCfg = Release|Win32
		{6750C61B-2842-470D-83D1-9A4843F7F6A6}.PGUpdate|Win32.ActiveCfg = Release|Win32
		{6750C61B-2842-470D-83D1-9A4843F7F6A6}.PGUpdate|Win32.Build.0 = Release|Win32
		{6750C61B-2842-470D-83D1-9A4843F7F6A6}.PGUpdate|x64.ActiveCfg = Release|Win32
		{6750C61B-2842-470D-83D1-9A4843F7F6A6}.Release with Boost|Win32.ActiveCfg = Release|Win32
		{6750C61B-2842-470D-83D1-9A4843F7F6A6}.Release with Boost|Win32.Build.0 = Release|Win32
		{6750C61B-2842-470D-83D1-9A4843F7F6A6}.Release with Boost|x64.ActiveCfg = Release|Win32
		{6750C61B-2842-470D-83D1-9A4843F7F6A6}.Release|Win32.ActiveCfg = Release|Win32
		{6750C61B-2842-470D-83D1-9A4843F7F6A6}.Release|Win32.Build.0 = Release|Win32
		{6750C61B-2842-470D-83D1-9A4843F7F6A6}.Release|x64.ActiveCfg = Release|Win32
		{EA4D857B-4AD4-47D1-A124-864A6D976BEB}.Debug with Boost|Win32.ActiveCfg = Debug|Win32
		{EA4D857B-4AD4-47D1-A124-864A6D976BEB}.Debug with Boost|Win32.Build.0 = Debug|Win32
		{EA4D857B-4AD4-47D1-A124-864A6D976BEB}.Debug with Boost|x64.ActiveCfg = Debug|Win32
		{EA4D857B-4AD4-47D1-A124-864A6D976BEB}.Debug|Win32.ActiveCfg = Debug|Win32
		{EA4D857B-4AD4-47D1-A124-864A6D976BEB}.Debug|Win32.Build.0 = Debug|Win32
		{EA4D857B-4AD4-47D1-A124-864A6D976BEB}.Debug|x64.ActiveCfg = Debug|Win32
		{EA4D857B-4AD4-47D1-A124-864A6D976BEB}.PGInstrument|Win32.ActiveCfg = Release|Win32
		{EA4D857B-4AD4-47D1-A124-864A6D976BEB}.PGInstrument|Win32.Build.0 = Release|Win32
		{EA4D857B-4AD4-47D1-A124-864A6D976BEB}.PGInstrument|x64.ActiveCfg = Release|Win32
		{EA4D857B-4AD4-47D1-A124-864A6D976BEB}.PGUpdate|Win32.ActiveCfg = Release|Win32
		{EA4D857B-4AD4-47D1-A124-864A6D976BEB}.PGUpdate|Win32.Build.0 = Release|Win32
		{EA4D857B-4AD4-47D1-A124-864A6D976BEB}.PGUpdate|x64.ActiveCfg = Release|Win32
		{EA4D857B-4AD4-47D1-A124-864A6D976BEB}.Release with Boost|Win32.ActiveCfg = Release|Win32
		{EA4D857B-4AD4-47D1-A124-864A6D976BEB}.Release with Boost|Win32.Build.0 = Release|Win32
		{EA4D857B-4AD4-47D1-A124-864A6D976BEB}.Release with Boost|x64.ActiveCfg = Release|Win32
		{EA4D857B-4AD4-47D1-A124-864A6D976BEB}.Release|Win32.ActiveCfg = Release|Win32
		{EA4D857B-4AD4-47D1-A124-864A6D976BEB}.Release|Win32.Build.0 = Release|Win32
		{EA4D857B-4AD4-47D1-A124-864A6D976BEB}.Release|x64.ActiveCfg = Release|Win32
		{70AB8C07-A375-4365-BF33-F82F31E6A0C9}.Debug with Boost|Win32.ActiveCfg = Debug|Win32
		{70AB8C07-A375-4365-BF33-F82F31E6A0C9}.Debug with Boost|Win32.Build.0 = Debug|Win32
		{70AB8C07-A375-4365-BF33-F82F31E6A0C9}.Debug with Boost|x64.ActiveCfg = Debug|Win32
		{70AB8C07-A375-4365-BF33-F82F31E6A0C9}.Debug|Win32.ActiveCfg = Debug|Win32
		{70AB8C07-A375-4365-BF33-F82F31E6A0C9}.Debug|Win32.Build.0 = Debug|Win32
		{70AB8C07-A375-4365-BF33-F82F31E6A0C9}.Debug|x64.ActiveCfg = Debug|Win32
		{70AB8C07-A375-4365-BF33-F82F31E6A0C9}.PGInstrument|Win32.ActiveCfg = Release|Win32
		{70AB8C07-A375-4365-BF33-F82F31E6A0C9}.PGInstrument|Win32.Build.0 = Release|Win32
		{70AB8C07-A375-4365-BF33-F82F31E6A0C9}.PGInstrument|x64.ActiveCfg = Release|Win32
		{70AB8C07-A375-4365-BF33-F82F31E6A0C9}.PGUpdate|Win32.ActiveCfg = Release|Win32
		{70AB8C07-A375-4365-BF33-F82F31E6A0C9}.PGUpdate|Win32.Build.0 = Release|Win32
		{70AB8C07-A375-4365-BF33-F82F31E6A0C9}.PGUpdate|x64.ActiveCfg = Release|Win32
		{70AB8C07-A375-4365-BF33-F82F31E6A0C9}.Release with Boost|Win32.ActiveCfg = Release|Win32
		{70AB8C07-A375-4365-BF33-F82F31E6A0C9}.Release with Boost|Win32.Build.0 = Release|Win32
		{70AB8C07-A375-4365-BF33-F82F31E6A0C9}.Release with Boost|x64.ActiveCfg = Release|Win32
		{70AB8C07-A375-4365-BF33-F82F31E6A0C9}.Release|Win32.ActiveCfg = Release|Win32
		{70AB8C07-A375-4365-BF33-F82F31E6A0C9}.Release|Win32.Build.0 = Release|Win32
		{70AB8C07-A375-4365-BF33-F82F31E6A0C9}.Release|x64.ActiveCfg = Release|Win32
		{EAAA8CF4-63CD-4D39-AE84-985536FD7111}.Debug with Boost|Win32.ActiveCfg = Debug|Win32
		{EAAA8CF4-63CD-4D39-AE84-985536FD7111}.Debug with Boost|Win32.Build.0 = Debug|Win32
		{EAAA8CF4-63CD-4D39-AE84-985536FD7111}.Debug with Boost|x64.ActiveCfg = Debug|Win32
		{EAAA8CF4-63CD-4D39-AE84-985536FD7111}.Debug|Win32.ActiveCfg = Debug|Win32
		{EAAA8CF4-63CD-4D39-AE84-985536FD7111}.Debug|Win32.Build.0 = Debug|Win32
		{EAAA8CF4-63CD-4D39-AE84-985536FD7111}.Debug|x64.ActiveCfg = Debug|Win32
		{EAAA8CF4-63CD-4D39-AE84-985536FD7111}.PGInstrument|Win32.ActiveCfg = Release|Win32
		{EAAA8CF4-63CD-4D39-AE84-985536FD7111}.PGInstrument|Win32.Build.0 = Release|Win32
		{EAAA8CF4-63CD-4D39-AE84-985536FD7111}.PGInstrument|x64.ActiveCfg = Release|Win32
		{EAAA8CF4-63CD-4D39-AE84-985536FD7111}.PGUpdate|Win32.ActiveCfg = Release|Win32
		{EAAA8CF4-63CD-4D39-AE84-985536FD7111}.PGUpdate|Win32.Build.0 = Release|Win32
		{EAAA8CF4-63CD-4D39-AE84-985536FD7111}.PGUpdate|x64.ActiveCfg = Release|Win32
		{EAAA8CF4-63CD-4D39-AE84-985536FD7111}.Release with Boost|Win32.ActiveCfg = Release|Win32
		{EAAA8CF4-63CD-4D39-AE84-985536FD7111}.Release with Boost|Win32.Build.0 = Release|Win32
		{EAAA8CF4-63CD-4D39-AE84-985536FD7111}.Release with Boost|x64.ActiveCfg = Release|Win32
		{EAAA8CF4-63CD-4D39-AE84-985536FD7111}.Release|Win32.ActiveCfg = Release|Win32
		{EAAA8CF4-63CD-4D39-AE84-985536FD7111}.Release|Win32.Build.0 = Release|Win32
		{EAAA8CF4-63CD-4D39-AE84-985536FD7111}.Release|x64.ActiveCfg = Release|Win32
		{659C96F9-1860-408D-B22E-806BB4E4335D}.Debug with Boost|Win32.ActiveCfg = Debug|Win32
		{659C96F9-1860-408D-B22E-806BB4E4335D}.Debug with Boost|Win32.Build.0 = Debug|Win32
		{659C96F9-1860-408D-B22E-806BB4E4335D}.Debug with Boost|x64.ActiveCfg = Debug|Win32
		{659C96F9-1860-408D-B22E-806BB4E4335D}.Debug|Win32.ActiveCfg = Debug|Win32
		{659C96F9-1860-408D-B22E-806BB4E4335D}.Debug|Win32.Build.0 = Debug|Win32
		{659C96F9-1860-408D-B22E-806BB4E4335D}.Debug|x64.ActiveCfg = Debug|Win32
		{659C96F9-1860-408D-B22E-806BB4E4335D}.PGInstrument|Win32.ActiveCfg = Release|Win32
		{659C96F9-1860-408D-B22E-806BB4E4335D}.PGInstrument|Win32.Build.0 = Release|Win32
		{659C96F9-1860-408D-B22E-806BB4E4335D}.PGInstrument|x64.ActiveCfg = Release|Win32
		{659C96F9-1860-408D-B22E-806BB4E4335D}.PGUpdate|Win32.ActiveCfg = Release|Win32
		{659C96F9-1860-408D-B22E-806BB4E4335D}.PGUpdate|Win32.Build.0 = Release|Win32
		{659C96F9-1860-408D-B22E-806BB4E4335D}.PGUpdate|x64.ActiveCfg = Release|Win32
		{659C96F9-1860-408D-B22E-806BB4E4335D}.Release with Boost|Win32.ActiveCfg = Release|Win32
		{659C96F9-1860-408D-B22E-806BB4E4335D}.Release with Boost|Win32.Build.0 = Release|Win32
		{659C96F9-1860-408D-B22E-806BB4E4335D}.Release with Boost|x64.ActiveCfg = Release|Win32
		{659C96F9-1860-408D-B22E-806BB4E4335D}.Release|Win32.ActiveCfg = Release|Win32
		{659C96F9-1860-408D-B22E-806BB4E4335D}.Release|Win32.Build.0 = Release|Win32
		{659C96F9-1860-408D-B22E-806BB4E4335D}.Release|x64.ActiveCfg = Release|Win32
		{2963AF15-65ED-4CF1-8726-17145841D7A9}.Debug with Boost|Win32.ActiveCfg = Debug|Win32
		{2963AF15-65ED-4CF1-8726-17145841D7A9}.Debug with Boost|Win32.Build.0 = Debug|Win32
		{2963AF15-65ED-4CF1-8726-17145841D7A9}.Debug with Boost|x64.ActiveCfg = Debug|Win32
		{2963AF15-65ED-4CF1-8726-17145841D7A9}.Debug|Win32.ActiveCfg = Debug|Win32
		{2963AF15-65ED-4CF1-8726-17145841D7A9}.Debug|Win32.Build.0 = Debug|Win32
		{2963AF15-65ED-4CF1-8726-17145841D7A9}.Debug|x64.ActiveCfg = Debug|Win32
		{2963AF15-65ED-4CF1-8726-17145841D7A9}.PGInstrument|Win32.ActiveCfg = Release|Win32
		{2963AF15-65ED-4CF1-8726-17145841D7A9}.PGInstrument|Win32.Build.0 = Release|Win32
		{2963AF15-65ED-4CF1-8726-17145841D7A9}.PGInstrument|x64.ActiveCfg = Release|Win32
		{2963AF15-65ED-4CF1-8726-17145841D7A9}.PGUpdate|Win32.ActiveCfg = Release|Win32
		{2963AF15-65ED-4CF1-8726-17145841D7A9}.PGUpdate|Win32.Build.0 = Release|Win32
		{2963AF15-65ED-4CF1-8726-17145841D7A9}.PGUpdate|x64.ActiveCfg = Release|Win32
		{2963AF15-65ED-4CF1-8726-17145841D7A9}.Release with Boost|Win32.ActiveCfg = Release|Win32
		{2963AF15-65ED-4CF1-8726-17145841D7A9}.Release with Boost|Win32.Build.0 = Release|Win32
		{2963AF15-65ED-4CF1-8726-17145841D7A9}.Release with Boost|x64.ActiveCfg = Release|Win32
		{2963AF15-65ED-4CF1-8726-17145841D7A9}.Release|Win32.ActiveCfg = Release|Win32
		{2963AF15-65ED-4CF1-8726-17145841D7A9}.Release|Win32.Build.0 = Release|Win32
		{2963AF15-65ED-4CF1-8726-17145841D7A9}.Release|x64.ActiveCfg = Release|Win32
		{0444D026-9491-4420-B72C-CFC54A3DE91A}.Debug with Boost|Win32.ActiveCfg = Debug|Win32
		{0444D026-9491-4420-B72C-CFC54A3DE91A}.Debug with Boost|Win32.Build.0 = Debug|Win32
		{0444D026-9491-4420-B72C-CFC54A3DE91A}.Debug with Boost|x64.ActiveCfg = Debug|Win32
		{0444D026-9491-4420-B72C-CFC54A3DE91A}.Debug|Win32.ActiveCfg = Debug|Win32
		{0444D026-9491-4420-B72C-CFC54A3DE91A}.Debug|Win32.Build.0 = Debug|Win32
		{0444D026-9491-4420-B72C-CFC54A3DE91A}.Debug|x64.ActiveCfg = Debug|Win32
		{0444D026-9491-4420-B72C-CFC54A3DE91A}.PGInstrument|Win32.ActiveCfg = Release|Win32
		{0444D026-9491-4420-B72C-CFC54A3DE91A}.PGInstrument|Win32.Build.0 = Release|Win32
		{0444D026-9491-4420-B72C-CFC54A3DE91A}.PGInstrument|x64.ActiveCfg = Release|Win32
		{0444D026-9491-4420-B72C-CFC54A3DE91A}.PGUpdate|Win32.ActiveCfg = Release|Win32
		{0444D026-9491-4420-B72C-CFC54A3DE91A}.PGUpdate|Win32.Build.0 = Release|Win32
		{0444D026-9491-4420-B72C-CFC54A3DE91A}.PGUpdate|x64.ActiveCfg = Release|Win32
		{0444D026-9491-4420-B72C-CFC54A3DE91A}.Release with Boost|Win32.ActiveCfg = Release|Win32
		{0444D026-9491-4420-B72C-CFC54A3DE91A}.Release with Boost|Win32.Build.0 = Release|Win32
		{0444D026-9491-4420-B72C-CFC54A3DE91A}.Release with Boost|x64.ActiveCfg = Release|Win32
		{0444D026-9491-4420-B72C-CFC54A3DE91A}.Release|Win32.ActiveCfg = Release|Win32
		{0444D026-9491-4420-B72C-CFC54A3DE91A}.Release|Win32.Build.0 = Release|Win32
		{0444D026-9491-4420-B72C-CFC54A3DE91A}.Release|x64.ActiveCfg = Release|Win32
		{0B75DD3D-9F33-4548-92AB-A99160E387E5}.Debug with Boost|Win32.ActiveCfg = Debug|Win32
		{0B75DD3D-9F33-4548-92AB-A99160E387E5}.Debug with Boost|Win32.Build.0 = Debug|Win32
		{0B75DD3D-9F33-4548-92AB-A99160E387E5}.Debug with Boost|x64.ActiveCfg = Debug|Win32
		{0B75DD3D-9F33-4548-92AB-A99160E387E5}.Debug|Win32.ActiveCfg = Debug|Win32
		{0B75DD3D-9F33-4548-92AB-A99160E387E5}.Debug|Win32.Build.0 = Debug|Win32
		{0B75DD3D-9F33-4548-92AB-A99160E387E5}.Debug|x64.ActiveCfg = Debug|Win32
		{0B75DD3D-9F33-4548-92AB-A99160E387E5}.PGInstrument|Win32.ActiveCfg = Release|Win32
		{0B75DD3D-9F33-4548-92AB-A99160E387E5}.PGInstrument|Win32.Build.0 = Release|Win32
		{0B75DD3D-9F33-4548-92AB-A99160E387E5}.PGInstrument|x64.ActiveCfg = Release|Win32
		{0B75DD3D-9F33-4548-92AB-A99160E387E5}.PGUpdate|Win32.ActiveCfg = Release|Win32
		{0B75DD3D-9F33-4548-92AB-A99160E387E5}.PGUpdate|Win32.Build.0 = Release|Win32
		{0B75DD3D-9F33-4548-92AB-A99160E387E5}.PGUpdate|x64.ActiveCfg = Release|Win32
		{0B75DD3D-9F33-4548-92AB-A99160E387E5}.Release with Boost|Win32.ActiveCfg = Release|Win32
		{0B75DD3D-9F33-4548-92AB-A99160E387E5}.Release with Boost|Win32.Build.0 = Release|Win32
		{0B75DD3D-9F33-4548-92AB-A99160E387E5}.Release with Boost|x64.ActiveCfg = Release|Win32
		{0B75DD3D-9F33-4548-92AB-A99160E387E5}.Release|Win32.ActiveCfg = Release|Win32
		{0B75DD3D-9F33-4548-92AB-A99160E387E5}.Release|Win32.Build.0 = Release|Win32
		{0B75DD3D-9F33-4548-92AB-A99160E387E5}.Release|x64.ActiveCfg = Release|Win32
		{991E01F4-126B-4640-B9BF-3DEE9466207F}.Debug with Boost|Win32.ActiveCfg = Debug|Win32
		{991E01F4-126B-4640-B9BF-3DEE9466207F}.Debug with Boost|Win32.Build.0 = Debug|Win32
		{991E01F4-126B-4640-B9BF-3DEE9466207F}.Debug with Boost|x64.ActiveCfg = Debug|Win32
		{991E01F4-126B-4640-B9BF-3DEE9466207F}.Debug|Win32.ActiveCfg = Debug|Win32
		{991E01F4-126B-4640-B9BF-3DEE9466207F}.Debug|Win32.Build.0 = Debug|Win32
		{991E01F4-126B-4640-B9BF-3DEE9466207F}.Debug|x64.ActiveCfg = Debug|Win32
		{991E01F4-126B-4640-B9BF-3DEE9466207F}.PGInstrument|Win32.ActiveCfg = Release|Win32
		{991E01F4-126B-4640-B9BF-3DEE9466207F}.PGInstrument|Win32.Build.0 = Release|Win32
		{991E01F4-126B-4640-B9BF-3DEE9466207F}.PGInstrument|x64.ActiveCfg = Release|Win32
		{991E01F4-126B-4640-B9BF-3DEE9466207F}.PGUpdate|Win32.ActiveCfg = Release|Win32
		{991E01F4-126B-4640-B9BF-3DEE9466207F}.PGUpdate|Win32.Build.0 = Release|Win32
		{991E01F4-126B-4640-B9BF-3DEE9466207F}.PGUpdate|x64.ActiveCfg = Release|Win32
		{991E01F4-126B-4640-B9BF-3DEE9466207F}.Release with Boost|Win32.ActiveCfg = Release|Win32
		{991E01F4-126B-4640-B9BF-3DEE9466207F}.Release with Boost|Win32.Build.0 = Release|Win32
		{991E01F4-126B-4640-B9BF-3DEE9466207F}.Release with Boost|x64.ActiveCfg = Release|Win32
		{991E01F4-126B-4640-B9BF-3DEE9466207F}.Release|Win32.ActiveCfg = Release|Win32
		{991E01F4-126B-4640-B9BF-3DEE9466207F}.Release|Win32.Build.0 = Release|Win32
		{991E01F4-126B-4640-B9BF-3DEE9466207F}.Release|x64.ActiveCfg = Release|Win32
		{D394A291-BEDE-4059-8725-44DCD72F5946}.Debug with Boost|Win32.ActiveCfg = Debug|Win32
		{D394A291-BEDE-4059-8725-44DCD72F5946}.Debug with Boost|Win32.Build.0 = Debug|Win32
		{D394A291-BEDE-4059-8725-44DCD72F5946}.Debug with Boost|x64.ActiveCfg = Debug|Win32
		{D394A291-BEDE-4059-8725-44DCD72F5946}.Debug|Win32.ActiveCfg = Debug|Win32
		{D394A291-BEDE-4059-8725-44DCD72F5946}.Debug|Win32.Build.0 = Debug|Win32
		{D394A291-BEDE-4059-8725-44DCD72F5946}.Debug|x64.ActiveCfg = Debug|Win32
		{D394A291-BEDE-4059-8725-44DCD72F5946}.PGInstrument|Win32.ActiveCfg = Release|Win32
		{D394A291-BEDE-4059-8725-44DCD72F5946}.PGInstrument|Win32.Build.0 = Release|Win32
		{D394A291-BEDE-4059-8725-44DCD72F5946}.PGInstrument|x64.ActiveCfg = Release|Win32
		{D394A291-BEDE-4059-8725-44DCD72F5946}.PGUpdate|Win32.ActiveCfg = Release|Win32
		{D394A291-BEDE-4059-8725-44DCD72F5946}.PGUpdate|Win32.Build.0 = Release|Win32
		{D394A291-BEDE-4059-8725-44DCD72F5946}.PGUpdate|x64.ActiveCfg = Release|Win32
		{D394A291-BEDE-4059-8725-44DCD72F5946}.Release with Boost|Win32.ActiveCfg = Release|Win32
		{D394A291-BEDE-4059-8725-44DCD72F5946}.Release with Boost|Win32.Build.0 = Release|Win32
		{D394A291-BEDE-4059-8725-44DCD72F5946}.Release with Boost|x64.ActiveCfg = Release|Win32
		{D394A291-BEDE-4059-8725-44DCD72F5946}.Release|Win32.ActiveCfg = Release|Win32
		{D394A291-BEDE-4059-8725-44DCD72F5946}.Release|Win32.Build.0 = Release|Win32
		{D394A291-BEDE-4059-8725-44DCD72F5946}.Release|x64.ActiveCfg = Release|Win32
		{8119B77A-BD93-4609-91C8-0BD1F5483888}.Debug with Boost|Win32.ActiveCfg = Debug|Win32
		{8119B77A-BD93-4609-91C8-0BD1F5483888}.Debug with Boost|Win32.Build.0 = Debug|Win32
		{8119B77A-BD93-4609-91C8-0BD1F5483888}.Debug with Boost|x64.ActiveCfg = Debug|Win32
		{8119B77A-BD93-4609-91C8-0BD1F5483888}.Debug|Win32.ActiveCfg = Debug|Win32
		{8119B77A-BD93-4609-91C8-0BD1F5483888}.Debug|Win32.Build.0 = Debug|Win32
		{8119B77A-BD93-4609-91C8-0BD1F5483888}.Debug|x64.ActiveCfg = Debug|Win32
		{8119B77A-BD93-4609-91C8-0BD1F5483888}.PGInstrument|Win32.ActiveCfg = Release|Win32
		{8119B77A-BD93-4609-91C8-0BD1F5483888}.PGInstrument|Win32.Build.0 = Release|Win32
		{8119B77A-BD93-4609-91C8-0BD1F5483888}.PGInstrument|x64.ActiveCfg = Release|Win32
		{8119B77A-BD93-4609-91C8-0BD1F5483888}.PGUpdate|Win32.ActiveCfg = Release|Win32
		{8119B77A-BD93-4609-91C8-0BD1F5483888}.PGUpdate|Win32.Build.0 = Release|Win32
		{8119B77A-BD93-4609-91C8-0BD1F5483888}.PGUpdate|x64.ActiveCfg = Release|Win32
		{8119B77A-BD93-4609-91C8-0BD1F5483888}.Release with Boost|Win32.ActiveCfg = Release|Win32
		{8119B77A-BD93-4609-91C8-0BD1F5483888}.Release with Boost|Win32.Build.0 = Release|Win32
		{8119B77A-BD93-4609-91C8-0BD1F5483888}.Release with Boost|x64.ActiveCfg = Release|Win32
		{8119B77A-BD93-4609-91C8-0BD1F5483888}.Release|Win32.ActiveCfg = Release|Win32
		{8119B77A-BD93-4609-91C8-0BD1F5483888}.Release|Win32.Build.0 = Release|Win32
		{8119B77A-BD93-4609-91C8-0BD1F5483888}.Release|x64.ActiveCfg = Release|Win32
		{B5C17CFE-CB4A-4E36-9864-15C481E7FCCC}.Debug with Boost|Win32.ActiveCfg = Debug|Win32
		{B5C17CFE-CB4A-4E36-9864-15C481E7FCCC}.Debug with Boost|Win32.Build.0 = Debug|Win32
		{B5C17CFE-CB4A-4E36-9864-15C481E7FCCC}.Debug with Boost|x64.ActiveCfg = Debug|Win32
		{B5C17CFE-CB4A-4E36-9864-15C481E7FCCC}.Debug|Win32.ActiveCfg = Debug|Win32
		{B5C17CFE-CB4A-4E36-9864-15C481E7FCCC}.Debug|Win32.Build.0 = Debug|Win32
		{B5C17CFE-CB4A-4E36-9864-15C481E7FCCC}.Debug|x64.ActiveCfg = Debug|Win32
		{B5C17CFE-CB4A-4E36-9864-15C481E7FCCC}.PGInstrument|Win32.ActiveCfg = Release|Win32
		{B5C17CFE-CB4A-4E36-9864-15C481E7FCCC}.PGInstrument|Win32.Build.0 = Release|Win32
		{B5C17CFE-CB4A-4E36-9864-15C481E7FCCC}.PGInstrument|x64.ActiveCfg = Release|Win32
		{B5C17CFE-CB4A-4E36-9864-15C481E7FCCC}.PGUpdate|Win32.ActiveCfg = Release|Win32
		{B5C17CFE-CB4A-4E36-9864-15C481E7FCCC}.PGUpdate|Win32.Build.0 = Release|Win32
		{B5C17CFE-CB4A-4E36-9864-15C481E7FCCC}.PGUpdate|x64.ActiveCfg = Release|Win32
		{B5C17CFE-CB4A-4E36-9864-15C481E7FCCC}.Release with Boost|Win32.ActiveCfg = Release|Win32
		{B5C17CFE-CB4A-4E36-9864-15C481E7FCCC}.Release with Boost|Win32.Build.0 = Release|Win32
		{B5C17CFE-CB4A-4E36-9864-15C481E7FCCC}.Release with Boost|x64.ActiveCfg = Release|Win32
		{B5C17CFE-CB4A-4E36-9864-15C481E7FCCC}.Release|Win32.ActiveCfg = Release|Win32
		{B5C17CFE-CB4A-4E36-9864-15C481E7FCCC}.Release|Win32.Build.0 = Release|Win32
		{B5C17CFE-CB4A-4E36-9864-15C481E7FCCC}.Release|x64.ActiveCfg = Release|Win32
		{8F75284D-064A-4E34-9328-7755BF5EF08F}.Debug with Boost|Win32.ActiveCfg = Debug|Win32
		{8F75284D-064A-4E34-9328-7755BF5EF08F}.Debug with Boost|Win32.Build.0 = Debug|Win32
		{8F75284D-064A-4E34-9328-7755BF5EF08F}.Debug with Boost|x64.ActiveCfg = Debug|Win32
		{8F75284D-064A-4E34-9328-7755BF5EF08F}.Debug|Win32.ActiveCfg = Debug|Win32
		{8F75284D-064A-4E34-9328-7755BF5EF08F}.Debug|Win32.Build.0 = Debug|Win32
		{8F75284D-064A-4E34-9328-7755BF5EF08F}.Debug|x64.ActiveCfg = Debug|Win32
		{8F75284D-064A-4E34-9328-7755BF5EF08F}.PGInstrument|Win32.ActiveCfg = Release|Win32
		{8F75284D-064A-4E34-9328-7755BF5EF08F}.PGInstrument|Win32.Build.0 = Release|Win32
		{8F75284D-064A-4E34-9328-7755BF5EF08F}.PGInstrument|x64.ActiveCfg = Release|Win32
		{8F75284D-064A-4E34-9328-7755BF5EF08F}.PGUpdate|Win32.ActiveCfg = Release|Win32
		{8F75284D-064A-4E34-9328-7755BF5EF08F}.PGUpdate|Win32.Build.0 = Release|Win32
		{8F75284D-064A-4E34-9328-7755BF5EF08F}.PGUpdate|x64.ActiveCfg = Release|Win32
		{8F75284D-064A-4E34-9328-7755BF5EF08F}.Release with Boost|Win32.ActiveCfg = Release|Win32
		{8F75284D-064A-4E34-9328-7755BF5EF08F}.Release with Boost|Win32.Build.0 = Release|Win32
		{8F75284D-064A-4E34-9328-7755BF5EF08F}.Release with Boost|x64.ActiveCfg = Release|Win32
		{8F75284D-064A-4E34-9328-7755BF5EF08F}.Release|Win32.ActiveCfg = Release|Win32
		{8F75284D-064A-4E34-9328-7755BF5EF08F}.Release|Win32.Build.0 = Release|Win32
		{8F75284D-064A-4E34-9328-7755BF5EF08F}.Release|x64.ActiveCfg = Release|Win32
	EndGlobalSection
	GlobalSection(SolutionProperties) = preSolution
		HideSolutionNode = FALSE
	EndGlobalSection
	GlobalSection(NestedProjects) = preSolution
		{6DE10744-E396-40A5-B4E2-1B69AA7C8D31} = {F4D20BF9-B0C0-4C6A-A066-C63471499254}
		{C73F0EC1-358B-4177-940F-0846AC8B04CD} = {F4D20BF9-B0C0-4C6A-A066-C63471499254}
		{F0E0541E-F17D-430B-97C4-93ADF0DD284E} = {F4D20BF9-B0C0-4C6A-A066-C63471499254}
		{CF7AC3D1-E2DF-41D2-BEA6-1E2556CDEA26} = {F4D20BF9-B0C0-4C6A-A066-C63471499254}
		{7B3F1A88-8381-4601-8D43-0EB1D8B2E72D} = {FFAC6155-CE27-4DB3-B881-3438286491A6}
		{9B9E751A-4194-4452-92F1-39F8553519FB} = {FFAC6155-CE27-4DB3-B881-3438286491A6}
		{9166907C-1395-4E0F-9724-E0E3171818D5} = {17801605-A44B-4B1E-A479-148B6245AD6E}
		{F3FA36A4-5707-4ACD-BB46-EB66BBBE3602} = {17801605-A44B-4B1E-A479-148B6245AD6E}
		{30F3F901-90FB-4575-B557-908639508EB8} = {9166907C-1395-4E0F-9724-E0E3171818D5}
		{944C09CF-ACA1-4FC2-BACA-1C613F66BC6B} = {9166907C-1395-4E0F-9724-E0E3171818D5}
		{5D6F4653-3856-4DF1-80BB-C83864D9D721} = {9166907C-1395-4E0F-9724-E0E3171818D5}
		{F8A0C608-209B-44E9-BAA9-89DA3C4689E8} = {9166907C-1395-4E0F-9724-E0E3171818D5}
		{C4556761-E3A7-4AB8-9538-7D708F6DFD05} = {9166907C-1395-4E0F-9724-E0E3171818D5}
		{7D634450-AAF0-4F15-98E9-FF094C81A834} = {9166907C-1395-4E0F-9724-E0E3171818D5}
		{3D5B6686-7344-43F6-8598-2E84506D42A4} = {9166907C-1395-4E0F-9724-E0E3171818D5}
		{8F75284D-064A-4E34-9328-7755BF5EF08F} = {9166907C-1395-4E0F-9724-E0E3171818D5}
		{F1FBC620-E971-4D15-A2E0-04AAB94CD432} = {F3FA36A4-5707-4ACD-BB46-EB66BBBE3602}
		{AE884E84-CE09-4AB0-AA5F-06F152BF50F5} = {F3FA36A4-5707-4ACD-BB46-EB66BBBE3602}
		{B8C26B5B-0806-4D09-87F4-FA75D616CD4D} = {F3FA36A4-5707-4ACD-BB46-EB66BBBE3602}
		{0D65D456-4190-478E-8ADC-1A846928883E} = {F3FA36A4-5707-4ACD-BB46-EB66BBBE3602}
		{982A551E-C956-4D4A-82E6-1E03FA93EDEC} = {F3FA36A4-5707-4ACD-BB46-EB66BBBE3602}
		{E7778EE4-D3F5-4EB5-A918-4446615AD72D} = {F3FA36A4-5707-4ACD-BB46-EB66BBBE3602}
		{6750C61B-2842-470D-83D1-9A4843F7F6A6} = {F3FA36A4-5707-4ACD-BB46-EB66BBBE3602}
		{EA4D857B-4AD4-47D1-A124-864A6D976BEB} = {F3FA36A4-5707-4ACD-BB46-EB66BBBE3602}
		{70AB8C07-A375-4365-BF33-F82F31E6A0C9} = {F3FA36A4-5707-4ACD-BB46-EB66BBBE3602}
		{EAAA8CF4-63CD-4D39-AE84-985536FD7111} = {F3FA36A4-5707-4ACD-BB46-EB66BBBE3602}
		{659C96F9-1860-408D-B22E-806BB4E4335D} = {F3FA36A4-5707-4ACD-BB46-EB66BBBE3602}
		{2963AF15-65ED-4CF1-8726-17145841D7A9} = {F3FA36A4-5707-4ACD-BB46-EB66BBBE3602}
		{0444D026-9491-4420-B72C-CFC54A3DE91A} = {F3FA36A4-5707-4ACD-BB46-EB66BBBE3602}
		{0B75DD3D-9F33-4548-92AB-A99160E387E5} = {F3FA36A4-5707-4ACD-BB46-EB66BBBE3602}
		{991E01F4-126B-4640-B9BF-3DEE9466207F} = {F3FA36A4-5707-4ACD-BB46-EB66BBBE3602}
		{D394A291-BEDE-4059-8725-44DCD72F5946} = {F3FA36A4-5707-4ACD-BB46-EB66BBBE3602}
		{8119B77A-BD93-4609-91C8-0BD1F5483888} = {F3FA36A4-5707-4ACD-BB46-EB66BBBE3602}
		{B5C17CFE-CB4A-4E36-9864-15C481E7FCCC} = {F3FA36A4-5707-4ACD-BB46-EB66BBBE3602}
	EndGlobalSection
EndGlobal
