<?xml version="1.0" encoding="utf-8"?>
<Project ToolsVersion="12.0" xmlns="http://schemas.microsoft.com/developer/msbuild/2003">
  <ItemGroup>
    <ClCompile Include="..\..\sources\modules\ml\src\ann_mlp.cpp">
      <Filter>Src</Filter>
    </ClCompile>
    <ClCompile Include="..\..\sources\modules\ml\src\boost.cpp">
      <Filter>Src</Filter>
    </ClCompile>
    <ClCompile Include="..\..\sources\modules\ml\src\data.cpp">
      <Filter>Src</Filter>
    </ClCompile>
    <ClCompile Include="..\..\sources\modules\ml\src\em.cpp">
      <Filter>Src</Filter>
    </ClCompile>
    <ClCompile Include="..\..\sources\modules\ml\src\gbt.cpp">
      <Filter>Src</Filter>
    </ClCompile>
    <ClCompile Include="..\..\sources\modules\ml\src\inner_functions.cpp">
      <Filter>Src</Filter>
    </ClCompile>
    <ClCompile Include="..\..\sources\modules\ml\src\kdtree.cpp">
      <Filter>Src</Filter>
    </ClCompile>
    <ClCompile Include="..\..\sources\modules\ml\src\knearest.cpp">
      <Filter>Src</Filter>
    </ClCompile>
    <ClCompile Include="..\..\sources\modules\ml\src\lr.cpp">
      <Filter>Src</Filter>
    </ClCompile>
    <ClCompile Include="..\..\sources\modules\ml\src\nbayes.cpp">
      <Filter>Src</Filter>
    </ClCompile>
    <ClCompile Include="..\..\sources\modules\ml\src\rtrees.cpp">
      <Filter>Src</Filter>
    </ClCompile>
    <ClCompile Include="..\..\sources\modules\ml\src\svm.cpp">
      <Filter>Src</Filter>
    </ClCompile>
    <ClCompile Include="..\..\sources\modules\ml\src\testset.cpp">
      <Filter>Src</Filter>
    </ClCompile>
    <ClCompile Include="..\..\sources\modules\ml\src\tree.cpp">
      <Filter>Src</Filter>
    </ClCompile>
    <ClCompile Include="opencv_ml_pch.cpp">
      <Filter>Source Files</Filter>
    </ClCompile>
  </ItemGroup>
  <ItemGroup>
    <ClInclude Include="..\..\sources\modules\ml\include\opencv2\ml.hpp">
      <Filter>Include\opencv2</Filter>
    </ClInclude>
    <ClInclude Include="..\..\sources\modules\ml\include\opencv2\ml\ml.hpp">
      <Filter>Include\opencv2\ml</Filter>
    </ClInclude>
    <ClInclude Include="..\..\sources\modules\ml\src\kdtree.hpp">
      <Filter>Src</Filter>
    </ClInclude>
    <ClInclude Include="..\..\sources\modules\ml\src\precomp.hpp">
      <Filter>Src</Filter>
    </ClInclude>
    <ClInclude Include="..\..\cvconfig.h">
      <Filter>Header Files</Filter>
    </ClInclude>
    <ClInclude Include="..\..\opencv2\opencv_modules.hpp">
      <Filter>Header Files</Filter>
    </ClInclude>
  </ItemGroup>
  <ItemGroup>
    <Filter Include="Include\opencv2">
      <UniqueIdentifier>{DEB30847-EAE4-4168-8D59-8B8D4E435460}</UniqueIdentifier>
    </Filter>
    <Filter Include="Include\opencv2\ml">
      <UniqueIdentifier>{82B7C9DF-06EF-4473-8D73-23F0F11AF9E7}</UniqueIdentifier>
    </Filter>
    <Filter Include="Source Files">
      <UniqueIdentifier>{BA340DBB-835D-449C-A7B2-5CF6D613B5FA}</UniqueIdentifier>
    </Filter>
    <Filter Include="Header Files">
      <UniqueIdentifier>{F72F5855-E98D-43FA-92C0-54779C12B134}</UniqueIdentifier>
    </Filter>
    <Filter Include="Src">
      <UniqueIdentifier>{684358A7-E10E-424F-AD6B-3EF8AE7F4512}</UniqueIdentifier>
    </Filter>
    <Filter Include="Include">
      <UniqueIdentifier>{C8A323D2-2B61-4152-BAAB-60386897AF7D}</UniqueIdentifier>
    </Filter>
  </ItemGroup>
</Project>